// !$*UTF8*$!
{
	archiveVersion = 1;
	classes = {
	};
	objectVersion = 46;
	objects = {

/* Begin PBXBuildFile section */
		04C198DF1E1F86F3009EC081 /* UDFunctionViewController.m in Sources */ = {isa = PBXBuildFile; fileRef = 04C198DE1E1F86F3009EC081 /* UDFunctionViewController.m */; };
		04EC53241E27641400AD6BC5 /* libUdesk.a in Frameworks */ = {isa = PBXBuildFile; fileRef = 04EC526A1E27641300AD6BC5 /* libUdesk.a */; };
		04EC53251E27641400AD6BC5 /* UdeskContentController.m in Sources */ = {isa = PBXBuildFile; fileRef = 04EC52741E27641300AD6BC5 /* UdeskContentController.m */; };
		04EC53261E27641400AD6BC5 /* UdeskFAQViewController.m in Sources */ = {isa = PBXBuildFile; fileRef = 04EC52761E27641300AD6BC5 /* UdeskFAQViewController.m */; };
		04EC53271E27641400AD6BC5 /* UdeskSearchController.m in Sources */ = {isa = PBXBuildFile; fileRef = 04EC52781E27641300AD6BC5 /* UdeskSearchController.m */; };
		04EC53281E27641400AD6BC5 /* UdeskProblemModel.m in Sources */ = {isa = PBXBuildFile; fileRef = 04EC527B1E27641300AD6BC5 /* UdeskProblemModel.m */; };
		04EC53291E27641400AD6BC5 /* UdeskAgentHttpData.m in Sources */ = {isa = PBXBuildFile; fileRef = 04EC52801E27641300AD6BC5 /* UdeskAgentHttpData.m */; };
		04EC532A1E27641400AD6BC5 /* UdeskAgentMenuModel.m in Sources */ = {isa = PBXBuildFile; fileRef = 04EC52821E27641300AD6BC5 /* UdeskAgentMenuModel.m */; };
		04EC532B1E27641400AD6BC5 /* UdeskAgentSurvey.m in Sources */ = {isa = PBXBuildFile; fileRef = 04EC52841E27641300AD6BC5 /* UdeskAgentSurvey.m */; };
		04EC532C1E27641400AD6BC5 /* UdeskBaseMessage.m in Sources */ = {isa = PBXBuildFile; fileRef = 04EC52871E27641300AD6BC5 /* UdeskBaseMessage.m */; };
		04EC532D1E27641400AD6BC5 /* UdeskChatMessage.m in Sources */ = {isa = PBXBuildFile; fileRef = 04EC52891E27641300AD6BC5 /* UdeskChatMessage.m */; };
		04EC532E1E27641400AD6BC5 /* UdeskChatSend.m in Sources */ = {isa = PBXBuildFile; fileRef = 04EC528B1E27641300AD6BC5 /* UdeskChatSend.m */; };
		04EC532F1E27641400AD6BC5 /* UdeskProductMessage.m in Sources */ = {isa = PBXBuildFile; fileRef = 04EC528D1E27641300AD6BC5 /* UdeskProductMessage.m */; };
		04EC53301E27641400AD6BC5 /* UdeskTipsMessage.m in Sources */ = {isa = PBXBuildFile; fileRef = 04EC528F1E27641300AD6BC5 /* UdeskTipsMessage.m */; };
		04EC53311E27641400AD6BC5 /* UdeskChatViewModel.m in Sources */ = {isa = PBXBuildFile; fileRef = 04EC52921E27641300AD6BC5 /* UdeskChatViewModel.m */; };
		04EC53321E27641400AD6BC5 /* UdeskBaseCell.m in Sources */ = {isa = PBXBuildFile; fileRef = 04EC52961E27641300AD6BC5 /* UdeskBaseCell.m */; };
		04EC53331E27641400AD6BC5 /* UdeskChatCell.m in Sources */ = {isa = PBXBuildFile; fileRef = 04EC52981E27641300AD6BC5 /* UdeskChatCell.m */; };
		04EC53341E27641400AD6BC5 /* UdeskProductCell.m in Sources */ = {isa = PBXBuildFile; fileRef = 04EC529A1E27641300AD6BC5 /* UdeskProductCell.m */; };
		04EC53351E27641400AD6BC5 /* UdeskTipsCell.m in Sources */ = {isa = PBXBuildFile; fileRef = 04EC529C1E27641300AD6BC5 /* UdeskTipsCell.m */; };
		04EC53361E27641400AD6BC5 /* ZKAlertController.m in Sources */ = {isa = PBXBuildFile; fileRef = 04EC52A01E27641300AD6BC5 /* ZKAlertController.m */; };
		04EC53371E27641400AD6BC5 /* UdeskEmotionManagerView.m in Sources */ = {isa = PBXBuildFile; fileRef = 04EC52A31E27641300AD6BC5 /* UdeskEmotionManagerView.m */; };
		04EC53381E27641400AD6BC5 /* UdeskInputBar.m in Sources */ = {isa = PBXBuildFile; fileRef = 04EC52A61E27641300AD6BC5 /* UdeskInputBar.m */; };
		04EC53391E27641400AD6BC5 /* UdeskTextView.m in Sources */ = {isa = PBXBuildFile; fileRef = 04EC52A81E27641300AD6BC5 /* UdeskTextView.m */; };
		04EC533A1E27641400AD6BC5 /* UdeskSpectrumView.m in Sources */ = {isa = PBXBuildFile; fileRef = 04EC52AB1E27641300AD6BC5 /* UdeskSpectrumView.m */; };
		04EC533B1E27641400AD6BC5 /* UdeskTimerLabel.m in Sources */ = {isa = PBXBuildFile; fileRef = 04EC52AD1E27641300AD6BC5 /* UdeskTimerLabel.m */; };
		04EC533C1E27641400AD6BC5 /* UdeskVoiceRecordHelper.m in Sources */ = {isa = PBXBuildFile; fileRef = 04EC52AF1E27641300AD6BC5 /* UdeskVoiceRecordHelper.m */; };
		04EC533D1E27641400AD6BC5 /* UdeskVoiceRecordHUD.m in Sources */ = {isa = PBXBuildFile; fileRef = 04EC52B11E27641300AD6BC5 /* UdeskVoiceRecordHUD.m */; };
		04EC533E1E27641400AD6BC5 /* UdeskVoiceRecordView.m in Sources */ = {isa = PBXBuildFile; fileRef = 04EC52B31E27641300AD6BC5 /* UdeskVoiceRecordView.m */; };
		04EC533F1E27641400AD6BC5 /* UdeskMessageTableView.m in Sources */ = {isa = PBXBuildFile; fileRef = 04EC52B61E27641300AD6BC5 /* UdeskMessageTableView.m */; };
		04EC53401E27641400AD6BC5 /* UdeskTopAlertView.m in Sources */ = {isa = PBXBuildFile; fileRef = 04EC52B91E27641300AD6BC5 /* UdeskTopAlertView.m */; };
		04EC53411E27641400AD6BC5 /* UdeskAgentMenuViewController.m in Sources */ = {isa = PBXBuildFile; fileRef = 04EC52BC1E27641300AD6BC5 /* UdeskAgentMenuViewController.m */; };
		04EC53421E27641400AD6BC5 /* UdeskBaseViewController.m in Sources */ = {isa = PBXBuildFile; fileRef = 04EC52BE1E27641300AD6BC5 /* UdeskBaseViewController.m */; };
		04EC53431E27641400AD6BC5 /* UdeskChatViewController.m in Sources */ = {isa = PBXBuildFile; fileRef = 04EC52C01E27641300AD6BC5 /* UdeskChatViewController.m */; };
		04EC53441E27641400AD6BC5 /* UdeskRobotViewController.m in Sources */ = {isa = PBXBuildFile; fileRef = 04EC52C21E27641300AD6BC5 /* UdeskRobotViewController.m */; };
		04EC53451E27641400AD6BC5 /* UdeskTicketViewController.m in Sources */ = {isa = PBXBuildFile; fileRef = 04EC52C41E27641300AD6BC5 /* UdeskTicketViewController.m */; };
		04EC53461E27641400AD6BC5 /* UdeskBundle.bundle in Resources */ = {isa = PBXBuildFile; fileRef = 04EC52C61E27641300AD6BC5 /* UdeskBundle.bundle */; };
		04EC53471E27641400AD6BC5 /* UdeskAnimatorPush.m in Sources */ = {isa = PBXBuildFile; fileRef = 04EC52CA1E27641300AD6BC5 /* UdeskAnimatorPush.m */; };
		04EC53481E27641400AD6BC5 /* UdeskShareTransitioningDelegateImpl.m in Sources */ = {isa = PBXBuildFile; fileRef = 04EC52CC1E27641300AD6BC5 /* UdeskShareTransitioningDelegateImpl.m */; };
		04EC53491E27641400AD6BC5 /* UdeskTransitioningAnimation.m in Sources */ = {isa = PBXBuildFile; fileRef = 04EC52CE1E27641300AD6BC5 /* UdeskTransitioningAnimation.m */; };
		04EC534A1E27641400AD6BC5 /* NSArray+UdeskSDK.m in Sources */ = {isa = PBXBuildFile; fileRef = 04EC52D21E27641300AD6BC5 /* NSArray+UdeskSDK.m */; };
		04EC534B1E27641400AD6BC5 /* NSTimer+UdeskSDK.m in Sources */ = {isa = PBXBuildFile; fileRef = 04EC52D51E27641300AD6BC5 /* NSTimer+UdeskSDK.m */; };
		04EC534C1E27641400AD6BC5 /* UdeskMessage+UdeskChatMessage.m in Sources */ = {isa = PBXBuildFile; fileRef = 04EC52D81E27641300AD6BC5 /* UdeskMessage+UdeskChatMessage.m */; };
		04EC534D1E27641400AD6BC5 /* UIColor+UdeskSDK.m in Sources */ = {isa = PBXBuildFile; fileRef = 04EC52DB1E27641300AD6BC5 /* UIColor+UdeskSDK.m */; };
		04EC534E1E27641400AD6BC5 /* UIImage+UdeskSDK.m in Sources */ = {isa = PBXBuildFile; fileRef = 04EC52DE1E27641300AD6BC5 /* UIImage+UdeskSDK.m */; };
		04EC534F1E27641400AD6BC5 /* UITextView+UDTextView.m in Sources */ = {isa = PBXBuildFile; fileRef = 04EC52E11E27641300AD6BC5 /* UITextView+UDTextView.m */; };
		04EC53501E27641400AD6BC5 /* UIViewController+UdeskKeyboardAnimation.m in Sources */ = {isa = PBXBuildFile; fileRef = 04EC52E41E27641300AD6BC5 /* UIViewController+UdeskKeyboardAnimation.m */; };
		04EC53511E27641400AD6BC5 /* UdeskLanguageTool.m in Sources */ = {isa = PBXBuildFile; fileRef = 04EC52E71E27641300AD6BC5 /* UdeskLanguageTool.m */; };
		04EC53521E27641400AD6BC5 /* UdeskSDKConfig.m in Sources */ = {isa = PBXBuildFile; fileRef = 04EC52E91E27641300AD6BC5 /* UdeskSDKConfig.m */; };
		04EC53531E27641400AD6BC5 /* UdeskSDKManager.m in Sources */ = {isa = PBXBuildFile; fileRef = 04EC52EB1E27641300AD6BC5 /* UdeskSDKManager.m */; };
		04EC53541E27641400AD6BC5 /* UdeskSDKShow.m in Sources */ = {isa = PBXBuildFile; fileRef = 04EC52ED1E27641300AD6BC5 /* UdeskSDKShow.m */; };
		04EC53551E27641400AD6BC5 /* UdeskSDKStyle.m in Sources */ = {isa = PBXBuildFile; fileRef = 04EC52EF1E27641300AD6BC5 /* UdeskSDKStyle.m */; };
		04EC53561E27641400AD6BC5 /* UdeskSDKStyleBlue.m in Sources */ = {isa = PBXBuildFile; fileRef = 04EC52F11E27641300AD6BC5 /* UdeskSDKStyleBlue.m */; };
		04EC53571E27641400AD6BC5 /* UdeskAudioPlayerHelper.m in Sources */ = {isa = PBXBuildFile; fileRef = 04EC52F41E27641300AD6BC5 /* UdeskAudioPlayerHelper.m */; };
		04EC53581E27641400AD6BC5 /* UdeskChatAlertController.m in Sources */ = {isa = PBXBuildFile; fileRef = 04EC52F61E27641300AD6BC5 /* UdeskChatAlertController.m */; };
		04EC53591E27641400AD6BC5 /* UdeskConfigurationHelper.m in Sources */ = {isa = PBXBuildFile; fileRef = 04EC52F81E27641300AD6BC5 /* UdeskConfigurationHelper.m */; };
		04EC535A1E27641400AD6BC5 /* UdeskPhotographyHelper.m in Sources */ = {isa = PBXBuildFile; fileRef = 04EC52FA1E27641300AD6BC5 /* UdeskPhotographyHelper.m */; };
		04EC535B1E27641400AD6BC5 /* UdeskBaseModel.m in Sources */ = {isa = PBXBuildFile; fileRef = 04EC52FF1E27641300AD6BC5 /* UdeskBaseModel.m */; };
		04EC535C1E27641400AD6BC5 /* UdeskDateFormatter.m in Sources */ = {isa = PBXBuildFile; fileRef = 04EC53011E27641300AD6BC5 /* UdeskDateFormatter.m */; };
		04EC535D1E27641400AD6BC5 /* UdeskImageUtil.m in Sources */ = {isa = PBXBuildFile; fileRef = 04EC53031E27641300AD6BC5 /* UdeskImageUtil.m */; };
		04EC535E1E27641400AD6BC5 /* UdeskStringSizeUtil.m in Sources */ = {isa = PBXBuildFile; fileRef = 04EC53051E27641300AD6BC5 /* UdeskStringSizeUtil.m */; };
		04EC535F1E27641400AD6BC5 /* UdeskTools.m in Sources */ = {isa = PBXBuildFile; fileRef = 04EC53071E27641300AD6BC5 /* UdeskTools.m */; };
		04EC53601E27641400AD6BC5 /* UdeskUtils.m in Sources */ = {isa = PBXBuildFile; fileRef = 04EC53091E27641300AD6BC5 /* UdeskUtils.m */; };
		04EC53611E27641400AD6BC5 /* UdeskViewExt.m in Sources */ = {isa = PBXBuildFile; fileRef = 04EC530B1E27641300AD6BC5 /* UdeskViewExt.m */; };
		04EC53621E27641400AD6BC5 /* UDTTTAttributedLabel.m in Sources */ = {isa = PBXBuildFile; fileRef = 04EC530F1E27641300AD6BC5 /* UDTTTAttributedLabel.m */; };
		04EC53631E27641400AD6BC5 /* UdeskAlertController.m in Sources */ = {isa = PBXBuildFile; fileRef = 04EC53121E27641300AD6BC5 /* UdeskAlertController.m */; };
		04EC53641E27641400AD6BC5 /* UdeskHpple.m in Sources */ = {isa = PBXBuildFile; fileRef = 04EC53151E27641400AD6BC5 /* UdeskHpple.m */; };
		04EC53651E27641400AD6BC5 /* UdeskHppleElement.m in Sources */ = {isa = PBXBuildFile; fileRef = 04EC53171E27641400AD6BC5 /* UdeskHppleElement.m */; };
		04EC53661E27641400AD6BC5 /* UdeskXPathQuery.m in Sources */ = {isa = PBXBuildFile; fileRef = 04EC53191E27641400AD6BC5 /* UdeskXPathQuery.m */; };
		04EC53671E27641400AD6BC5 /* UdeskOneScrollView.m in Sources */ = {isa = PBXBuildFile; fileRef = 04EC531C1E27641400AD6BC5 /* UdeskOneScrollView.m */; };
		04EC53681E27641400AD6BC5 /* UdeskPhotoManeger.m in Sources */ = {isa = PBXBuildFile; fileRef = 04EC531E1E27641400AD6BC5 /* UdeskPhotoManeger.m */; };
		04EC53691E27641400AD6BC5 /* UdeskPhotoView.m in Sources */ = {isa = PBXBuildFile; fileRef = 04EC53201E27641400AD6BC5 /* UdeskPhotoView.m */; };
		04EC536A1E27641400AD6BC5 /* UdeskReachability.m in Sources */ = {isa = PBXBuildFile; fileRef = 04EC53231E27641400AD6BC5 /* UdeskReachability.m */; };
		44143ED61D8257BA00E84898 /* UDDeveloperViewController.m in Sources */ = {isa = PBXBuildFile; fileRef = 44143ED31D8257BA00E84898 /* UDDeveloperViewController.m */; };
		44143ED71D8257BA00E84898 /* UDLanguageViewController.m in Sources */ = {isa = PBXBuildFile; fileRef = 44143ED51D8257BA00E84898 /* UDLanguageViewController.m */; };
		44210B0A1D7D6CAA003386F5 /* Images.xcassets in Resources */ = {isa = PBXBuildFile; fileRef = 44210A3B1D7D6CA9003386F5 /* Images.xcassets */; };
		44210B0B1D7D6CAA003386F5 /* LaunchScreen.storyboard in Resources */ = {isa = PBXBuildFile; fileRef = 44210A3C1D7D6CA9003386F5 /* LaunchScreen.storyboard */; };
		44210B0C1D7D6CAA003386F5 /* Main.storyboard in Resources */ = {isa = PBXBuildFile; fileRef = 44210A3D1D7D6CA9003386F5 /* Main.storyboard */; };
		44210B0D1D7D6CAA003386F5 /* Info.plist in Resources */ = {isa = PBXBuildFile; fileRef = 44210A3F1D7D6CA9003386F5 /* Info.plist */; };
		44210B0E1D7D6CAA003386F5 /* MASCompositeConstraint.m in Sources */ = {isa = PBXBuildFile; fileRef = 44210A411D7D6CA9003386F5 /* MASCompositeConstraint.m */; };
		44210B0F1D7D6CAA003386F5 /* MASConstraint.m in Sources */ = {isa = PBXBuildFile; fileRef = 44210A441D7D6CA9003386F5 /* MASConstraint.m */; };
		44210B101D7D6CAA003386F5 /* MASConstraintMaker.m in Sources */ = {isa = PBXBuildFile; fileRef = 44210A461D7D6CA9003386F5 /* MASConstraintMaker.m */; };
		44210B111D7D6CAA003386F5 /* MASLayoutConstraint.m in Sources */ = {isa = PBXBuildFile; fileRef = 44210A481D7D6CA9003386F5 /* MASLayoutConstraint.m */; };
		44210B121D7D6CAA003386F5 /* MASViewAttribute.m in Sources */ = {isa = PBXBuildFile; fileRef = 44210A4C1D7D6CA9003386F5 /* MASViewAttribute.m */; };
		44210B131D7D6CAA003386F5 /* MASViewConstraint.m in Sources */ = {isa = PBXBuildFile; fileRef = 44210A4E1D7D6CA9003386F5 /* MASViewConstraint.m */; };
		44210B141D7D6CAA003386F5 /* NSArray+MASAdditions.m in Sources */ = {isa = PBXBuildFile; fileRef = 44210A501D7D6CA9003386F5 /* NSArray+MASAdditions.m */; };
		44210B151D7D6CAA003386F5 /* NSLayoutConstraint+MASDebugAdditions.m in Sources */ = {isa = PBXBuildFile; fileRef = 44210A531D7D6CA9003386F5 /* NSLayoutConstraint+MASDebugAdditions.m */; };
		44210B161D7D6CAA003386F5 /* View+MASAdditions.m in Sources */ = {isa = PBXBuildFile; fileRef = 44210A551D7D6CA9003386F5 /* View+MASAdditions.m */; };
		44210B171D7D6CAA003386F5 /* ViewController+MASAdditions.m in Sources */ = {isa = PBXBuildFile; fileRef = 44210A581D7D6CA9003386F5 /* ViewController+MASAdditions.m */; };
		44210B591D7D6CAA003386F5 /* UDCustomClientInfoViewController.m in Sources */ = {isa = PBXBuildFile; fileRef = 44210B021D7D6CAA003386F5 /* UDCustomClientInfoViewController.m */; };
		44210B5A1D7D6CAA003386F5 /* UDCustomInfoViewController.xib in Resources */ = {isa = PBXBuildFile; fileRef = 44210B031D7D6CAA003386F5 /* UDCustomInfoViewController.xib */; };
		44210B5D1D7D6CAA003386F5 /* UDViewController.m in Sources */ = {isa = PBXBuildFile; fileRef = 44210B091D7D6CAA003386F5 /* UDViewController.m */; };
		448CD8921C979EE40049DE3F /* libxml2.tbd in Frameworks */ = {isa = PBXBuildFile; fileRef = 448CD8911C979EE40049DE3F /* libxml2.tbd */; };
		44C3A0611C93ADCE004BDB2B /* main.m in Sources */ = {isa = PBXBuildFile; fileRef = 44C3A0601C93ADCE004BDB2B /* main.m */; };
		44C3A0641C93ADCE004BDB2B /* AppDelegate.m in Sources */ = {isa = PBXBuildFile; fileRef = 44C3A0631C93ADCE004BDB2B /* AppDelegate.m */; };
		44C3A0771C93ADFF004BDB2B /* libsqlite3.tbd in Frameworks */ = {isa = PBXBuildFile; fileRef = 44C3A0761C93ADFF004BDB2B /* libsqlite3.tbd */; };
		44C3A0791C93AE05004BDB2B /* libresolv.tbd in Frameworks */ = {isa = PBXBuildFile; fileRef = 44C3A0781C93AE05004BDB2B /* libresolv.tbd */; };
		44C3A07D1C93AE11004BDB2B /* libz.tbd in Frameworks */ = {isa = PBXBuildFile; fileRef = 44C3A07C1C93AE11004BDB2B /* libz.tbd */; };
/* End PBXBuildFile section */

/* Begin PBXFileReference section */
		04C198DD1E1F86F3009EC081 /* UDFunctionViewController.h */ = {isa = PBXFileReference; fileEncoding = 4; lastKnownFileType = sourcecode.c.h; path = UDFunctionViewController.h; sourceTree = "<group>"; };
		04C198DE1E1F86F3009EC081 /* UDFunctionViewController.m */ = {isa = PBXFileReference; fileEncoding = 4; lastKnownFileType = sourcecode.c.objc; path = UDFunctionViewController.m; sourceTree = "<group>"; };
		04EC526A1E27641300AD6BC5 /* libUdesk.a */ = {isa = PBXFileReference; lastKnownFileType = archive.ar; path = libUdesk.a; sourceTree = "<group>"; };
		04EC526B1E27641300AD6BC5 /* UdeskAgent.h */ = {isa = PBXFileReference; fileEncoding = 4; lastKnownFileType = sourcecode.c.h; path = UdeskAgent.h; sourceTree = "<group>"; };
		04EC526C1E27641300AD6BC5 /* UdeskManager.h */ = {isa = PBXFileReference; fileEncoding = 4; lastKnownFileType = sourcecode.c.h; path = UdeskManager.h; sourceTree = "<group>"; };
		04EC526D1E27641300AD6BC5 /* UdeskMessage.h */ = {isa = PBXFileReference; fileEncoding = 4; lastKnownFileType = sourcecode.c.h; path = UdeskMessage.h; sourceTree = "<group>"; };
		04EC526E1E27641300AD6BC5 /* UDStatus.h */ = {isa = PBXFileReference; fileEncoding = 4; lastKnownFileType = sourcecode.c.h; path = UDStatus.h; sourceTree = "<group>"; };
		04EC52701E27641300AD6BC5 /* Udesk.h */ = {isa = PBXFileReference; fileEncoding = 4; lastKnownFileType = sourcecode.c.h; path = Udesk.h; sourceTree = "<group>"; };
		04EC52731E27641300AD6BC5 /* UdeskContentController.h */ = {isa = PBXFileReference; fileEncoding = 4; lastKnownFileType = sourcecode.c.h; path = UdeskContentController.h; sourceTree = "<group>"; };
		04EC52741E27641300AD6BC5 /* UdeskContentController.m */ = {isa = PBXFileReference; fileEncoding = 4; lastKnownFileType = sourcecode.c.objc; path = UdeskContentController.m; sourceTree = "<group>"; };
		04EC52751E27641300AD6BC5 /* UdeskFAQViewController.h */ = {isa = PBXFileReference; fileEncoding = 4; lastKnownFileType = sourcecode.c.h; path = UdeskFAQViewController.h; sourceTree = "<group>"; };
		04EC52761E27641300AD6BC5 /* UdeskFAQViewController.m */ = {isa = PBXFileReference; fileEncoding = 4; lastKnownFileType = sourcecode.c.objc; path = UdeskFAQViewController.m; sourceTree = "<group>"; };
		04EC52771E27641300AD6BC5 /* UdeskSearchController.h */ = {isa = PBXFileReference; fileEncoding = 4; lastKnownFileType = sourcecode.c.h; path = UdeskSearchController.h; sourceTree = "<group>"; };
		04EC52781E27641300AD6BC5 /* UdeskSearchController.m */ = {isa = PBXFileReference; fileEncoding = 4; lastKnownFileType = sourcecode.c.objc; path = UdeskSearchController.m; sourceTree = "<group>"; };
		04EC527A1E27641300AD6BC5 /* UdeskProblemModel.h */ = {isa = PBXFileReference; fileEncoding = 4; lastKnownFileType = sourcecode.c.h; path = UdeskProblemModel.h; sourceTree = "<group>"; };
		04EC527B1E27641300AD6BC5 /* UdeskProblemModel.m */ = {isa = PBXFileReference; fileEncoding = 4; lastKnownFileType = sourcecode.c.objc; path = UdeskProblemModel.m; sourceTree = "<group>"; };
		04EC527F1E27641300AD6BC5 /* UdeskAgentHttpData.h */ = {isa = PBXFileReference; fileEncoding = 4; lastKnownFileType = sourcecode.c.h; path = UdeskAgentHttpData.h; sourceTree = "<group>"; };
		04EC52801E27641300AD6BC5 /* UdeskAgentHttpData.m */ = {isa = PBXFileReference; fileEncoding = 4; lastKnownFileType = sourcecode.c.objc; path = UdeskAgentHttpData.m; sourceTree = "<group>"; };
		04EC52811E27641300AD6BC5 /* UdeskAgentMenuModel.h */ = {isa = PBXFileReference; fileEncoding = 4; lastKnownFileType = sourcecode.c.h; path = UdeskAgentMenuModel.h; sourceTree = "<group>"; };
		04EC52821E27641300AD6BC5 /* UdeskAgentMenuModel.m */ = {isa = PBXFileReference; fileEncoding = 4; lastKnownFileType = sourcecode.c.objc; path = UdeskAgentMenuModel.m; sourceTree = "<group>"; };
		04EC52831E27641300AD6BC5 /* UdeskAgentSurvey.h */ = {isa = PBXFileReference; fileEncoding = 4; lastKnownFileType = sourcecode.c.h; path = UdeskAgentSurvey.h; sourceTree = "<group>"; };
		04EC52841E27641300AD6BC5 /* UdeskAgentSurvey.m */ = {isa = PBXFileReference; fileEncoding = 4; lastKnownFileType = sourcecode.c.objc; path = UdeskAgentSurvey.m; sourceTree = "<group>"; };
		04EC52861E27641300AD6BC5 /* UdeskBaseMessage.h */ = {isa = PBXFileReference; fileEncoding = 4; lastKnownFileType = sourcecode.c.h; path = UdeskBaseMessage.h; sourceTree = "<group>"; };
		04EC52871E27641300AD6BC5 /* UdeskBaseMessage.m */ = {isa = PBXFileReference; fileEncoding = 4; lastKnownFileType = sourcecode.c.objc; path = UdeskBaseMessage.m; sourceTree = "<group>"; };
		04EC52881E27641300AD6BC5 /* UdeskChatMessage.h */ = {isa = PBXFileReference; fileEncoding = 4; lastKnownFileType = sourcecode.c.h; path = UdeskChatMessage.h; sourceTree = "<group>"; };
		04EC52891E27641300AD6BC5 /* UdeskChatMessage.m */ = {isa = PBXFileReference; fileEncoding = 4; lastKnownFileType = sourcecode.c.objc; path = UdeskChatMessage.m; sourceTree = "<group>"; };
		04EC528A1E27641300AD6BC5 /* UdeskChatSend.h */ = {isa = PBXFileReference; fileEncoding = 4; lastKnownFileType = sourcecode.c.h; path = UdeskChatSend.h; sourceTree = "<group>"; };
		04EC528B1E27641300AD6BC5 /* UdeskChatSend.m */ = {isa = PBXFileReference; fileEncoding = 4; lastKnownFileType = sourcecode.c.objc; path = UdeskChatSend.m; sourceTree = "<group>"; };
		04EC528C1E27641300AD6BC5 /* UdeskProductMessage.h */ = {isa = PBXFileReference; fileEncoding = 4; lastKnownFileType = sourcecode.c.h; path = UdeskProductMessage.h; sourceTree = "<group>"; };
		04EC528D1E27641300AD6BC5 /* UdeskProductMessage.m */ = {isa = PBXFileReference; fileEncoding = 4; lastKnownFileType = sourcecode.c.objc; path = UdeskProductMessage.m; sourceTree = "<group>"; };
		04EC528E1E27641300AD6BC5 /* UdeskTipsMessage.h */ = {isa = PBXFileReference; fileEncoding = 4; lastKnownFileType = sourcecode.c.h; path = UdeskTipsMessage.h; sourceTree = "<group>"; };
		04EC528F1E27641300AD6BC5 /* UdeskTipsMessage.m */ = {isa = PBXFileReference; fileEncoding = 4; lastKnownFileType = sourcecode.c.objc; path = UdeskTipsMessage.m; sourceTree = "<group>"; };
		04EC52911E27641300AD6BC5 /* UdeskChatViewModel.h */ = {isa = PBXFileReference; fileEncoding = 4; lastKnownFileType = sourcecode.c.h; path = UdeskChatViewModel.h; sourceTree = "<group>"; };
		04EC52921E27641300AD6BC5 /* UdeskChatViewModel.m */ = {isa = PBXFileReference; fileEncoding = 4; lastKnownFileType = sourcecode.c.objc; path = UdeskChatViewModel.m; sourceTree = "<group>"; };
		04EC52951E27641300AD6BC5 /* UdeskBaseCell.h */ = {isa = PBXFileReference; fileEncoding = 4; lastKnownFileType = sourcecode.c.h; path = UdeskBaseCell.h; sourceTree = "<group>"; };
		04EC52961E27641300AD6BC5 /* UdeskBaseCell.m */ = {isa = PBXFileReference; fileEncoding = 4; lastKnownFileType = sourcecode.c.objc; path = UdeskBaseCell.m; sourceTree = "<group>"; };
		04EC52971E27641300AD6BC5 /* UdeskChatCell.h */ = {isa = PBXFileReference; fileEncoding = 4; lastKnownFileType = sourcecode.c.h; path = UdeskChatCell.h; sourceTree = "<group>"; };
		04EC52981E27641300AD6BC5 /* UdeskChatCell.m */ = {isa = PBXFileReference; fileEncoding = 4; lastKnownFileType = sourcecode.c.objc; path = UdeskChatCell.m; sourceTree = "<group>"; };
		04EC52991E27641300AD6BC5 /* UdeskProductCell.h */ = {isa = PBXFileReference; fileEncoding = 4; lastKnownFileType = sourcecode.c.h; path = UdeskProductCell.h; sourceTree = "<group>"; };
		04EC529A1E27641300AD6BC5 /* UdeskProductCell.m */ = {isa = PBXFileReference; fileEncoding = 4; lastKnownFileType = sourcecode.c.objc; path = UdeskProductCell.m; sourceTree = "<group>"; };
		04EC529B1E27641300AD6BC5 /* UdeskTipsCell.h */ = {isa = PBXFileReference; fileEncoding = 4; lastKnownFileType = sourcecode.c.h; path = UdeskTipsCell.h; sourceTree = "<group>"; };
		04EC529C1E27641300AD6BC5 /* UdeskTipsCell.m */ = {isa = PBXFileReference; fileEncoding = 4; lastKnownFileType = sourcecode.c.objc; path = UdeskTipsCell.m; sourceTree = "<group>"; };
		04EC529F1E27641300AD6BC5 /* ZKAlertController.h */ = {isa = PBXFileReference; fileEncoding = 4; lastKnownFileType = sourcecode.c.h; path = ZKAlertController.h; sourceTree = "<group>"; };
		04EC52A01E27641300AD6BC5 /* ZKAlertController.m */ = {isa = PBXFileReference; fileEncoding = 4; lastKnownFileType = sourcecode.c.objc; path = ZKAlertController.m; sourceTree = "<group>"; };
		04EC52A21E27641300AD6BC5 /* UdeskEmotionManagerView.h */ = {isa = PBXFileReference; fileEncoding = 4; lastKnownFileType = sourcecode.c.h; path = UdeskEmotionManagerView.h; sourceTree = "<group>"; };
		04EC52A31E27641300AD6BC5 /* UdeskEmotionManagerView.m */ = {isa = PBXFileReference; fileEncoding = 4; lastKnownFileType = sourcecode.c.objc; path = UdeskEmotionManagerView.m; sourceTree = "<group>"; };
		04EC52A51E27641300AD6BC5 /* UdeskInputBar.h */ = {isa = PBXFileReference; fileEncoding = 4; lastKnownFileType = sourcecode.c.h; path = UdeskInputBar.h; sourceTree = "<group>"; };
		04EC52A61E27641300AD6BC5 /* UdeskInputBar.m */ = {isa = PBXFileReference; fileEncoding = 4; lastKnownFileType = sourcecode.c.objc; path = UdeskInputBar.m; sourceTree = "<group>"; };
		04EC52A71E27641300AD6BC5 /* UdeskTextView.h */ = {isa = PBXFileReference; fileEncoding = 4; lastKnownFileType = sourcecode.c.h; path = UdeskTextView.h; sourceTree = "<group>"; };
		04EC52A81E27641300AD6BC5 /* UdeskTextView.m */ = {isa = PBXFileReference; fileEncoding = 4; lastKnownFileType = sourcecode.c.objc; path = UdeskTextView.m; sourceTree = "<group>"; };
		04EC52AA1E27641300AD6BC5 /* UdeskSpectrumView.h */ = {isa = PBXFileReference; fileEncoding = 4; lastKnownFileType = sourcecode.c.h; path = UdeskSpectrumView.h; sourceTree = "<group>"; };
		04EC52AB1E27641300AD6BC5 /* UdeskSpectrumView.m */ = {isa = PBXFileReference; fileEncoding = 4; lastKnownFileType = sourcecode.c.objc; path = UdeskSpectrumView.m; sourceTree = "<group>"; };
		04EC52AC1E27641300AD6BC5 /* UdeskTimerLabel.h */ = {isa = PBXFileReference; fileEncoding = 4; lastKnownFileType = sourcecode.c.h; path = UdeskTimerLabel.h; sourceTree = "<group>"; };
		04EC52AD1E27641300AD6BC5 /* UdeskTimerLabel.m */ = {isa = PBXFileReference; fileEncoding = 4; lastKnownFileType = sourcecode.c.objc; path = UdeskTimerLabel.m; sourceTree = "<group>"; };
		04EC52AE1E27641300AD6BC5 /* UdeskVoiceRecordHelper.h */ = {isa = PBXFileReference; fileEncoding = 4; lastKnownFileType = sourcecode.c.h; path = UdeskVoiceRecordHelper.h; sourceTree = "<group>"; };
		04EC52AF1E27641300AD6BC5 /* UdeskVoiceRecordHelper.m */ = {isa = PBXFileReference; fileEncoding = 4; lastKnownFileType = sourcecode.c.objc; path = UdeskVoiceRecordHelper.m; sourceTree = "<group>"; };
		04EC52B01E27641300AD6BC5 /* UdeskVoiceRecordHUD.h */ = {isa = PBXFileReference; fileEncoding = 4; lastKnownFileType = sourcecode.c.h; path = UdeskVoiceRecordHUD.h; sourceTree = "<group>"; };
		04EC52B11E27641300AD6BC5 /* UdeskVoiceRecordHUD.m */ = {isa = PBXFileReference; fileEncoding = 4; lastKnownFileType = sourcecode.c.objc; path = UdeskVoiceRecordHUD.m; sourceTree = "<group>"; };
		04EC52B21E27641300AD6BC5 /* UdeskVoiceRecordView.h */ = {isa = PBXFileReference; fileEncoding = 4; lastKnownFileType = sourcecode.c.h; path = UdeskVoiceRecordView.h; sourceTree = "<group>"; };
		04EC52B31E27641300AD6BC5 /* UdeskVoiceRecordView.m */ = {isa = PBXFileReference; fileEncoding = 4; lastKnownFileType = sourcecode.c.objc; path = UdeskVoiceRecordView.m; sourceTree = "<group>"; };
		04EC52B51E27641300AD6BC5 /* UdeskMessageTableView.h */ = {isa = PBXFileReference; fileEncoding = 4; lastKnownFileType = sourcecode.c.h; path = UdeskMessageTableView.h; sourceTree = "<group>"; };
		04EC52B61E27641300AD6BC5 /* UdeskMessageTableView.m */ = {isa = PBXFileReference; fileEncoding = 4; lastKnownFileType = sourcecode.c.objc; path = UdeskMessageTableView.m; sourceTree = "<group>"; };
		04EC52B81E27641300AD6BC5 /* UdeskTopAlertView.h */ = {isa = PBXFileReference; fileEncoding = 4; lastKnownFileType = sourcecode.c.h; path = UdeskTopAlertView.h; sourceTree = "<group>"; };
		04EC52B91E27641300AD6BC5 /* UdeskTopAlertView.m */ = {isa = PBXFileReference; fileEncoding = 4; lastKnownFileType = sourcecode.c.objc; path = UdeskTopAlertView.m; sourceTree = "<group>"; };
		04EC52BB1E27641300AD6BC5 /* UdeskAgentMenuViewController.h */ = {isa = PBXFileReference; fileEncoding = 4; lastKnownFileType = sourcecode.c.h; path = UdeskAgentMenuViewController.h; sourceTree = "<group>"; };
		04EC52BC1E27641300AD6BC5 /* UdeskAgentMenuViewController.m */ = {isa = PBXFileReference; fileEncoding = 4; lastKnownFileType = sourcecode.c.objc; path = UdeskAgentMenuViewController.m; sourceTree = "<group>"; };
		04EC52BD1E27641300AD6BC5 /* UdeskBaseViewController.h */ = {isa = PBXFileReference; fileEncoding = 4; lastKnownFileType = sourcecode.c.h; path = UdeskBaseViewController.h; sourceTree = "<group>"; };
		04EC52BE1E27641300AD6BC5 /* UdeskBaseViewController.m */ = {isa = PBXFileReference; fileEncoding = 4; lastKnownFileType = sourcecode.c.objc; path = UdeskBaseViewController.m; sourceTree = "<group>"; };
		04EC52BF1E27641300AD6BC5 /* UdeskChatViewController.h */ = {isa = PBXFileReference; fileEncoding = 4; lastKnownFileType = sourcecode.c.h; path = UdeskChatViewController.h; sourceTree = "<group>"; };
		04EC52C01E27641300AD6BC5 /* UdeskChatViewController.m */ = {isa = PBXFileReference; fileEncoding = 4; lastKnownFileType = sourcecode.c.objc; path = UdeskChatViewController.m; sourceTree = "<group>"; };
		04EC52C11E27641300AD6BC5 /* UdeskRobotViewController.h */ = {isa = PBXFileReference; fileEncoding = 4; lastKnownFileType = sourcecode.c.h; path = UdeskRobotViewController.h; sourceTree = "<group>"; };
		04EC52C21E27641300AD6BC5 /* UdeskRobotViewController.m */ = {isa = PBXFileReference; fileEncoding = 4; lastKnownFileType = sourcecode.c.objc; path = UdeskRobotViewController.m; sourceTree = "<group>"; };
		04EC52C31E27641300AD6BC5 /* UdeskTicketViewController.h */ = {isa = PBXFileReference; fileEncoding = 4; lastKnownFileType = sourcecode.c.h; path = UdeskTicketViewController.h; sourceTree = "<group>"; };
		04EC52C41E27641300AD6BC5 /* UdeskTicketViewController.m */ = {isa = PBXFileReference; fileEncoding = 4; lastKnownFileType = sourcecode.c.objc; path = UdeskTicketViewController.m; sourceTree = "<group>"; };
		04EC52C61E27641300AD6BC5 /* UdeskBundle.bundle */ = {isa = PBXFileReference; lastKnownFileType = "wrapper.plug-in"; path = UdeskBundle.bundle; sourceTree = "<group>"; };
		04EC52C91E27641300AD6BC5 /* UdeskAnimatorPush.h */ = {isa = PBXFileReference; fileEncoding = 4; lastKnownFileType = sourcecode.c.h; path = UdeskAnimatorPush.h; sourceTree = "<group>"; };
		04EC52CA1E27641300AD6BC5 /* UdeskAnimatorPush.m */ = {isa = PBXFileReference; fileEncoding = 4; lastKnownFileType = sourcecode.c.objc; path = UdeskAnimatorPush.m; sourceTree = "<group>"; };
		04EC52CB1E27641300AD6BC5 /* UdeskShareTransitioningDelegateImpl.h */ = {isa = PBXFileReference; fileEncoding = 4; lastKnownFileType = sourcecode.c.h; path = UdeskShareTransitioningDelegateImpl.h; sourceTree = "<group>"; };
		04EC52CC1E27641300AD6BC5 /* UdeskShareTransitioningDelegateImpl.m */ = {isa = PBXFileReference; fileEncoding = 4; lastKnownFileType = sourcecode.c.objc; path = UdeskShareTransitioningDelegateImpl.m; sourceTree = "<group>"; };
		04EC52CD1E27641300AD6BC5 /* UdeskTransitioningAnimation.h */ = {isa = PBXFileReference; fileEncoding = 4; lastKnownFileType = sourcecode.c.h; path = UdeskTransitioningAnimation.h; sourceTree = "<group>"; };
		04EC52CE1E27641300AD6BC5 /* UdeskTransitioningAnimation.m */ = {isa = PBXFileReference; fileEncoding = 4; lastKnownFileType = sourcecode.c.objc; path = UdeskTransitioningAnimation.m; sourceTree = "<group>"; };
		04EC52D11E27641300AD6BC5 /* NSArray+UdeskSDK.h */ = {isa = PBXFileReference; fileEncoding = 4; lastKnownFileType = sourcecode.c.h; path = "NSArray+UdeskSDK.h"; sourceTree = "<group>"; };
		04EC52D21E27641300AD6BC5 /* NSArray+UdeskSDK.m */ = {isa = PBXFileReference; fileEncoding = 4; lastKnownFileType = sourcecode.c.objc; path = "NSArray+UdeskSDK.m"; sourceTree = "<group>"; };
		04EC52D41E27641300AD6BC5 /* NSTimer+UdeskSDK.h */ = {isa = PBXFileReference; fileEncoding = 4; lastKnownFileType = sourcecode.c.h; path = "NSTimer+UdeskSDK.h"; sourceTree = "<group>"; };
		04EC52D51E27641300AD6BC5 /* NSTimer+UdeskSDK.m */ = {isa = PBXFileReference; fileEncoding = 4; lastKnownFileType = sourcecode.c.objc; path = "NSTimer+UdeskSDK.m"; sourceTree = "<group>"; };
		04EC52D71E27641300AD6BC5 /* UdeskMessage+UdeskChatMessage.h */ = {isa = PBXFileReference; fileEncoding = 4; lastKnownFileType = sourcecode.c.h; path = "UdeskMessage+UdeskChatMessage.h"; sourceTree = "<group>"; };
		04EC52D81E27641300AD6BC5 /* UdeskMessage+UdeskChatMessage.m */ = {isa = PBXFileReference; fileEncoding = 4; lastKnownFileType = sourcecode.c.objc; path = "UdeskMessage+UdeskChatMessage.m"; sourceTree = "<group>"; };
		04EC52DA1E27641300AD6BC5 /* UIColor+UdeskSDK.h */ = {isa = PBXFileReference; fileEncoding = 4; lastKnownFileType = sourcecode.c.h; path = "UIColor+UdeskSDK.h"; sourceTree = "<group>"; };
		04EC52DB1E27641300AD6BC5 /* UIColor+UdeskSDK.m */ = {isa = PBXFileReference; fileEncoding = 4; lastKnownFileType = sourcecode.c.objc; path = "UIColor+UdeskSDK.m"; sourceTree = "<group>"; };
		04EC52DD1E27641300AD6BC5 /* UIImage+UdeskSDK.h */ = {isa = PBXFileReference; fileEncoding = 4; lastKnownFileType = sourcecode.c.h; path = "UIImage+UdeskSDK.h"; sourceTree = "<group>"; };
		04EC52DE1E27641300AD6BC5 /* UIImage+UdeskSDK.m */ = {isa = PBXFileReference; fileEncoding = 4; lastKnownFileType = sourcecode.c.objc; path = "UIImage+UdeskSDK.m"; sourceTree = "<group>"; };
		04EC52E01E27641300AD6BC5 /* UITextView+UDTextView.h */ = {isa = PBXFileReference; fileEncoding = 4; lastKnownFileType = sourcecode.c.h; path = "UITextView+UDTextView.h"; sourceTree = "<group>"; };
		04EC52E11E27641300AD6BC5 /* UITextView+UDTextView.m */ = {isa = PBXFileReference; fileEncoding = 4; lastKnownFileType = sourcecode.c.objc; path = "UITextView+UDTextView.m"; sourceTree = "<group>"; };
		04EC52E31E27641300AD6BC5 /* UIViewController+UdeskKeyboardAnimation.h */ = {isa = PBXFileReference; fileEncoding = 4; lastKnownFileType = sourcecode.c.h; path = "UIViewController+UdeskKeyboardAnimation.h"; sourceTree = "<group>"; };
		04EC52E41E27641300AD6BC5 /* UIViewController+UdeskKeyboardAnimation.m */ = {isa = PBXFileReference; fileEncoding = 4; lastKnownFileType = sourcecode.c.objc; path = "UIViewController+UdeskKeyboardAnimation.m"; sourceTree = "<group>"; };
		04EC52E61E27641300AD6BC5 /* UdeskLanguageTool.h */ = {isa = PBXFileReference; fileEncoding = 4; lastKnownFileType = sourcecode.c.h; path = UdeskLanguageTool.h; sourceTree = "<group>"; };
		04EC52E71E27641300AD6BC5 /* UdeskLanguageTool.m */ = {isa = PBXFileReference; fileEncoding = 4; lastKnownFileType = sourcecode.c.objc; path = UdeskLanguageTool.m; sourceTree = "<group>"; };
		04EC52E81E27641300AD6BC5 /* UdeskSDKConfig.h */ = {isa = PBXFileReference; fileEncoding = 4; lastKnownFileType = sourcecode.c.h; path = UdeskSDKConfig.h; sourceTree = "<group>"; };
		04EC52E91E27641300AD6BC5 /* UdeskSDKConfig.m */ = {isa = PBXFileReference; fileEncoding = 4; lastKnownFileType = sourcecode.c.objc; path = UdeskSDKConfig.m; sourceTree = "<group>"; };
		04EC52EA1E27641300AD6BC5 /* UdeskSDKManager.h */ = {isa = PBXFileReference; fileEncoding = 4; lastKnownFileType = sourcecode.c.h; path = UdeskSDKManager.h; sourceTree = "<group>"; };
		04EC52EB1E27641300AD6BC5 /* UdeskSDKManager.m */ = {isa = PBXFileReference; fileEncoding = 4; lastKnownFileType = sourcecode.c.objc; path = UdeskSDKManager.m; sourceTree = "<group>"; };
		04EC52EC1E27641300AD6BC5 /* UdeskSDKShow.h */ = {isa = PBXFileReference; fileEncoding = 4; lastKnownFileType = sourcecode.c.h; path = UdeskSDKShow.h; sourceTree = "<group>"; };
		04EC52ED1E27641300AD6BC5 /* UdeskSDKShow.m */ = {isa = PBXFileReference; fileEncoding = 4; lastKnownFileType = sourcecode.c.objc; path = UdeskSDKShow.m; sourceTree = "<group>"; };
		04EC52EE1E27641300AD6BC5 /* UdeskSDKStyle.h */ = {isa = PBXFileReference; fileEncoding = 4; lastKnownFileType = sourcecode.c.h; path = UdeskSDKStyle.h; sourceTree = "<group>"; };
		04EC52EF1E27641300AD6BC5 /* UdeskSDKStyle.m */ = {isa = PBXFileReference; fileEncoding = 4; lastKnownFileType = sourcecode.c.objc; path = UdeskSDKStyle.m; sourceTree = "<group>"; };
		04EC52F01E27641300AD6BC5 /* UdeskSDKStyleBlue.h */ = {isa = PBXFileReference; fileEncoding = 4; lastKnownFileType = sourcecode.c.h; path = UdeskSDKStyleBlue.h; sourceTree = "<group>"; };
		04EC52F11E27641300AD6BC5 /* UdeskSDKStyleBlue.m */ = {isa = PBXFileReference; fileEncoding = 4; lastKnownFileType = sourcecode.c.objc; path = UdeskSDKStyleBlue.m; sourceTree = "<group>"; };
		04EC52F31E27641300AD6BC5 /* UdeskAudioPlayerHelper.h */ = {isa = PBXFileReference; fileEncoding = 4; lastKnownFileType = sourcecode.c.h; path = UdeskAudioPlayerHelper.h; sourceTree = "<group>"; };
		04EC52F41E27641300AD6BC5 /* UdeskAudioPlayerHelper.m */ = {isa = PBXFileReference; fileEncoding = 4; lastKnownFileType = sourcecode.c.objc; path = UdeskAudioPlayerHelper.m; sourceTree = "<group>"; };
		04EC52F51E27641300AD6BC5 /* UdeskChatAlertController.h */ = {isa = PBXFileReference; fileEncoding = 4; lastKnownFileType = sourcecode.c.h; path = UdeskChatAlertController.h; sourceTree = "<group>"; };
		04EC52F61E27641300AD6BC5 /* UdeskChatAlertController.m */ = {isa = PBXFileReference; fileEncoding = 4; lastKnownFileType = sourcecode.c.objc; path = UdeskChatAlertController.m; sourceTree = "<group>"; };
		04EC52F71E27641300AD6BC5 /* UdeskConfigurationHelper.h */ = {isa = PBXFileReference; fileEncoding = 4; lastKnownFileType = sourcecode.c.h; path = UdeskConfigurationHelper.h; sourceTree = "<group>"; };
		04EC52F81E27641300AD6BC5 /* UdeskConfigurationHelper.m */ = {isa = PBXFileReference; fileEncoding = 4; lastKnownFileType = sourcecode.c.objc; path = UdeskConfigurationHelper.m; sourceTree = "<group>"; };
		04EC52F91E27641300AD6BC5 /* UdeskPhotographyHelper.h */ = {isa = PBXFileReference; fileEncoding = 4; lastKnownFileType = sourcecode.c.h; path = UdeskPhotographyHelper.h; sourceTree = "<group>"; };
		04EC52FA1E27641300AD6BC5 /* UdeskPhotographyHelper.m */ = {isa = PBXFileReference; fileEncoding = 4; lastKnownFileType = sourcecode.c.objc; path = UdeskPhotographyHelper.m; sourceTree = "<group>"; };
		04EC52FC1E27641300AD6BC5 /* UdeskFoundationMacro.h */ = {isa = PBXFileReference; fileEncoding = 4; lastKnownFileType = sourcecode.c.h; path = UdeskFoundationMacro.h; sourceTree = "<group>"; };
		04EC52FE1E27641300AD6BC5 /* UdeskBaseModel.h */ = {isa = PBXFileReference; fileEncoding = 4; lastKnownFileType = sourcecode.c.h; path = UdeskBaseModel.h; sourceTree = "<group>"; };
		04EC52FF1E27641300AD6BC5 /* UdeskBaseModel.m */ = {isa = PBXFileReference; fileEncoding = 4; lastKnownFileType = sourcecode.c.objc; path = UdeskBaseModel.m; sourceTree = "<group>"; };
		04EC53001E27641300AD6BC5 /* UdeskDateFormatter.h */ = {isa = PBXFileReference; fileEncoding = 4; lastKnownFileType = sourcecode.c.h; path = UdeskDateFormatter.h; sourceTree = "<group>"; };
		04EC53011E27641300AD6BC5 /* UdeskDateFormatter.m */ = {isa = PBXFileReference; fileEncoding = 4; lastKnownFileType = sourcecode.c.objc; path = UdeskDateFormatter.m; sourceTree = "<group>"; };
		04EC53021E27641300AD6BC5 /* UdeskImageUtil.h */ = {isa = PBXFileReference; fileEncoding = 4; lastKnownFileType = sourcecode.c.h; path = UdeskImageUtil.h; sourceTree = "<group>"; };
		04EC53031E27641300AD6BC5 /* UdeskImageUtil.m */ = {isa = PBXFileReference; fileEncoding = 4; lastKnownFileType = sourcecode.c.objc; path = UdeskImageUtil.m; sourceTree = "<group>"; };
		04EC53041E27641300AD6BC5 /* UdeskStringSizeUtil.h */ = {isa = PBXFileReference; fileEncoding = 4; lastKnownFileType = sourcecode.c.h; path = UdeskStringSizeUtil.h; sourceTree = "<group>"; };
		04EC53051E27641300AD6BC5 /* UdeskStringSizeUtil.m */ = {isa = PBXFileReference; fileEncoding = 4; lastKnownFileType = sourcecode.c.objc; path = UdeskStringSizeUtil.m; sourceTree = "<group>"; };
		04EC53061E27641300AD6BC5 /* UdeskTools.h */ = {isa = PBXFileReference; fileEncoding = 4; lastKnownFileType = sourcecode.c.h; path = UdeskTools.h; sourceTree = "<group>"; };
		04EC53071E27641300AD6BC5 /* UdeskTools.m */ = {isa = PBXFileReference; fileEncoding = 4; lastKnownFileType = sourcecode.c.objc; path = UdeskTools.m; sourceTree = "<group>"; };
		04EC53081E27641300AD6BC5 /* UdeskUtils.h */ = {isa = PBXFileReference; fileEncoding = 4; lastKnownFileType = sourcecode.c.h; path = UdeskUtils.h; sourceTree = "<group>"; };
		04EC53091E27641300AD6BC5 /* UdeskUtils.m */ = {isa = PBXFileReference; fileEncoding = 4; lastKnownFileType = sourcecode.c.objc; path = UdeskUtils.m; sourceTree = "<group>"; };
		04EC530A1E27641300AD6BC5 /* UdeskViewExt.h */ = {isa = PBXFileReference; fileEncoding = 4; lastKnownFileType = sourcecode.c.h; path = UdeskViewExt.h; sourceTree = "<group>"; };
		04EC530B1E27641300AD6BC5 /* UdeskViewExt.m */ = {isa = PBXFileReference; fileEncoding = 4; lastKnownFileType = sourcecode.c.objc; path = UdeskViewExt.m; sourceTree = "<group>"; };
		04EC530E1E27641300AD6BC5 /* UDTTTAttributedLabel.h */ = {isa = PBXFileReference; fileEncoding = 4; lastKnownFileType = sourcecode.c.h; path = UDTTTAttributedLabel.h; sourceTree = "<group>"; };
		04EC530F1E27641300AD6BC5 /* UDTTTAttributedLabel.m */ = {isa = PBXFileReference; fileEncoding = 4; lastKnownFileType = sourcecode.c.objc; path = UDTTTAttributedLabel.m; sourceTree = "<group>"; };
		04EC53111E27641300AD6BC5 /* UdeskAlertController.h */ = {isa = PBXFileReference; fileEncoding = 4; lastKnownFileType = sourcecode.c.h; path = UdeskAlertController.h; sourceTree = "<group>"; };
		04EC53121E27641300AD6BC5 /* UdeskAlertController.m */ = {isa = PBXFileReference; fileEncoding = 4; lastKnownFileType = sourcecode.c.objc; path = UdeskAlertController.m; sourceTree = "<group>"; };
		04EC53141E27641400AD6BC5 /* UdeskHpple.h */ = {isa = PBXFileReference; fileEncoding = 4; lastKnownFileType = sourcecode.c.h; path = UdeskHpple.h; sourceTree = "<group>"; };
		04EC53151E27641400AD6BC5 /* UdeskHpple.m */ = {isa = PBXFileReference; fileEncoding = 4; lastKnownFileType = sourcecode.c.objc; path = UdeskHpple.m; sourceTree = "<group>"; };
		04EC53161E27641400AD6BC5 /* UdeskHppleElement.h */ = {isa = PBXFileReference; fileEncoding = 4; lastKnownFileType = sourcecode.c.h; path = UdeskHppleElement.h; sourceTree = "<group>"; };
		04EC53171E27641400AD6BC5 /* UdeskHppleElement.m */ = {isa = PBXFileReference; fileEncoding = 4; lastKnownFileType = sourcecode.c.objc; path = UdeskHppleElement.m; sourceTree = "<group>"; };
		04EC53181E27641400AD6BC5 /* UdeskXPathQuery.h */ = {isa = PBXFileReference; fileEncoding = 4; lastKnownFileType = sourcecode.c.h; path = UdeskXPathQuery.h; sourceTree = "<group>"; };
		04EC53191E27641400AD6BC5 /* UdeskXPathQuery.m */ = {isa = PBXFileReference; fileEncoding = 4; lastKnownFileType = sourcecode.c.objc; path = UdeskXPathQuery.m; sourceTree = "<group>"; };
		04EC531B1E27641400AD6BC5 /* UdeskOneScrollView.h */ = {isa = PBXFileReference; fileEncoding = 4; lastKnownFileType = sourcecode.c.h; path = UdeskOneScrollView.h; sourceTree = "<group>"; };
		04EC531C1E27641400AD6BC5 /* UdeskOneScrollView.m */ = {isa = PBXFileReference; fileEncoding = 4; lastKnownFileType = sourcecode.c.objc; path = UdeskOneScrollView.m; sourceTree = "<group>"; };
		04EC531D1E27641400AD6BC5 /* UdeskPhotoManeger.h */ = {isa = PBXFileReference; fileEncoding = 4; lastKnownFileType = sourcecode.c.h; path = UdeskPhotoManeger.h; sourceTree = "<group>"; };
		04EC531E1E27641400AD6BC5 /* UdeskPhotoManeger.m */ = {isa = PBXFileReference; fileEncoding = 4; lastKnownFileType = sourcecode.c.objc; path = UdeskPhotoManeger.m; sourceTree = "<group>"; };
		04EC531F1E27641400AD6BC5 /* UdeskPhotoView.h */ = {isa = PBXFileReference; fileEncoding = 4; lastKnownFileType = sourcecode.c.h; path = UdeskPhotoView.h; sourceTree = "<group>"; };
		04EC53201E27641400AD6BC5 /* UdeskPhotoView.m */ = {isa = PBXFileReference; fileEncoding = 4; lastKnownFileType = sourcecode.c.objc; path = UdeskPhotoView.m; sourceTree = "<group>"; };
		04EC53221E27641400AD6BC5 /* UdeskReachability.h */ = {isa = PBXFileReference; fileEncoding = 4; lastKnownFileType = sourcecode.c.h; path = UdeskReachability.h; sourceTree = "<group>"; };
		04EC53231E27641400AD6BC5 /* UdeskReachability.m */ = {isa = PBXFileReference; fileEncoding = 4; lastKnownFileType = sourcecode.c.objc; path = UdeskReachability.m; sourceTree = "<group>"; };
		44143ED21D8257BA00E84898 /* UDDeveloperViewController.h */ = {isa = PBXFileReference; fileEncoding = 4; lastKnownFileType = sourcecode.c.h; path = UDDeveloperViewController.h; sourceTree = "<group>"; };
		44143ED31D8257BA00E84898 /* UDDeveloperViewController.m */ = {isa = PBXFileReference; fileEncoding = 4; lastKnownFileType = sourcecode.c.objc; path = UDDeveloperViewController.m; sourceTree = "<group>"; };
		44143ED41D8257BA00E84898 /* UDLanguageViewController.h */ = {isa = PBXFileReference; fileEncoding = 4; lastKnownFileType = sourcecode.c.h; path = UDLanguageViewController.h; sourceTree = "<group>"; };
		44143ED51D8257BA00E84898 /* UDLanguageViewController.m */ = {isa = PBXFileReference; fileEncoding = 4; lastKnownFileType = sourcecode.c.objc; path = UDLanguageViewController.m; sourceTree = "<group>"; };
		44210A3B1D7D6CA9003386F5 /* Images.xcassets */ = {isa = PBXFileReference; lastKnownFileType = folder.assetcatalog; path = Images.xcassets; sourceTree = "<group>"; };
		44210A3C1D7D6CA9003386F5 /* LaunchScreen.storyboard */ = {isa = PBXFileReference; fileEncoding = 4; lastKnownFileType = file.storyboard; path = LaunchScreen.storyboard; sourceTree = "<group>"; };
		44210A3D1D7D6CA9003386F5 /* Main.storyboard */ = {isa = PBXFileReference; fileEncoding = 4; lastKnownFileType = file.storyboard; path = Main.storyboard; sourceTree = "<group>"; };
		44210A3F1D7D6CA9003386F5 /* Info.plist */ = {isa = PBXFileReference; fileEncoding = 4; lastKnownFileType = text.plist.xml; path = Info.plist; sourceTree = "<group>"; };
		44210A401D7D6CA9003386F5 /* MASCompositeConstraint.h */ = {isa = PBXFileReference; fileEncoding = 4; lastKnownFileType = sourcecode.c.h; path = MASCompositeConstraint.h; sourceTree = "<group>"; };
		44210A411D7D6CA9003386F5 /* MASCompositeConstraint.m */ = {isa = PBXFileReference; fileEncoding = 4; lastKnownFileType = sourcecode.c.objc; path = MASCompositeConstraint.m; sourceTree = "<group>"; };
		44210A421D7D6CA9003386F5 /* MASConstraint+Private.h */ = {isa = PBXFileReference; fileEncoding = 4; lastKnownFileType = sourcecode.c.h; path = "MASConstraint+Private.h"; sourceTree = "<group>"; };
		44210A431D7D6CA9003386F5 /* MASConstraint.h */ = {isa = PBXFileReference; fileEncoding = 4; lastKnownFileType = sourcecode.c.h; path = MASConstraint.h; sourceTree = "<group>"; };
		44210A441D7D6CA9003386F5 /* MASConstraint.m */ = {isa = PBXFileReference; fileEncoding = 4; lastKnownFileType = sourcecode.c.objc; path = MASConstraint.m; sourceTree = "<group>"; };
		44210A451D7D6CA9003386F5 /* MASConstraintMaker.h */ = {isa = PBXFileReference; fileEncoding = 4; lastKnownFileType = sourcecode.c.h; path = MASConstraintMaker.h; sourceTree = "<group>"; };
		44210A461D7D6CA9003386F5 /* MASConstraintMaker.m */ = {isa = PBXFileReference; fileEncoding = 4; lastKnownFileType = sourcecode.c.objc; path = MASConstraintMaker.m; sourceTree = "<group>"; };
		44210A471D7D6CA9003386F5 /* MASLayoutConstraint.h */ = {isa = PBXFileReference; fileEncoding = 4; lastKnownFileType = sourcecode.c.h; path = MASLayoutConstraint.h; sourceTree = "<group>"; };
		44210A481D7D6CA9003386F5 /* MASLayoutConstraint.m */ = {isa = PBXFileReference; fileEncoding = 4; lastKnownFileType = sourcecode.c.objc; path = MASLayoutConstraint.m; sourceTree = "<group>"; };
		44210A491D7D6CA9003386F5 /* Masonry.h */ = {isa = PBXFileReference; fileEncoding = 4; lastKnownFileType = sourcecode.c.h; path = Masonry.h; sourceTree = "<group>"; };
		44210A4A1D7D6CA9003386F5 /* MASUtilities.h */ = {isa = PBXFileReference; fileEncoding = 4; lastKnownFileType = sourcecode.c.h; path = MASUtilities.h; sourceTree = "<group>"; };
		44210A4B1D7D6CA9003386F5 /* MASViewAttribute.h */ = {isa = PBXFileReference; fileEncoding = 4; lastKnownFileType = sourcecode.c.h; path = MASViewAttribute.h; sourceTree = "<group>"; };
		44210A4C1D7D6CA9003386F5 /* MASViewAttribute.m */ = {isa = PBXFileReference; fileEncoding = 4; lastKnownFileType = sourcecode.c.objc; path = MASViewAttribute.m; sourceTree = "<group>"; };
		44210A4D1D7D6CA9003386F5 /* MASViewConstraint.h */ = {isa = PBXFileReference; fileEncoding = 4; lastKnownFileType = sourcecode.c.h; path = MASViewConstraint.h; sourceTree = "<group>"; };
		44210A4E1D7D6CA9003386F5 /* MASViewConstraint.m */ = {isa = PBXFileReference; fileEncoding = 4; lastKnownFileType = sourcecode.c.objc; path = MASViewConstraint.m; sourceTree = "<group>"; };
		44210A4F1D7D6CA9003386F5 /* NSArray+MASAdditions.h */ = {isa = PBXFileReference; fileEncoding = 4; lastKnownFileType = sourcecode.c.h; path = "NSArray+MASAdditions.h"; sourceTree = "<group>"; };
		44210A501D7D6CA9003386F5 /* NSArray+MASAdditions.m */ = {isa = PBXFileReference; fileEncoding = 4; lastKnownFileType = sourcecode.c.objc; path = "NSArray+MASAdditions.m"; sourceTree = "<group>"; };
		44210A511D7D6CA9003386F5 /* NSArray+MASShorthandAdditions.h */ = {isa = PBXFileReference; fileEncoding = 4; lastKnownFileType = sourcecode.c.h; path = "NSArray+MASShorthandAdditions.h"; sourceTree = "<group>"; };
		44210A521D7D6CA9003386F5 /* NSLayoutConstraint+MASDebugAdditions.h */ = {isa = PBXFileReference; fileEncoding = 4; lastKnownFileType = sourcecode.c.h; path = "NSLayoutConstraint+MASDebugAdditions.h"; sourceTree = "<group>"; };
		44210A531D7D6CA9003386F5 /* NSLayoutConstraint+MASDebugAdditions.m */ = {isa = PBXFileReference; fileEncoding = 4; lastKnownFileType = sourcecode.c.objc; path = "NSLayoutConstraint+MASDebugAdditions.m"; sourceTree = "<group>"; };
		44210A541D7D6CA9003386F5 /* View+MASAdditions.h */ = {isa = PBXFileReference; fileEncoding = 4; lastKnownFileType = sourcecode.c.h; path = "View+MASAdditions.h"; sourceTree = "<group>"; };
		44210A551D7D6CA9003386F5 /* View+MASAdditions.m */ = {isa = PBXFileReference; fileEncoding = 4; lastKnownFileType = sourcecode.c.objc; path = "View+MASAdditions.m"; sourceTree = "<group>"; };
		44210A561D7D6CA9003386F5 /* View+MASShorthandAdditions.h */ = {isa = PBXFileReference; fileEncoding = 4; lastKnownFileType = sourcecode.c.h; path = "View+MASShorthandAdditions.h"; sourceTree = "<group>"; };
		44210A571D7D6CA9003386F5 /* ViewController+MASAdditions.h */ = {isa = PBXFileReference; fileEncoding = 4; lastKnownFileType = sourcecode.c.h; path = "ViewController+MASAdditions.h"; sourceTree = "<group>"; };
		44210A581D7D6CA9003386F5 /* ViewController+MASAdditions.m */ = {isa = PBXFileReference; fileEncoding = 4; lastKnownFileType = sourcecode.c.objc; path = "ViewController+MASAdditions.m"; sourceTree = "<group>"; };
		44210B011D7D6CA9003386F5 /* UDCustomClientInfoViewController.h */ = {isa = PBXFileReference; fileEncoding = 4; lastKnownFileType = sourcecode.c.h; path = UDCustomClientInfoViewController.h; sourceTree = "<group>"; };
		44210B021D7D6CAA003386F5 /* UDCustomClientInfoViewController.m */ = {isa = PBXFileReference; fileEncoding = 4; lastKnownFileType = sourcecode.c.objc; path = UDCustomClientInfoViewController.m; sourceTree = "<group>"; };
		44210B031D7D6CAA003386F5 /* UDCustomInfoViewController.xib */ = {isa = PBXFileReference; fileEncoding = 4; lastKnownFileType = file.xib; path = UDCustomInfoViewController.xib; sourceTree = "<group>"; };
		44210B081D7D6CAA003386F5 /* UDViewController.h */ = {isa = PBXFileReference; fileEncoding = 4; lastKnownFileType = sourcecode.c.h; path = UDViewController.h; sourceTree = "<group>"; };
		44210B091D7D6CAA003386F5 /* UDViewController.m */ = {isa = PBXFileReference; fileEncoding = 4; lastKnownFileType = sourcecode.c.objc; path = UDViewController.m; sourceTree = "<group>"; };
		448CD8911C979EE40049DE3F /* libxml2.tbd */ = {isa = PBXFileReference; lastKnownFileType = "sourcecode.text-based-dylib-definition"; name = libxml2.tbd; path = usr/lib/libxml2.tbd; sourceTree = SDKROOT; };
		44C3A05C1C93ADCE004BDB2B /* UdeskSDKExample.app */ = {isa = PBXFileReference; explicitFileType = wrapper.application; includeInIndex = 0; path = UdeskSDKExample.app; sourceTree = BUILT_PRODUCTS_DIR; };
		44C3A0601C93ADCE004BDB2B /* main.m */ = {isa = PBXFileReference; lastKnownFileType = sourcecode.c.objc; path = main.m; sourceTree = "<group>"; };
		44C3A0621C93ADCE004BDB2B /* AppDelegate.h */ = {isa = PBXFileReference; lastKnownFileType = sourcecode.c.h; path = AppDelegate.h; sourceTree = "<group>"; };
		44C3A0631C93ADCE004BDB2B /* AppDelegate.m */ = {isa = PBXFileReference; lastKnownFileType = sourcecode.c.objc; path = AppDelegate.m; sourceTree = "<group>"; };
		44C3A0701C93ADCE004BDB2B /* Info.plist */ = {isa = PBXFileReference; lastKnownFileType = text.plist.xml; path = Info.plist; sourceTree = "<group>"; };
		44C3A0761C93ADFF004BDB2B /* libsqlite3.tbd */ = {isa = PBXFileReference; lastKnownFileType = "sourcecode.text-based-dylib-definition"; name = libsqlite3.tbd; path = usr/lib/libsqlite3.tbd; sourceTree = SDKROOT; };
		44C3A0781C93AE05004BDB2B /* libresolv.tbd */ = {isa = PBXFileReference; lastKnownFileType = "sourcecode.text-based-dylib-definition"; name = libresolv.tbd; path = usr/lib/libresolv.tbd; sourceTree = SDKROOT; };
		44C3A07C1C93AE11004BDB2B /* libz.tbd */ = {isa = PBXFileReference; lastKnownFileType = "sourcecode.text-based-dylib-definition"; name = libz.tbd; path = usr/lib/libz.tbd; sourceTree = SDKROOT; };
/* End PBXFileReference section */

/* Begin PBXFrameworksBuildPhase section */
		44C3A0591C93ADCE004BDB2B /* Frameworks */ = {
			isa = PBXFrameworksBuildPhase;
			buildActionMask = 2147483647;
			files = (
				44C3A07D1C93AE11004BDB2B /* libz.tbd in Frameworks */,
				04EC53241E27641400AD6BC5 /* libUdesk.a in Frameworks */,
				448CD8921C979EE40049DE3F /* libxml2.tbd in Frameworks */,
				44C3A0791C93AE05004BDB2B /* libresolv.tbd in Frameworks */,
				44C3A0771C93ADFF004BDB2B /* libsqlite3.tbd in Frameworks */,
			);
			runOnlyForDeploymentPostprocessing = 0;
		};
/* End PBXFrameworksBuildPhase section */

/* Begin PBXGroup section */
		04EC52671E27641300AD6BC5 /* UdeskSDK */ = {
			isa = PBXGroup;
			children = (
				04EC52681E27641300AD6BC5 /* SDK */,
				04EC526F1E27641300AD6BC5 /* UDChatMessage */,
			);
			path = UdeskSDK;
			sourceTree = "<group>";
		};
		04EC52681E27641300AD6BC5 /* SDK */ = {
			isa = PBXGroup;
			children = (
				04EC52691E27641300AD6BC5 /* sdk */,
			);
			path = SDK;
			sourceTree = "<group>";
		};
		04EC52691E27641300AD6BC5 /* sdk */ = {
			isa = PBXGroup;
			children = (
				04EC526A1E27641300AD6BC5 /* libUdesk.a */,
				04EC526B1E27641300AD6BC5 /* UdeskAgent.h */,
				04EC526C1E27641300AD6BC5 /* UdeskManager.h */,
				04EC526D1E27641300AD6BC5 /* UdeskMessage.h */,
				04EC526E1E27641300AD6BC5 /* UDStatus.h */,
			);
			path = sdk;
			sourceTree = "<group>";
		};
		04EC526F1E27641300AD6BC5 /* UDChatMessage */ = {
			isa = PBXGroup;
			children = (
				04EC52701E27641300AD6BC5 /* Udesk.h */,
				04EC52711E27641300AD6BC5 /* UDFAQ */,
				04EC527C1E27641300AD6BC5 /* UDIM */,
				04EC52C51E27641300AD6BC5 /* UDResource */,
				04EC52C71E27641300AD6BC5 /* UDTools */,
			);
			path = UDChatMessage;
			sourceTree = "<group>";
		};
		04EC52711E27641300AD6BC5 /* UDFAQ */ = {
			isa = PBXGroup;
			children = (
				04EC52721E27641300AD6BC5 /* Controller */,
				04EC52791E27641300AD6BC5 /* Models */,
			);
			path = UDFAQ;
			sourceTree = "<group>";
		};
		04EC52721E27641300AD6BC5 /* Controller */ = {
			isa = PBXGroup;
			children = (
				04EC52731E27641300AD6BC5 /* UdeskContentController.h */,
				04EC52741E27641300AD6BC5 /* UdeskContentController.m */,
				04EC52751E27641300AD6BC5 /* UdeskFAQViewController.h */,
				04EC52761E27641300AD6BC5 /* UdeskFAQViewController.m */,
				04EC52771E27641300AD6BC5 /* UdeskSearchController.h */,
				04EC52781E27641300AD6BC5 /* UdeskSearchController.m */,
			);
			path = Controller;
			sourceTree = "<group>";
		};
		04EC52791E27641300AD6BC5 /* Models */ = {
			isa = PBXGroup;
			children = (
				04EC527A1E27641300AD6BC5 /* UdeskProblemModel.h */,
				04EC527B1E27641300AD6BC5 /* UdeskProblemModel.m */,
			);
			path = Models;
			sourceTree = "<group>";
		};
		04EC527C1E27641300AD6BC5 /* UDIM */ = {
			isa = PBXGroup;
			children = (
				04EC527D1E27641300AD6BC5 /* Models */,
				04EC52901E27641300AD6BC5 /* ViewModel */,
				04EC52931E27641300AD6BC5 /* Views */,
			);
			path = UDIM;
			sourceTree = "<group>";
		};
		04EC527D1E27641300AD6BC5 /* Models */ = {
			isa = PBXGroup;
			children = (
				04EC527E1E27641300AD6BC5 /* AgentModel */,
				04EC52851E27641300AD6BC5 /* Messages */,
			);
			path = Models;
			sourceTree = "<group>";
		};
		04EC527E1E27641300AD6BC5 /* AgentModel */ = {
			isa = PBXGroup;
			children = (
				04EC527F1E27641300AD6BC5 /* UdeskAgentHttpData.h */,
				04EC52801E27641300AD6BC5 /* UdeskAgentHttpData.m */,
				04EC52811E27641300AD6BC5 /* UdeskAgentMenuModel.h */,
				04EC52821E27641300AD6BC5 /* UdeskAgentMenuModel.m */,
				04EC52831E27641300AD6BC5 /* UdeskAgentSurvey.h */,
				04EC52841E27641300AD6BC5 /* UdeskAgentSurvey.m */,
			);
			path = AgentModel;
			sourceTree = "<group>";
		};
		04EC52851E27641300AD6BC5 /* Messages */ = {
			isa = PBXGroup;
			children = (
				04EC52861E27641300AD6BC5 /* UdeskBaseMessage.h */,
				04EC52871E27641300AD6BC5 /* UdeskBaseMessage.m */,
				04EC52881E27641300AD6BC5 /* UdeskChatMessage.h */,
				04EC52891E27641300AD6BC5 /* UdeskChatMessage.m */,
				04EC528A1E27641300AD6BC5 /* UdeskChatSend.h */,
				04EC528B1E27641300AD6BC5 /* UdeskChatSend.m */,
				04EC528C1E27641300AD6BC5 /* UdeskProductMessage.h */,
				04EC528D1E27641300AD6BC5 /* UdeskProductMessage.m */,
				04EC528E1E27641300AD6BC5 /* UdeskTipsMessage.h */,
				04EC528F1E27641300AD6BC5 /* UdeskTipsMessage.m */,
			);
			path = Messages;
			sourceTree = "<group>";
		};
		04EC52901E27641300AD6BC5 /* ViewModel */ = {
			isa = PBXGroup;
			children = (
				04EC52911E27641300AD6BC5 /* UdeskChatViewModel.h */,
				04EC52921E27641300AD6BC5 /* UdeskChatViewModel.m */,
			);
			path = ViewModel;
			sourceTree = "<group>";
		};
		04EC52931E27641300AD6BC5 /* Views */ = {
			isa = PBXGroup;
			children = (
				04EC52941E27641300AD6BC5 /* Cells */,
				04EC529D1E27641300AD6BC5 /* ChatView */,
				04EC52BA1E27641300AD6BC5 /* Controller */,
			);
			path = Views;
			sourceTree = "<group>";
		};
		04EC52941E27641300AD6BC5 /* Cells */ = {
			isa = PBXGroup;
			children = (
				04EC52951E27641300AD6BC5 /* UdeskBaseCell.h */,
				04EC52961E27641300AD6BC5 /* UdeskBaseCell.m */,
				04EC52971E27641300AD6BC5 /* UdeskChatCell.h */,
				04EC52981E27641300AD6BC5 /* UdeskChatCell.m */,
				04EC52991E27641300AD6BC5 /* UdeskProductCell.h */,
				04EC529A1E27641300AD6BC5 /* UdeskProductCell.m */,
				04EC529B1E27641300AD6BC5 /* UdeskTipsCell.h */,
				04EC529C1E27641300AD6BC5 /* UdeskTipsCell.m */,
			);
			path = Cells;
			sourceTree = "<group>";
		};
		04EC529D1E27641300AD6BC5 /* ChatView */ = {
			isa = PBXGroup;
			children = (
				04EC529E1E27641300AD6BC5 /* UDAlertView */,
				04EC52A11E27641300AD6BC5 /* UDMessageEmotionView */,
				04EC52A41E27641300AD6BC5 /* UDMessageInputView */,
				04EC52A91E27641300AD6BC5 /* UDMessageRecordView */,
				04EC52B41E27641300AD6BC5 /* UDMessageTableView */,
				04EC52B71E27641300AD6BC5 /* UDMessageTopView */,
			);
			path = ChatView;
			sourceTree = "<group>";
		};
		04EC529E1E27641300AD6BC5 /* UDAlertView */ = {
			isa = PBXGroup;
			children = (
				04EC529F1E27641300AD6BC5 /* ZKAlertController.h */,
				04EC52A01E27641300AD6BC5 /* ZKAlertController.m */,
			);
			path = UDAlertView;
			sourceTree = "<group>";
		};
		04EC52A11E27641300AD6BC5 /* UDMessageEmotionView */ = {
			isa = PBXGroup;
			children = (
				04EC52A21E27641300AD6BC5 /* UdeskEmotionManagerView.h */,
				04EC52A31E27641300AD6BC5 /* UdeskEmotionManagerView.m */,
			);
			path = UDMessageEmotionView;
			sourceTree = "<group>";
		};
		04EC52A41E27641300AD6BC5 /* UDMessageInputView */ = {
			isa = PBXGroup;
			children = (
				04EC52A51E27641300AD6BC5 /* UdeskInputBar.h */,
				04EC52A61E27641300AD6BC5 /* UdeskInputBar.m */,
				04EC52A71E27641300AD6BC5 /* UdeskTextView.h */,
				04EC52A81E27641300AD6BC5 /* UdeskTextView.m */,
			);
			path = UDMessageInputView;
			sourceTree = "<group>";
		};
		04EC52A91E27641300AD6BC5 /* UDMessageRecordView */ = {
			isa = PBXGroup;
			children = (
				04EC52AA1E27641300AD6BC5 /* UdeskSpectrumView.h */,
				04EC52AB1E27641300AD6BC5 /* UdeskSpectrumView.m */,
				04EC52AC1E27641300AD6BC5 /* UdeskTimerLabel.h */,
				04EC52AD1E27641300AD6BC5 /* UdeskTimerLabel.m */,
				04EC52AE1E27641300AD6BC5 /* UdeskVoiceRecordHelper.h */,
				04EC52AF1E27641300AD6BC5 /* UdeskVoiceRecordHelper.m */,
				04EC52B01E27641300AD6BC5 /* UdeskVoiceRecordHUD.h */,
				04EC52B11E27641300AD6BC5 /* UdeskVoiceRecordHUD.m */,
				04EC52B21E27641300AD6BC5 /* UdeskVoiceRecordView.h */,
				04EC52B31E27641300AD6BC5 /* UdeskVoiceRecordView.m */,
			);
			path = UDMessageRecordView;
			sourceTree = "<group>";
		};
		04EC52B41E27641300AD6BC5 /* UDMessageTableView */ = {
			isa = PBXGroup;
			children = (
				04EC52B51E27641300AD6BC5 /* UdeskMessageTableView.h */,
				04EC52B61E27641300AD6BC5 /* UdeskMessageTableView.m */,
			);
			path = UDMessageTableView;
			sourceTree = "<group>";
		};
		04EC52B71E27641300AD6BC5 /* UDMessageTopView */ = {
			isa = PBXGroup;
			children = (
				04EC52B81E27641300AD6BC5 /* UdeskTopAlertView.h */,
				04EC52B91E27641300AD6BC5 /* UdeskTopAlertView.m */,
			);
			path = UDMessageTopView;
			sourceTree = "<group>";
		};
		04EC52BA1E27641300AD6BC5 /* Controller */ = {
			isa = PBXGroup;
			children = (
				04EC52BB1E27641300AD6BC5 /* UdeskAgentMenuViewController.h */,
				04EC52BC1E27641300AD6BC5 /* UdeskAgentMenuViewController.m */,
				04EC52BD1E27641300AD6BC5 /* UdeskBaseViewController.h */,
				04EC52BE1E27641300AD6BC5 /* UdeskBaseViewController.m */,
				04EC52BF1E27641300AD6BC5 /* UdeskChatViewController.h */,
				04EC52C01E27641300AD6BC5 /* UdeskChatViewController.m */,
				04EC52C11E27641300AD6BC5 /* UdeskRobotViewController.h */,
				04EC52C21E27641300AD6BC5 /* UdeskRobotViewController.m */,
				04EC52C31E27641300AD6BC5 /* UdeskTicketViewController.h */,
				04EC52C41E27641300AD6BC5 /* UdeskTicketViewController.m */,
			);
			path = Controller;
			sourceTree = "<group>";
		};
		04EC52C51E27641300AD6BC5 /* UDResource */ = {
			isa = PBXGroup;
			children = (
				04EC52C61E27641300AD6BC5 /* UdeskBundle.bundle */,
			);
			path = UDResource;
			sourceTree = "<group>";
		};
		04EC52C71E27641300AD6BC5 /* UDTools */ = {
			isa = PBXGroup;
			children = (
				04EC52C81E27641300AD6BC5 /* UDAnimation */,
				04EC52CF1E27641300AD6BC5 /* UDCategory */,
				04EC52E51E27641300AD6BC5 /* UDConfig */,
				04EC52F21E27641300AD6BC5 /* UDHelper */,
				04EC52FB1E27641300AD6BC5 /* UDMacro */,
				04EC52FD1E27641300AD6BC5 /* UDUtil */,
				04EC530C1E27641300AD6BC5 /* UDVendor */,
			);
			path = UDTools;
			sourceTree = "<group>";
		};
		04EC52C81E27641300AD6BC5 /* UDAnimation */ = {
			isa = PBXGroup;
			children = (
				04EC52C91E27641300AD6BC5 /* UdeskAnimatorPush.h */,
				04EC52CA1E27641300AD6BC5 /* UdeskAnimatorPush.m */,
				04EC52CB1E27641300AD6BC5 /* UdeskShareTransitioningDelegateImpl.h */,
				04EC52CC1E27641300AD6BC5 /* UdeskShareTransitioningDelegateImpl.m */,
				04EC52CD1E27641300AD6BC5 /* UdeskTransitioningAnimation.h */,
				04EC52CE1E27641300AD6BC5 /* UdeskTransitioningAnimation.m */,
			);
			path = UDAnimation;
			sourceTree = "<group>";
		};
		04EC52CF1E27641300AD6BC5 /* UDCategory */ = {
			isa = PBXGroup;
			children = (
				04EC52D01E27641300AD6BC5 /* NSArray */,
				04EC52D31E27641300AD6BC5 /* NSTimer */,
				04EC52D61E27641300AD6BC5 /* UdeskMessage */,
				04EC52D91E27641300AD6BC5 /* UIColor */,
				04EC52DC1E27641300AD6BC5 /* UIImage */,
				04EC52DF1E27641300AD6BC5 /* UITextView */,
				04EC52E21E27641300AD6BC5 /* UIViewController */,
			);
			path = UDCategory;
			sourceTree = "<group>";
		};
		04EC52D01E27641300AD6BC5 /* NSArray */ = {
			isa = PBXGroup;
			children = (
				04EC52D11E27641300AD6BC5 /* NSArray+UdeskSDK.h */,
				04EC52D21E27641300AD6BC5 /* NSArray+UdeskSDK.m */,
			);
			path = NSArray;
			sourceTree = "<group>";
		};
		04EC52D31E27641300AD6BC5 /* NSTimer */ = {
			isa = PBXGroup;
			children = (
				04EC52D41E27641300AD6BC5 /* NSTimer+UdeskSDK.h */,
				04EC52D51E27641300AD6BC5 /* NSTimer+UdeskSDK.m */,
			);
			path = NSTimer;
			sourceTree = "<group>";
		};
		04EC52D61E27641300AD6BC5 /* UdeskMessage */ = {
			isa = PBXGroup;
			children = (
				04EC52D71E27641300AD6BC5 /* UdeskMessage+UdeskChatMessage.h */,
				04EC52D81E27641300AD6BC5 /* UdeskMessage+UdeskChatMessage.m */,
			);
			path = UdeskMessage;
			sourceTree = "<group>";
		};
		04EC52D91E27641300AD6BC5 /* UIColor */ = {
			isa = PBXGroup;
			children = (
				04EC52DA1E27641300AD6BC5 /* UIColor+UdeskSDK.h */,
				04EC52DB1E27641300AD6BC5 /* UIColor+UdeskSDK.m */,
			);
			path = UIColor;
			sourceTree = "<group>";
		};
		04EC52DC1E27641300AD6BC5 /* UIImage */ = {
			isa = PBXGroup;
			children = (
				04EC52DD1E27641300AD6BC5 /* UIImage+UdeskSDK.h */,
				04EC52DE1E27641300AD6BC5 /* UIImage+UdeskSDK.m */,
			);
			path = UIImage;
			sourceTree = "<group>";
		};
		04EC52DF1E27641300AD6BC5 /* UITextView */ = {
			isa = PBXGroup;
			children = (
				04EC52E01E27641300AD6BC5 /* UITextView+UDTextView.h */,
				04EC52E11E27641300AD6BC5 /* UITextView+UDTextView.m */,
			);
			path = UITextView;
			sourceTree = "<group>";
		};
		04EC52E21E27641300AD6BC5 /* UIViewController */ = {
			isa = PBXGroup;
			children = (
				04EC52E31E27641300AD6BC5 /* UIViewController+UdeskKeyboardAnimation.h */,
				04EC52E41E27641300AD6BC5 /* UIViewController+UdeskKeyboardAnimation.m */,
			);
			path = UIViewController;
			sourceTree = "<group>";
		};
		04EC52E51E27641300AD6BC5 /* UDConfig */ = {
			isa = PBXGroup;
			children = (
				04EC52E61E27641300AD6BC5 /* UdeskLanguageTool.h */,
				04EC52E71E27641300AD6BC5 /* UdeskLanguageTool.m */,
				04EC52E81E27641300AD6BC5 /* UdeskSDKConfig.h */,
				04EC52E91E27641300AD6BC5 /* UdeskSDKConfig.m */,
				04EC52EA1E27641300AD6BC5 /* UdeskSDKManager.h */,
				04EC52EB1E27641300AD6BC5 /* UdeskSDKManager.m */,
				04EC52EC1E27641300AD6BC5 /* UdeskSDKShow.h */,
				04EC52ED1E27641300AD6BC5 /* UdeskSDKShow.m */,
				04EC52EE1E27641300AD6BC5 /* UdeskSDKStyle.h */,
				04EC52EF1E27641300AD6BC5 /* UdeskSDKStyle.m */,
				04EC52F01E27641300AD6BC5 /* UdeskSDKStyleBlue.h */,
				04EC52F11E27641300AD6BC5 /* UdeskSDKStyleBlue.m */,
			);
			path = UDConfig;
			sourceTree = "<group>";
		};
		04EC52F21E27641300AD6BC5 /* UDHelper */ = {
			isa = PBXGroup;
			children = (
				04EC52F31E27641300AD6BC5 /* UdeskAudioPlayerHelper.h */,
				04EC52F41E27641300AD6BC5 /* UdeskAudioPlayerHelper.m */,
				04EC52F51E27641300AD6BC5 /* UdeskChatAlertController.h */,
				04EC52F61E27641300AD6BC5 /* UdeskChatAlertController.m */,
				04EC52F71E27641300AD6BC5 /* UdeskConfigurationHelper.h */,
				04EC52F81E27641300AD6BC5 /* UdeskConfigurationHelper.m */,
				04EC52F91E27641300AD6BC5 /* UdeskPhotographyHelper.h */,
				04EC52FA1E27641300AD6BC5 /* UdeskPhotographyHelper.m */,
			);
			path = UDHelper;
			sourceTree = "<group>";
		};
		04EC52FB1E27641300AD6BC5 /* UDMacro */ = {
			isa = PBXGroup;
			children = (
				04EC52FC1E27641300AD6BC5 /* UdeskFoundationMacro.h */,
			);
			path = UDMacro;
			sourceTree = "<group>";
		};
		04EC52FD1E27641300AD6BC5 /* UDUtil */ = {
			isa = PBXGroup;
			children = (
				04EC52FE1E27641300AD6BC5 /* UdeskBaseModel.h */,
				04EC52FF1E27641300AD6BC5 /* UdeskBaseModel.m */,
				04EC53001E27641300AD6BC5 /* UdeskDateFormatter.h */,
				04EC53011E27641300AD6BC5 /* UdeskDateFormatter.m */,
				04EC53021E27641300AD6BC5 /* UdeskImageUtil.h */,
				04EC53031E27641300AD6BC5 /* UdeskImageUtil.m */,
				04EC53041E27641300AD6BC5 /* UdeskStringSizeUtil.h */,
				04EC53051E27641300AD6BC5 /* UdeskStringSizeUtil.m */,
				04EC53061E27641300AD6BC5 /* UdeskTools.h */,
				04EC53071E27641300AD6BC5 /* UdeskTools.m */,
				04EC53081E27641300AD6BC5 /* UdeskUtils.h */,
				04EC53091E27641300AD6BC5 /* UdeskUtils.m */,
				04EC530A1E27641300AD6BC5 /* UdeskViewExt.h */,
				04EC530B1E27641300AD6BC5 /* UdeskViewExt.m */,
			);
			path = UDUtil;
			sourceTree = "<group>";
		};
		04EC530C1E27641300AD6BC5 /* UDVendor */ = {
			isa = PBXGroup;
			children = (
				04EC530D1E27641300AD6BC5 /* TTTAttributedLabel */,
				04EC53101E27641300AD6BC5 /* UDAlertController */,
				04EC53131E27641400AD6BC5 /* UDHpple */,
				04EC531A1E27641400AD6BC5 /* UDPhotoViewer */,
				04EC53211E27641400AD6BC5 /* UDReachability */,
			);
			path = UDVendor;
			sourceTree = "<group>";
		};
		04EC530D1E27641300AD6BC5 /* TTTAttributedLabel */ = {
			isa = PBXGroup;
			children = (
				04EC530E1E27641300AD6BC5 /* UDTTTAttributedLabel.h */,
				04EC530F1E27641300AD6BC5 /* UDTTTAttributedLabel.m */,
			);
			path = TTTAttributedLabel;
			sourceTree = "<group>";
		};
		04EC53101E27641300AD6BC5 /* UDAlertController */ = {
			isa = PBXGroup;
			children = (
				04EC53111E27641300AD6BC5 /* UdeskAlertController.h */,
				04EC53121E27641300AD6BC5 /* UdeskAlertController.m */,
			);
			path = UDAlertController;
			sourceTree = "<group>";
		};
		04EC53131E27641400AD6BC5 /* UDHpple */ = {
			isa = PBXGroup;
			children = (
				04EC53141E27641400AD6BC5 /* UdeskHpple.h */,
				04EC53151E27641400AD6BC5 /* UdeskHpple.m */,
				04EC53161E27641400AD6BC5 /* UdeskHppleElement.h */,
				04EC53171E27641400AD6BC5 /* UdeskHppleElement.m */,
				04EC53181E27641400AD6BC5 /* UdeskXPathQuery.h */,
				04EC53191E27641400AD6BC5 /* UdeskXPathQuery.m */,
			);
			path = UDHpple;
			sourceTree = "<group>";
		};
		04EC531A1E27641400AD6BC5 /* UDPhotoViewer */ = {
			isa = PBXGroup;
			children = (
				04EC531B1E27641400AD6BC5 /* UdeskOneScrollView.h */,
				04EC531C1E27641400AD6BC5 /* UdeskOneScrollView.m */,
				04EC531D1E27641400AD6BC5 /* UdeskPhotoManeger.h */,
				04EC531E1E27641400AD6BC5 /* UdeskPhotoManeger.m */,
				04EC531F1E27641400AD6BC5 /* UdeskPhotoView.h */,
				04EC53201E27641400AD6BC5 /* UdeskPhotoView.m */,
			);
			path = UDPhotoViewer;
			sourceTree = "<group>";
		};
		04EC53211E27641400AD6BC5 /* UDReachability */ = {
			isa = PBXGroup;
			children = (
				04EC53221E27641400AD6BC5 /* UdeskReachability.h */,
				04EC53231E27641400AD6BC5 /* UdeskReachability.m */,
			);
			path = UDReachability;
			sourceTree = "<group>";
		};
		44210A3E1D7D6CA9003386F5 /* Masonry */ = {
			isa = PBXGroup;
			children = (
				44210A3F1D7D6CA9003386F5 /* Info.plist */,
				44210A401D7D6CA9003386F5 /* MASCompositeConstraint.h */,
				44210A411D7D6CA9003386F5 /* MASCompositeConstraint.m */,
				44210A421D7D6CA9003386F5 /* MASConstraint+Private.h */,
				44210A431D7D6CA9003386F5 /* MASConstraint.h */,
				44210A441D7D6CA9003386F5 /* MASConstraint.m */,
				44210A451D7D6CA9003386F5 /* MASConstraintMaker.h */,
				44210A461D7D6CA9003386F5 /* MASConstraintMaker.m */,
				44210A471D7D6CA9003386F5 /* MASLayoutConstraint.h */,
				44210A481D7D6CA9003386F5 /* MASLayoutConstraint.m */,
				44210A491D7D6CA9003386F5 /* Masonry.h */,
				44210A4A1D7D6CA9003386F5 /* MASUtilities.h */,
				44210A4B1D7D6CA9003386F5 /* MASViewAttribute.h */,
				44210A4C1D7D6CA9003386F5 /* MASViewAttribute.m */,
				44210A4D1D7D6CA9003386F5 /* MASViewConstraint.h */,
				44210A4E1D7D6CA9003386F5 /* MASViewConstraint.m */,
				44210A4F1D7D6CA9003386F5 /* NSArray+MASAdditions.h */,
				44210A501D7D6CA9003386F5 /* NSArray+MASAdditions.m */,
				44210A511D7D6CA9003386F5 /* NSArray+MASShorthandAdditions.h */,
				44210A521D7D6CA9003386F5 /* NSLayoutConstraint+MASDebugAdditions.h */,
				44210A531D7D6CA9003386F5 /* NSLayoutConstraint+MASDebugAdditions.m */,
				44210A541D7D6CA9003386F5 /* View+MASAdditions.h */,
				44210A551D7D6CA9003386F5 /* View+MASAdditions.m */,
				44210A561D7D6CA9003386F5 /* View+MASShorthandAdditions.h */,
				44210A571D7D6CA9003386F5 /* ViewController+MASAdditions.h */,
				44210A581D7D6CA9003386F5 /* ViewController+MASAdditions.m */,
			);
			path = Masonry;
			sourceTree = "<group>";
		};
		44C3A0531C93ADCE004BDB2B = {
			isa = PBXGroup;
			children = (
				44C3A07C1C93AE11004BDB2B /* libz.tbd */,
				448CD8911C979EE40049DE3F /* libxml2.tbd */,
				44C3A0781C93AE05004BDB2B /* libresolv.tbd */,
				44C3A0761C93ADFF004BDB2B /* libsqlite3.tbd */,
				04EC52671E27641300AD6BC5 /* UdeskSDK */,
				44C3A05E1C93ADCE004BDB2B /* UdeskSDKExample */,
				44C3A05D1C93ADCE004BDB2B /* Products */,
			);
			sourceTree = "<group>";
		};
		44C3A05D1C93ADCE004BDB2B /* Products */ = {
			isa = PBXGroup;
			children = (
				44C3A05C1C93ADCE004BDB2B /* UdeskSDKExample.app */,
			);
			name = Products;
			sourceTree = "<group>";
		};
		44C3A05E1C93ADCE004BDB2B /* UdeskSDKExample */ = {
			isa = PBXGroup;
			children = (
				44C3A0621C93ADCE004BDB2B /* AppDelegate.h */,
				44C3A0631C93ADCE004BDB2B /* AppDelegate.m */,
				44210A3B1D7D6CA9003386F5 /* Images.xcassets */,
				44210A3C1D7D6CA9003386F5 /* LaunchScreen.storyboard */,
				44210A3D1D7D6CA9003386F5 /* Main.storyboard */,
				44210A3E1D7D6CA9003386F5 /* Masonry */,
				44210B011D7D6CA9003386F5 /* UDCustomClientInfoViewController.h */,
				44210B021D7D6CAA003386F5 /* UDCustomClientInfoViewController.m */,
				44210B031D7D6CAA003386F5 /* UDCustomInfoViewController.xib */,
				04C198DD1E1F86F3009EC081 /* UDFunctionViewController.h */,
				04C198DE1E1F86F3009EC081 /* UDFunctionViewController.m */,
				44143ED21D8257BA00E84898 /* UDDeveloperViewController.h */,
				44143ED31D8257BA00E84898 /* UDDeveloperViewController.m */,
				44143ED41D8257BA00E84898 /* UDLanguageViewController.h */,
				44143ED51D8257BA00E84898 /* UDLanguageViewController.m */,
				44210B081D7D6CAA003386F5 /* UDViewController.h */,
				44210B091D7D6CAA003386F5 /* UDViewController.m */,
				44C3A0701C93ADCE004BDB2B /* Info.plist */,
				44C3A05F1C93ADCE004BDB2B /* Supporting Files */,
			);
			path = UdeskSDKExample;
			sourceTree = "<group>";
		};
		44C3A05F1C93ADCE004BDB2B /* Supporting Files */ = {
			isa = PBXGroup;
			children = (
				44C3A0601C93ADCE004BDB2B /* main.m */,
			);
			name = "Supporting Files";
			sourceTree = "<group>";
		};
/* End PBXGroup section */

/* Begin PBXNativeTarget section */
		44C3A05B1C93ADCE004BDB2B /* UdeskSDKExample */ = {
			isa = PBXNativeTarget;
			buildConfigurationList = 44C3A0731C93ADCE004BDB2B /* Build configuration list for PBXNativeTarget "UdeskSDKExample" */;
			buildPhases = (
				44C3A0581C93ADCE004BDB2B /* Sources */,
				44C3A0591C93ADCE004BDB2B /* Frameworks */,
				44C3A05A1C93ADCE004BDB2B /* Resources */,
			);
			buildRules = (
			);
			dependencies = (
			);
			name = UdeskSDKExample;
			productName = UdeskSDKExample;
			productReference = 44C3A05C1C93ADCE004BDB2B /* UdeskSDKExample.app */;
			productType = "com.apple.product-type.application";
		};
/* End PBXNativeTarget section */

/* Begin PBXProject section */
		44C3A0541C93ADCE004BDB2B /* Project object */ = {
			isa = PBXProject;
			attributes = {
				LastUpgradeCheck = 0720;
				ORGANIZATIONNAME = xuchen;
				TargetAttributes = {
					44C3A05B1C93ADCE004BDB2B = {
						CreatedOnToolsVersion = 7.2.1;
						DevelopmentTeam = DVNW3ZM7G9;
						ProvisioningStyle = Automatic;
					};
				};
			};
			buildConfigurationList = 44C3A0571C93ADCE004BDB2B /* Build configuration list for PBXProject "UdeskSDKExample" */;
			compatibilityVersion = "Xcode 3.2";
			developmentRegion = English;
			hasScannedForEncodings = 0;
			knownRegions = (
				en,
				Base,
			);
			mainGroup = 44C3A0531C93ADCE004BDB2B;
			productRefGroup = 44C3A05D1C93ADCE004BDB2B /* Products */;
			projectDirPath = "";
			projectRoot = "";
			targets = (
				44C3A05B1C93ADCE004BDB2B /* UdeskSDKExample */,
			);
		};
/* End PBXProject section */

/* Begin PBXResourcesBuildPhase section */
		44C3A05A1C93ADCE004BDB2B /* Resources */ = {
			isa = PBXResourcesBuildPhase;
			buildActionMask = 2147483647;
			files = (
				04EC53461E27641400AD6BC5 /* UdeskBundle.bundle in Resources */,
				44210B0B1D7D6CAA003386F5 /* LaunchScreen.storyboard in Resources */,
				44210B0A1D7D6CAA003386F5 /* Images.xcassets in Resources */,
				44210B0D1D7D6CAA003386F5 /* Info.plist in Resources */,
				44210B5A1D7D6CAA003386F5 /* UDCustomInfoViewController.xib in Resources */,
				44210B0C1D7D6CAA003386F5 /* Main.storyboard in Resources */,
			);
			runOnlyForDeploymentPostprocessing = 0;
		};
/* End PBXResourcesBuildPhase section */

/* Begin PBXSourcesBuildPhase section */
		44C3A0581C93ADCE004BDB2B /* Sources */ = {
			isa = PBXSourcesBuildPhase;
			buildActionMask = 2147483647;
			files = (
				04EC535F1E27641400AD6BC5 /* UdeskTools.m in Sources */,
				04EC532D1E27641400AD6BC5 /* UdeskChatMessage.m in Sources */,
				04EC53321E27641400AD6BC5 /* UdeskBaseCell.m in Sources */,
				04EC535E1E27641400AD6BC5 /* UdeskStringSizeUtil.m in Sources */,
				04EC534D1E27641400AD6BC5 /* UIColor+UdeskSDK.m in Sources */,
				04EC53391E27641400AD6BC5 /* UdeskTextView.m in Sources */,
				04EC535D1E27641400AD6BC5 /* UdeskImageUtil.m in Sources */,
				04EC53681E27641400AD6BC5 /* UdeskPhotoManeger.m in Sources */,
				44143ED71D8257BA00E84898 /* UDLanguageViewController.m in Sources */,
				04EC533D1E27641400AD6BC5 /* UdeskVoiceRecordHUD.m in Sources */,
				04EC53381E27641400AD6BC5 /* UdeskInputBar.m in Sources */,
				04EC53691E27641400AD6BC5 /* UdeskPhotoView.m in Sources */,
				44210B101D7D6CAA003386F5 /* MASConstraintMaker.m in Sources */,
				44210B131D7D6CAA003386F5 /* MASViewConstraint.m in Sources */,
				44210B141D7D6CAA003386F5 /* NSArray+MASAdditions.m in Sources */,
				04EC53331E27641400AD6BC5 /* UdeskChatCell.m in Sources */,
				04EC533F1E27641400AD6BC5 /* UdeskMessageTableView.m in Sources */,
				04EC53421E27641400AD6BC5 /* UdeskBaseViewController.m in Sources */,
				04EC53591E27641400AD6BC5 /* UdeskConfigurationHelper.m in Sources */,
				04EC532E1E27641400AD6BC5 /* UdeskChatSend.m in Sources */,
				04EC53451E27641400AD6BC5 /* UdeskTicketViewController.m in Sources */,
				04EC53351E27641400AD6BC5 /* UdeskTipsCell.m in Sources */,
				04EC53271E27641400AD6BC5 /* UdeskSearchController.m in Sources */,
				04EC53441E27641400AD6BC5 /* UdeskRobotViewController.m in Sources */,
				04EC53431E27641400AD6BC5 /* UdeskChatViewController.m in Sources */,
				04EC53651E27641400AD6BC5 /* UdeskHppleElement.m in Sources */,
				04EC53411E27641400AD6BC5 /* UdeskAgentMenuViewController.m in Sources */,
				04EC53551E27641400AD6BC5 /* UdeskSDKStyle.m in Sources */,
				04C198DF1E1F86F3009EC081 /* UDFunctionViewController.m in Sources */,
				04EC53511E27641400AD6BC5 /* UdeskLanguageTool.m in Sources */,
				04EC53261E27641400AD6BC5 /* UdeskFAQViewController.m in Sources */,
				04EC53641E27641400AD6BC5 /* UdeskHpple.m in Sources */,
				04EC533E1E27641400AD6BC5 /* UdeskVoiceRecordView.m in Sources */,
				04EC53471E27641400AD6BC5 /* UdeskAnimatorPush.m in Sources */,
				04EC53621E27641400AD6BC5 /* UDTTTAttributedLabel.m in Sources */,
				04EC533C1E27641400AD6BC5 /* UdeskVoiceRecordHelper.m in Sources */,
				44210B121D7D6CAA003386F5 /* MASViewAttribute.m in Sources */,
				04EC53251E27641400AD6BC5 /* UdeskContentController.m in Sources */,
				04EC53581E27641400AD6BC5 /* UdeskChatAlertController.m in Sources */,
				44210B591D7D6CAA003386F5 /* UDCustomClientInfoViewController.m in Sources */,
				04EC533B1E27641400AD6BC5 /* UdeskTimerLabel.m in Sources */,
				04EC53631E27641400AD6BC5 /* UdeskAlertController.m in Sources */,
				04EC534E1E27641400AD6BC5 /* UIImage+UdeskSDK.m in Sources */,
				04EC53661E27641400AD6BC5 /* UdeskXPathQuery.m in Sources */,
				44210B5D1D7D6CAA003386F5 /* UDViewController.m in Sources */,
				04EC532A1E27641400AD6BC5 /* UdeskAgentMenuModel.m in Sources */,
				04EC53521E27641400AD6BC5 /* UdeskSDKConfig.m in Sources */,
				04EC532F1E27641400AD6BC5 /* UdeskProductMessage.m in Sources */,
				44210B171D7D6CAA003386F5 /* ViewController+MASAdditions.m in Sources */,
				04EC53571E27641400AD6BC5 /* UdeskAudioPlayerHelper.m in Sources */,
				04EC534B1E27641400AD6BC5 /* NSTimer+UdeskSDK.m in Sources */,
				04EC53601E27641400AD6BC5 /* UdeskUtils.m in Sources */,
				44210B111D7D6CAA003386F5 /* MASLayoutConstraint.m in Sources */,
				04EC532B1E27641400AD6BC5 /* UdeskAgentSurvey.m in Sources */,
				04EC53301E27641400AD6BC5 /* UdeskTipsMessage.m in Sources */,
				04EC53541E27641400AD6BC5 /* UdeskSDKShow.m in Sources */,
				44210B0F1D7D6CAA003386F5 /* MASConstraint.m in Sources */,
				04EC533A1E27641400AD6BC5 /* UdeskSpectrumView.m in Sources */,
				04EC532C1E27641400AD6BC5 /* UdeskBaseMessage.m in Sources */,
				04EC53401E27641400AD6BC5 /* UdeskTopAlertView.m in Sources */,
				04EC53311E27641400AD6BC5 /* UdeskChatViewModel.m in Sources */,
				04EC53671E27641400AD6BC5 /* UdeskOneScrollView.m in Sources */,
				04EC534A1E27641400AD6BC5 /* NSArray+UdeskSDK.m in Sources */,
				44C3A0641C93ADCE004BDB2B /* AppDelegate.m in Sources */,
				04EC534F1E27641400AD6BC5 /* UITextView+UDTextView.m in Sources */,
				04EC53361E27641400AD6BC5 /* ZKAlertController.m in Sources */,
				44143ED61D8257BA00E84898 /* UDDeveloperViewController.m in Sources */,
				04EC536A1E27641400AD6BC5 /* UdeskReachability.m in Sources */,
				04EC535B1E27641400AD6BC5 /* UdeskBaseModel.m in Sources */,
				04EC53281E27641400AD6BC5 /* UdeskProblemModel.m in Sources */,
				04EC53371E27641400AD6BC5 /* UdeskEmotionManagerView.m in Sources */,
				04EC53481E27641400AD6BC5 /* UdeskShareTransitioningDelegateImpl.m in Sources */,
				04EC535A1E27641400AD6BC5 /* UdeskPhotographyHelper.m in Sources */,
				44C3A0611C93ADCE004BDB2B /* main.m in Sources */,
				04EC535C1E27641400AD6BC5 /* UdeskDateFormatter.m in Sources */,
				04EC53341E27641400AD6BC5 /* UdeskProductCell.m in Sources */,
				04EC53491E27641400AD6BC5 /* UdeskTransitioningAnimation.m in Sources */,
				04EC53291E27641400AD6BC5 /* UdeskAgentHttpData.m in Sources */,
				44210B151D7D6CAA003386F5 /* NSLayoutConstraint+MASDebugAdditions.m in Sources */,
				04EC53531E27641400AD6BC5 /* UdeskSDKManager.m in Sources */,
				44210B0E1D7D6CAA003386F5 /* MASCompositeConstraint.m in Sources */,
				04EC53501E27641400AD6BC5 /* UIViewController+UdeskKeyboardAnimation.m in Sources */,
				04EC53561E27641400AD6BC5 /* UdeskSDKStyleBlue.m in Sources */,
				44210B161D7D6CAA003386F5 /* View+MASAdditions.m in Sources */,
				04EC53611E27641400AD6BC5 /* UdeskViewExt.m in Sources */,
				04EC534C1E27641400AD6BC5 /* UdeskMessage+UdeskChatMessage.m in Sources */,
			);
			runOnlyForDeploymentPostprocessing = 0;
		};
/* End PBXSourcesBuildPhase section */

/* Begin XCBuildConfiguration section */
		44C3A0711C93ADCE004BDB2B /* Debug */ = {
			isa = XCBuildConfiguration;
			buildSettings = {
				ALWAYS_SEARCH_USER_PATHS = NO;
				CLANG_CXX_LANGUAGE_STANDARD = "gnu++0x";
				CLANG_CXX_LIBRARY = "libc++";
				CLANG_ENABLE_MODULES = YES;
				CLANG_ENABLE_OBJC_ARC = YES;
				CLANG_WARN_BOOL_CONVERSION = YES;
				CLANG_WARN_CONSTANT_CONVERSION = YES;
				CLANG_WARN_DIRECT_OBJC_ISA_USAGE = YES_ERROR;
				CLANG_WARN_EMPTY_BODY = YES;
				CLANG_WARN_ENUM_CONVERSION = YES;
				CLANG_WARN_INT_CONVERSION = YES;
				CLANG_WARN_OBJC_ROOT_CLASS = YES_ERROR;
				CLANG_WARN_UNREACHABLE_CODE = YES;
				CLANG_WARN__DUPLICATE_METHOD_MATCH = YES;
				CODE_SIGN_IDENTITY = "iPhone Developer: Lipeng Xiao (ZWGRWPKARH)";
				"CODE_SIGN_IDENTITY[sdk=iphoneos*]" = "iPhone Developer: Lipeng Xiao (ZWGRWPKARH)";
				COPY_PHASE_STRIP = NO;
				DEBUG_INFORMATION_FORMAT = dwarf;
				ENABLE_STRICT_OBJC_MSGSEND = YES;
				ENABLE_TESTABILITY = YES;
				GCC_C_LANGUAGE_STANDARD = gnu99;
				GCC_DYNAMIC_NO_PIC = NO;
				GCC_NO_COMMON_BLOCKS = YES;
				GCC_OPTIMIZATION_LEVEL = 0;
				GCC_PREPROCESSOR_DEFINITIONS = (
					"DEBUG=1",
					"$(inherited)",
				);
				GCC_WARN_64_TO_32_BIT_CONVERSION = YES;
				GCC_WARN_ABOUT_RETURN_TYPE = YES_ERROR;
				GCC_WARN_UNDECLARED_SELECTOR = YES;
				GCC_WARN_UNINITIALIZED_AUTOS = YES_AGGRESSIVE;
				GCC_WARN_UNUSED_FUNCTION = YES;
				GCC_WARN_UNUSED_VARIABLE = YES;
				IPHONEOS_DEPLOYMENT_TARGET = 6.0;
				MTL_ENABLE_DEBUG_INFO = YES;
				ONLY_ACTIVE_ARCH = YES;
				PROVISIONING_PROFILE = "6973f506-f432-4e2a-bc9d-3c08baaf66bc";
				SDKROOT = iphoneos;
				TARGETED_DEVICE_FAMILY = "1,2";
			};
			name = Debug;
		};
		44C3A0721C93ADCE004BDB2B /* Release */ = {
			isa = XCBuildConfiguration;
			buildSettings = {
				ALWAYS_SEARCH_USER_PATHS = NO;
				CLANG_CXX_LANGUAGE_STANDARD = "gnu++0x";
				CLANG_CXX_LIBRARY = "libc++";
				CLANG_ENABLE_MODULES = YES;
				CLANG_ENABLE_OBJC_ARC = YES;
				CLANG_WARN_BOOL_CONVERSION = YES;
				CLANG_WARN_CONSTANT_CONVERSION = YES;
				CLANG_WARN_DIRECT_OBJC_ISA_USAGE = YES_ERROR;
				CLANG_WARN_EMPTY_BODY = YES;
				CLANG_WARN_ENUM_CONVERSION = YES;
				CLANG_WARN_INT_CONVERSION = YES;
				CLANG_WARN_OBJC_ROOT_CLASS = YES_ERROR;
				CLANG_WARN_UNREACHABLE_CODE = YES;
				CLANG_WARN__DUPLICATE_METHOD_MATCH = YES;
				CODE_SIGN_IDENTITY = "iPhone Developer: Lipeng Xiao (ZWGRWPKARH)";
				"CODE_SIGN_IDENTITY[sdk=iphoneos*]" = "iPhone Developer: Lipeng Xiao (ZWGRWPKARH)";
				COPY_PHASE_STRIP = NO;
				DEBUG_INFORMATION_FORMAT = "dwarf-with-dsym";
				ENABLE_NS_ASSERTIONS = NO;
				ENABLE_STRICT_OBJC_MSGSEND = YES;
				GCC_C_LANGUAGE_STANDARD = gnu99;
				GCC_NO_COMMON_BLOCKS = YES;
				GCC_WARN_64_TO_32_BIT_CONVERSION = YES;
				GCC_WARN_ABOUT_RETURN_TYPE = YES_ERROR;
				GCC_WARN_UNDECLARED_SELECTOR = YES;
				GCC_WARN_UNINITIALIZED_AUTOS = YES_AGGRESSIVE;
				GCC_WARN_UNUSED_FUNCTION = YES;
				GCC_WARN_UNUSED_VARIABLE = YES;
				IPHONEOS_DEPLOYMENT_TARGET = 6.0;
				MTL_ENABLE_DEBUG_INFO = NO;
				PROVISIONING_PROFILE = "6973f506-f432-4e2a-bc9d-3c08baaf66bc";
				SDKROOT = iphoneos;
				TARGETED_DEVICE_FAMILY = "1,2";
				VALIDATE_PRODUCT = YES;
			};
			name = Release;
		};
		44C3A0741C93ADCE004BDB2B /* Debug */ = {
			isa = XCBuildConfiguration;
			buildSettings = {
				ASSETCATALOG_COMPILER_APPICON_NAME = AppIcon;
				CLANG_ENABLE_OBJC_ARC = YES;
				CODE_SIGN_IDENTITY = "iPhone Developer: Lipeng Xiao (ZWGRWPKARH)";
				"CODE_SIGN_IDENTITY[sdk=iphoneos*]" = "iPhone Developer";
				DEVELOPMENT_TEAM = DVNW3ZM7G9;
				GCC_PREFIX_HEADER = "";
				HEADER_SEARCH_PATHS = /usr/include/libxml2;
				INFOPLIST_FILE = UdeskSDKExample/Info.plist;
				IPHONEOS_DEPLOYMENT_TARGET = 6.0;
				LD_RUNPATH_SEARCH_PATHS = "$(inherited) @executable_path/Frameworks";
				LIBRARY_SEARCH_PATHS = "$(PROJECT_DIR)/UdeskSDK/SDK/sdk";
				OTHER_LDFLAGS = (
					"-lxml2",
					"-ObjC",
				);
				PRODUCT_BUNDLE_IDENTIFIER = com.udesk.udeskapp;
				PRODUCT_NAME = "$(TARGET_NAME)";
				PROVISIONING_PROFILE = "";
				PROVISIONING_PROFILE_SPECIFIER = "";
			};
			name = Debug;
		};
		44C3A0751C93ADCE004BDB2B /* Release */ = {
			isa = XCBuildConfiguration;
			buildSettings = {
				ASSETCATALOG_COMPILER_APPICON_NAME = AppIcon;
				CLANG_ENABLE_OBJC_ARC = YES;
				CODE_SIGN_IDENTITY = "iPhone Developer: Lipeng Xiao (ZWGRWPKARH)";
				"CODE_SIGN_IDENTITY[sdk=iphoneos*]" = "iPhone Developer";
				DEVELOPMENT_TEAM = DVNW3ZM7G9;
				GCC_PREFIX_HEADER = "";
				HEADER_SEARCH_PATHS = /usr/include/libxml2;
				INFOPLIST_FILE = UdeskSDKExample/Info.plist;
				IPHONEOS_DEPLOYMENT_TARGET = 6.0;
				LD_RUNPATH_SEARCH_PATHS = "$(inherited) @executable_path/Frameworks";
				LIBRARY_SEARCH_PATHS = "$(PROJECT_DIR)/UdeskSDK/SDK/sdk";
				OTHER_LDFLAGS = (
					"-lxml2",
					"-ObjC",
				);
				PRODUCT_BUNDLE_IDENTIFIER = com.udesk.udeskapp;
				PRODUCT_NAME = "$(TARGET_NAME)";
				PROVISIONING_PROFILE = "";
				PROVISIONING_PROFILE_SPECIFIER = "";
			};
			name = Release;
		};
/* End XCBuildConfiguration section */

/* Begin XCConfigurationList section */
		44C3A0571C93ADCE004BDB2B /* Build configuration list for PBXProject "UdeskSDKExample" */ = {
			isa = XCConfigurationList;
			buildConfigurations = (
				44C3A0711C93ADCE004BDB2B /* Debug */,
				44C3A0721C93ADCE004BDB2B /* Release */,
			);
			defaultConfigurationIsVisible = 0;
			defaultConfigurationName = Release;
		};
		44C3A0731C93ADCE004BDB2B /* Build configuration list for PBXNativeTarget "UdeskSDKExample" */ = {
			isa = XCConfigurationList;
			buildConfigurations = (
				44C3A0741C93ADCE004BDB2B /* Debug */,
				44C3A0751C93ADCE004BDB2B /* Release */,
			);
			defaultConfigurationIsVisible = 0;
			defaultConfigurationName = Release;
		};
/* End XCConfigurationList section */
	};
	rootObject = 44C3A0541C93ADCE004BDB2B /* Project object */;
}
