// !$*UTF8*$!
{
	archiveVersion = 1;
	classes = {
	};
	objectVersion = 46;
	objects = {

/* Begin PBXBuildFile section */
		4440A1AB1C9A829400610BA8 /* UDTableViewController.m in Sources */ = {isa = PBXBuildFile; fileRef = 4440A1AA1C9A829400610BA8 /* UDTableViewController.m */; };
		4440A1AD1C9A8DD400610BA8 /* udesk.jpg in Resources */ = {isa = PBXBuildFile; fileRef = 4440A1AC1C9A8DD400610BA8 /* udesk.jpg */; };
		4450AC861CA50AAC004CBE2C /* DomainKeyViewController.m in Sources */ = {isa = PBXBuildFile; fileRef = 4450AC851CA50AAC004CBE2C /* DomainKeyViewController.m */; };
		445C5A5D1CD0AEB600256ED9 /* UDContentController.m in Sources */ = {isa = PBXBuildFile; fileRef = 445C59D11CD0AEB600256ED9 /* UDContentController.m */; };
		445C5A5E1CD0AEB600256ED9 /* UDFaqController.m in Sources */ = {isa = PBXBuildFile; fileRef = 445C59D31CD0AEB600256ED9 /* UDFaqController.m */; };
		445C5A5F1CD0AEB600256ED9 /* UDSearchController.m in Sources */ = {isa = PBXBuildFile; fileRef = 445C59D51CD0AEB600256ED9 /* UDSearchController.m */; };
		445C5A601CD0AEB600256ED9 /* UDProblemModel.m in Sources */ = {isa = PBXBuildFile; fileRef = 445C59D81CD0AEB600256ED9 /* UDProblemModel.m */; };
		445C5A611CD0AEB600256ED9 /* UDAgentNavigationMenu.m in Sources */ = {isa = PBXBuildFile; fileRef = 445C59DC1CD0AEB600256ED9 /* UDAgentNavigationMenu.m */; };
		445C5A621CD0AEB600256ED9 /* UDChatViewController.m in Sources */ = {isa = PBXBuildFile; fileRef = 445C59DE1CD0AEB600256ED9 /* UDChatViewController.m */; };
		445C5A631CD0AEB600256ED9 /* UDRobotIMViewController.m in Sources */ = {isa = PBXBuildFile; fileRef = 445C59E01CD0AEB600256ED9 /* UDRobotIMViewController.m */; };
		445C5A641CD0AEB600256ED9 /* UDTicketViewController.m in Sources */ = {isa = PBXBuildFile; fileRef = 445C59E21CD0AEB600256ED9 /* UDTicketViewController.m */; };
		445C5A651CD0AEB600256ED9 /* UDChatDataController.m in Sources */ = {isa = PBXBuildFile; fileRef = 445C59E51CD0AEB600256ED9 /* UDChatDataController.m */; };
		445C5A661CD0AEB600256ED9 /* UDAgentMenuModel.m in Sources */ = {isa = PBXBuildFile; fileRef = 445C59E81CD0AEB600256ED9 /* UDAgentMenuModel.m */; };
		445C5A671CD0AEB600256ED9 /* UDAgentModel.m in Sources */ = {isa = PBXBuildFile; fileRef = 445C59EA1CD0AEB600256ED9 /* UDAgentModel.m */; };
		445C5A681CD0AEB600256ED9 /* UDMessage.m in Sources */ = {isa = PBXBuildFile; fileRef = 445C59EC1CD0AEB600256ED9 /* UDMessage.m */; };
		445C5A691CD0AEB600256ED9 /* UDReceiveMessage.m in Sources */ = {isa = PBXBuildFile; fileRef = 445C59EE1CD0AEB600256ED9 /* UDReceiveMessage.m */; };
		445C5A6A1CD0AEB600256ED9 /* UDAgentViewModel.m in Sources */ = {isa = PBXBuildFile; fileRef = 445C59F11CD0AEB600256ED9 /* UDAgentViewModel.m */; };
		445C5A6B1CD0AEB600256ED9 /* UDChatCellViewModel.m in Sources */ = {isa = PBXBuildFile; fileRef = 445C59F31CD0AEB600256ED9 /* UDChatCellViewModel.m */; };
		445C5A6C1CD0AEB600256ED9 /* UDChatViewModel.m in Sources */ = {isa = PBXBuildFile; fileRef = 445C59F51CD0AEB600256ED9 /* UDChatViewModel.m */; };
		445C5A6D1CD0AEB600256ED9 /* UDAgentStatusView.m in Sources */ = {isa = PBXBuildFile; fileRef = 445C59F91CD0AEB600256ED9 /* UDAgentStatusView.m */; };
		445C5A6E1CD0AEB600256ED9 /* UDMessageContentView.m in Sources */ = {isa = PBXBuildFile; fileRef = 445C59FC1CD0AEB600256ED9 /* UDMessageContentView.m */; };
		445C5A6F1CD0AEB600256ED9 /* UDMessageTableView.m in Sources */ = {isa = PBXBuildFile; fileRef = 445C59FE1CD0AEB600256ED9 /* UDMessageTableView.m */; };
		445C5A701CD0AEB600256ED9 /* UDMessageTableViewCell.m in Sources */ = {isa = PBXBuildFile; fileRef = 445C5A001CD0AEB600256ED9 /* UDMessageTableViewCell.m */; };
		445C5A711CD0AEB600256ED9 /* UDEmotionManagerView.m in Sources */ = {isa = PBXBuildFile; fileRef = 445C5A031CD0AEB600256ED9 /* UDEmotionManagerView.m */; };
		445C5A721CD0AEB600256ED9 /* UDMessageInputView.m in Sources */ = {isa = PBXBuildFile; fileRef = 445C5A061CD0AEB600256ED9 /* UDMessageInputView.m */; };
		445C5A731CD0AEB600256ED9 /* UDMessageTextView.m in Sources */ = {isa = PBXBuildFile; fileRef = 445C5A081CD0AEB600256ED9 /* UDMessageTextView.m */; };
		445C5A741CD0AEB600256ED9 /* UDVoiceRecordHUD.m in Sources */ = {isa = PBXBuildFile; fileRef = 445C5A0A1CD0AEB600256ED9 /* UDVoiceRecordHUD.m */; };
		445C5A751CD0AEB600256ED9 /* NSArray+UDMessage.m in Sources */ = {isa = PBXBuildFile; fileRef = 445C5A0F1CD0AEB600256ED9 /* NSArray+UDMessage.m */; };
		445C5A761CD0AEB600256ED9 /* NSDictionary+UDMessage.m in Sources */ = {isa = PBXBuildFile; fileRef = 445C5A121CD0AEB600256ED9 /* NSDictionary+UDMessage.m */; };
		445C5A771CD0AEB600256ED9 /* NSTimer+UDMessage.m in Sources */ = {isa = PBXBuildFile; fileRef = 445C5A151CD0AEB600256ED9 /* NSTimer+UDMessage.m */; };
		445C5A781CD0AEB600256ED9 /* UIImage+UDMessage.m in Sources */ = {isa = PBXBuildFile; fileRef = 445C5A181CD0AEB600256ED9 /* UIImage+UDMessage.m */; };
		445C5A791CD0AEB600256ED9 /* UIViewController+UDKeyboardAnimation.m in Sources */ = {isa = PBXBuildFile; fileRef = 445C5A1C1CD0AEB600256ED9 /* UIViewController+UDKeyboardAnimation.m */; };
		445C5A7A1CD0AEB600256ED9 /* UDAudioPlayerHelper.m in Sources */ = {isa = PBXBuildFile; fileRef = 445C5A1F1CD0AEB600256ED9 /* UDAudioPlayerHelper.m */; };
		445C5A7B1CD0AEB600256ED9 /* UDBaseModel.m in Sources */ = {isa = PBXBuildFile; fileRef = 445C5A211CD0AEB600256ED9 /* UDBaseModel.m */; };
		445C5A7C1CD0AEB600256ED9 /* UDConfig.m in Sources */ = {isa = PBXBuildFile; fileRef = 445C5A231CD0AEB600256ED9 /* UDConfig.m */; };
		445C5A7D1CD0AEB600256ED9 /* UDConfigurationHelper.m in Sources */ = {isa = PBXBuildFile; fileRef = 445C5A251CD0AEB600256ED9 /* UDConfigurationHelper.m */; };
		445C5A7E1CD0AEB600256ED9 /* UdeskUtils.m in Sources */ = {isa = PBXBuildFile; fileRef = 445C5A271CD0AEB600256ED9 /* UdeskUtils.m */; };
		445C5A7F1CD0AEB600256ED9 /* UDGeneral.m in Sources */ = {isa = PBXBuildFile; fileRef = 445C5A2A1CD0AEB600256ED9 /* UDGeneral.m */; };
		445C5A801CD0AEB600256ED9 /* UDKeywordRegularParser.m in Sources */ = {isa = PBXBuildFile; fileRef = 445C5A2C1CD0AEB600256ED9 /* UDKeywordRegularParser.m */; };
		445C5A811CD0AEB600256ED9 /* UDLabel.m in Sources */ = {isa = PBXBuildFile; fileRef = 445C5A2E1CD0AEB600256ED9 /* UDLabel.m */; };
		445C5A821CD0AEB600256ED9 /* UDPaserdKeyword.m in Sources */ = {isa = PBXBuildFile; fileRef = 445C5A301CD0AEB600256ED9 /* UDPaserdKeyword.m */; };
		445C5A831CD0AEB600256ED9 /* UDPhotographyHelper.m in Sources */ = {isa = PBXBuildFile; fileRef = 445C5A321CD0AEB600256ED9 /* UDPhotographyHelper.m */; };
		445C5A841CD0AEB600256ED9 /* UDReachability.m in Sources */ = {isa = PBXBuildFile; fileRef = 445C5A341CD0AEB600256ED9 /* UDReachability.m */; };
		445C5A851CD0AEB600256ED9 /* UDTools.m in Sources */ = {isa = PBXBuildFile; fileRef = 445C5A361CD0AEB600256ED9 /* UDTools.m */; };
		445C5A861CD0AEB600256ED9 /* UDTopAlertView.m in Sources */ = {isa = PBXBuildFile; fileRef = 445C5A381CD0AEB600256ED9 /* UDTopAlertView.m */; };
		445C5A871CD0AEB600256ED9 /* UDViewExt.m in Sources */ = {isa = PBXBuildFile; fileRef = 445C5A3A1CD0AEB600256ED9 /* UDViewExt.m */; };
		445C5A881CD0AEB600256ED9 /* UDVoiceRecordHelper.m in Sources */ = {isa = PBXBuildFile; fileRef = 445C5A3C1CD0AEB600256ED9 /* UDVoiceRecordHelper.m */; };
		445C5A891CD0AEB600256ED9 /* UDMessageBubbleFactory.m in Sources */ = {isa = PBXBuildFile; fileRef = 445C5A3F1CD0AEB600256ED9 /* UDMessageBubbleFactory.m */; };
		445C5A8A1CD0AEB600256ED9 /* UDMessageVoiceFactory.m in Sources */ = {isa = PBXBuildFile; fileRef = 445C5A411CD0AEB600256ED9 /* UDMessageVoiceFactory.m */; };
		445C5A8B1CD0AEB600256ED9 /* UDAlertController.m in Sources */ = {isa = PBXBuildFile; fileRef = 445C5A451CD0AEB600256ED9 /* UDAlertController.m */; };
		445C5A8C1CD0AEB600256ED9 /* UDCache.m in Sources */ = {isa = PBXBuildFile; fileRef = 445C5A481CD0AEB600256ED9 /* UDCache.m */; };
		445C5A8D1CD0AEB600256ED9 /* UDImageCompat.m in Sources */ = {isa = PBXBuildFile; fileRef = 445C5A4A1CD0AEB600256ED9 /* UDImageCompat.m */; };
		445C5A8E1CD0AEB600256ED9 /* UDImageDecoder.m in Sources */ = {isa = PBXBuildFile; fileRef = 445C5A4C1CD0AEB600256ED9 /* UDImageDecoder.m */; };
		445C5A8F1CD0AEB600256ED9 /* UIImage+UDMultiFormat.m in Sources */ = {isa = PBXBuildFile; fileRef = 445C5A4E1CD0AEB600256ED9 /* UIImage+UDMultiFormat.m */; };
		445C5A901CD0AEB600256ED9 /* UDHpple.m in Sources */ = {isa = PBXBuildFile; fileRef = 445C5A511CD0AEB600256ED9 /* UDHpple.m */; };
		445C5A911CD0AEB600256ED9 /* UDHppleElement.m in Sources */ = {isa = PBXBuildFile; fileRef = 445C5A531CD0AEB600256ED9 /* UDHppleElement.m */; };
		445C5A921CD0AEB600256ED9 /* UDXPathQuery.m in Sources */ = {isa = PBXBuildFile; fileRef = 445C5A551CD0AEB600256ED9 /* UDXPathQuery.m */; };
		445C5A931CD0AEB600256ED9 /* UDOneScrollView.m in Sources */ = {isa = PBXBuildFile; fileRef = 445C5A581CD0AEB600256ED9 /* UDOneScrollView.m */; };
		445C5A941CD0AEB600256ED9 /* UDPhotoManeger.m in Sources */ = {isa = PBXBuildFile; fileRef = 445C5A5A1CD0AEB600256ED9 /* UDPhotoManeger.m */; };
		445C5A951CD0AEB600256ED9 /* UDPhotoView.m in Sources */ = {isa = PBXBuildFile; fileRef = 445C5A5C1CD0AEB600256ED9 /* UDPhotoView.m */; };
		445C5A981CD0B09B00256ED9 /* libUdesk.a in Frameworks */ = {isa = PBXBuildFile; fileRef = 445C5A971CD0B09B00256ED9 /* libUdesk.a */; };
		448CD8921C979EE40049DE3F /* libxml2.tbd in Frameworks */ = {isa = PBXBuildFile; fileRef = 448CD8911C979EE40049DE3F /* libxml2.tbd */; };
		44C3A0611C93ADCE004BDB2B /* main.m in Sources */ = {isa = PBXBuildFile; fileRef = 44C3A0601C93ADCE004BDB2B /* main.m */; };
		44C3A0641C93ADCE004BDB2B /* AppDelegate.m in Sources */ = {isa = PBXBuildFile; fileRef = 44C3A0631C93ADCE004BDB2B /* AppDelegate.m */; };
		44C3A0671C93ADCE004BDB2B /* ViewController.m in Sources */ = {isa = PBXBuildFile; fileRef = 44C3A0661C93ADCE004BDB2B /* ViewController.m */; };
		44C3A06A1C93ADCE004BDB2B /* Main.storyboard in Resources */ = {isa = PBXBuildFile; fileRef = 44C3A0681C93ADCE004BDB2B /* Main.storyboard */; };
		44C3A06C1C93ADCE004BDB2B /* Assets.xcassets in Resources */ = {isa = PBXBuildFile; fileRef = 44C3A06B1C93ADCE004BDB2B /* Assets.xcassets */; };
		44C3A06F1C93ADCE004BDB2B /* LaunchScreen.storyboard in Resources */ = {isa = PBXBuildFile; fileRef = 44C3A06D1C93ADCE004BDB2B /* LaunchScreen.storyboard */; };
		44C3A0771C93ADFF004BDB2B /* libsqlite3.tbd in Frameworks */ = {isa = PBXBuildFile; fileRef = 44C3A0761C93ADFF004BDB2B /* libsqlite3.tbd */; };
		44C3A0791C93AE05004BDB2B /* libresolv.tbd in Frameworks */ = {isa = PBXBuildFile; fileRef = 44C3A0781C93AE05004BDB2B /* libresolv.tbd */; };
		44C3A07D1C93AE11004BDB2B /* libz.tbd in Frameworks */ = {isa = PBXBuildFile; fileRef = 44C3A07C1C93AE11004BDB2B /* libz.tbd */; };
		44C3A2401C93AF51004BDB2B /* UdeskBundle.bundle in Resources */ = {isa = PBXBuildFile; fileRef = 44C3A1BD1C93AF51004BDB2B /* UdeskBundle.bundle */; };
/* End PBXBuildFile section */

/* Begin PBXFileReference section */
		4440A1A91C9A829400610BA8 /* UDTableViewController.h */ = {isa = PBXFileReference; fileEncoding = 4; lastKnownFileType = sourcecode.c.h; path = UDTableViewController.h; sourceTree = "<group>"; };
		4440A1AA1C9A829400610BA8 /* UDTableViewController.m */ = {isa = PBXFileReference; fileEncoding = 4; lastKnownFileType = sourcecode.c.objc; path = UDTableViewController.m; sourceTree = "<group>"; };
		4440A1AC1C9A8DD400610BA8 /* udesk.jpg */ = {isa = PBXFileReference; lastKnownFileType = image.jpeg; path = udesk.jpg; sourceTree = "<group>"; };
		4450AC841CA50AAC004CBE2C /* DomainKeyViewController.h */ = {isa = PBXFileReference; fileEncoding = 4; lastKnownFileType = sourcecode.c.h; path = DomainKeyViewController.h; sourceTree = "<group>"; };
		4450AC851CA50AAC004CBE2C /* DomainKeyViewController.m */ = {isa = PBXFileReference; fileEncoding = 4; lastKnownFileType = sourcecode.c.objc; path = DomainKeyViewController.m; sourceTree = "<group>"; };
		445C59D01CD0AEB600256ED9 /* UDContentController.h */ = {isa = PBXFileReference; fileEncoding = 4; lastKnownFileType = sourcecode.c.h; path = UDContentController.h; sourceTree = "<group>"; };
		445C59D11CD0AEB600256ED9 /* UDContentController.m */ = {isa = PBXFileReference; fileEncoding = 4; lastKnownFileType = sourcecode.c.objc; path = UDContentController.m; sourceTree = "<group>"; };
		445C59D21CD0AEB600256ED9 /* UDFaqController.h */ = {isa = PBXFileReference; fileEncoding = 4; lastKnownFileType = sourcecode.c.h; path = UDFaqController.h; sourceTree = "<group>"; };
		445C59D31CD0AEB600256ED9 /* UDFaqController.m */ = {isa = PBXFileReference; fileEncoding = 4; lastKnownFileType = sourcecode.c.objc; path = UDFaqController.m; sourceTree = "<group>"; };
		445C59D41CD0AEB600256ED9 /* UDSearchController.h */ = {isa = PBXFileReference; fileEncoding = 4; lastKnownFileType = sourcecode.c.h; path = UDSearchController.h; sourceTree = "<group>"; };
		445C59D51CD0AEB600256ED9 /* UDSearchController.m */ = {isa = PBXFileReference; fileEncoding = 4; lastKnownFileType = sourcecode.c.objc; path = UDSearchController.m; sourceTree = "<group>"; };
		445C59D71CD0AEB600256ED9 /* UDProblemModel.h */ = {isa = PBXFileReference; fileEncoding = 4; lastKnownFileType = sourcecode.c.h; path = UDProblemModel.h; sourceTree = "<group>"; };
		445C59D81CD0AEB600256ED9 /* UDProblemModel.m */ = {isa = PBXFileReference; fileEncoding = 4; lastKnownFileType = sourcecode.c.objc; path = UDProblemModel.m; sourceTree = "<group>"; };
		445C59DB1CD0AEB600256ED9 /* UDAgentNavigationMenu.h */ = {isa = PBXFileReference; fileEncoding = 4; lastKnownFileType = sourcecode.c.h; path = UDAgentNavigationMenu.h; sourceTree = "<group>"; };
		445C59DC1CD0AEB600256ED9 /* UDAgentNavigationMenu.m */ = {isa = PBXFileReference; fileEncoding = 4; lastKnownFileType = sourcecode.c.objc; path = UDAgentNavigationMenu.m; sourceTree = "<group>"; };
		445C59DD1CD0AEB600256ED9 /* UDChatViewController.h */ = {isa = PBXFileReference; fileEncoding = 4; lastKnownFileType = sourcecode.c.h; path = UDChatViewController.h; sourceTree = "<group>"; };
		445C59DE1CD0AEB600256ED9 /* UDChatViewController.m */ = {isa = PBXFileReference; fileEncoding = 4; lastKnownFileType = sourcecode.c.objc; path = UDChatViewController.m; sourceTree = "<group>"; };
		445C59DF1CD0AEB600256ED9 /* UDRobotIMViewController.h */ = {isa = PBXFileReference; fileEncoding = 4; lastKnownFileType = sourcecode.c.h; path = UDRobotIMViewController.h; sourceTree = "<group>"; };
		445C59E01CD0AEB600256ED9 /* UDRobotIMViewController.m */ = {isa = PBXFileReference; fileEncoding = 4; lastKnownFileType = sourcecode.c.objc; path = UDRobotIMViewController.m; sourceTree = "<group>"; };
		445C59E11CD0AEB600256ED9 /* UDTicketViewController.h */ = {isa = PBXFileReference; fileEncoding = 4; lastKnownFileType = sourcecode.c.h; path = UDTicketViewController.h; sourceTree = "<group>"; };
		445C59E21CD0AEB600256ED9 /* UDTicketViewController.m */ = {isa = PBXFileReference; fileEncoding = 4; lastKnownFileType = sourcecode.c.objc; path = UDTicketViewController.m; sourceTree = "<group>"; };
		445C59E41CD0AEB600256ED9 /* UDChatDataController.h */ = {isa = PBXFileReference; fileEncoding = 4; lastKnownFileType = sourcecode.c.h; path = UDChatDataController.h; sourceTree = "<group>"; };
		445C59E51CD0AEB600256ED9 /* UDChatDataController.m */ = {isa = PBXFileReference; fileEncoding = 4; lastKnownFileType = sourcecode.c.objc; path = UDChatDataController.m; sourceTree = "<group>"; };
		445C59E71CD0AEB600256ED9 /* UDAgentMenuModel.h */ = {isa = PBXFileReference; fileEncoding = 4; lastKnownFileType = sourcecode.c.h; path = UDAgentMenuModel.h; sourceTree = "<group>"; };
		445C59E81CD0AEB600256ED9 /* UDAgentMenuModel.m */ = {isa = PBXFileReference; fileEncoding = 4; lastKnownFileType = sourcecode.c.objc; path = UDAgentMenuModel.m; sourceTree = "<group>"; };
		445C59E91CD0AEB600256ED9 /* UDAgentModel.h */ = {isa = PBXFileReference; fileEncoding = 4; lastKnownFileType = sourcecode.c.h; path = UDAgentModel.h; sourceTree = "<group>"; };
		445C59EA1CD0AEB600256ED9 /* UDAgentModel.m */ = {isa = PBXFileReference; fileEncoding = 4; lastKnownFileType = sourcecode.c.objc; path = UDAgentModel.m; sourceTree = "<group>"; };
		445C59EB1CD0AEB600256ED9 /* UDMessage.h */ = {isa = PBXFileReference; fileEncoding = 4; lastKnownFileType = sourcecode.c.h; path = UDMessage.h; sourceTree = "<group>"; };
		445C59EC1CD0AEB600256ED9 /* UDMessage.m */ = {isa = PBXFileReference; fileEncoding = 4; lastKnownFileType = sourcecode.c.objc; path = UDMessage.m; sourceTree = "<group>"; };
		445C59ED1CD0AEB600256ED9 /* UDReceiveMessage.h */ = {isa = PBXFileReference; fileEncoding = 4; lastKnownFileType = sourcecode.c.h; path = UDReceiveMessage.h; sourceTree = "<group>"; };
		445C59EE1CD0AEB600256ED9 /* UDReceiveMessage.m */ = {isa = PBXFileReference; fileEncoding = 4; lastKnownFileType = sourcecode.c.objc; path = UDReceiveMessage.m; sourceTree = "<group>"; };
		445C59F01CD0AEB600256ED9 /* UDAgentViewModel.h */ = {isa = PBXFileReference; fileEncoding = 4; lastKnownFileType = sourcecode.c.h; path = UDAgentViewModel.h; sourceTree = "<group>"; };
		445C59F11CD0AEB600256ED9 /* UDAgentViewModel.m */ = {isa = PBXFileReference; fileEncoding = 4; lastKnownFileType = sourcecode.c.objc; path = UDAgentViewModel.m; sourceTree = "<group>"; };
		445C59F21CD0AEB600256ED9 /* UDChatCellViewModel.h */ = {isa = PBXFileReference; fileEncoding = 4; lastKnownFileType = sourcecode.c.h; path = UDChatCellViewModel.h; sourceTree = "<group>"; };
		445C59F31CD0AEB600256ED9 /* UDChatCellViewModel.m */ = {isa = PBXFileReference; fileEncoding = 4; lastKnownFileType = sourcecode.c.objc; path = UDChatCellViewModel.m; sourceTree = "<group>"; };
		445C59F41CD0AEB600256ED9 /* UDChatViewModel.h */ = {isa = PBXFileReference; fileEncoding = 4; lastKnownFileType = sourcecode.c.h; path = UDChatViewModel.h; sourceTree = "<group>"; };
		445C59F51CD0AEB600256ED9 /* UDChatViewModel.m */ = {isa = PBXFileReference; fileEncoding = 4; lastKnownFileType = sourcecode.c.objc; path = UDChatViewModel.m; sourceTree = "<group>"; };
		445C59F81CD0AEB600256ED9 /* UDAgentStatusView.h */ = {isa = PBXFileReference; fileEncoding = 4; lastKnownFileType = sourcecode.c.h; path = UDAgentStatusView.h; sourceTree = "<group>"; };
		445C59F91CD0AEB600256ED9 /* UDAgentStatusView.m */ = {isa = PBXFileReference; fileEncoding = 4; lastKnownFileType = sourcecode.c.objc; path = UDAgentStatusView.m; sourceTree = "<group>"; };
		445C59FB1CD0AEB600256ED9 /* UDMessageContentView.h */ = {isa = PBXFileReference; fileEncoding = 4; lastKnownFileType = sourcecode.c.h; path = UDMessageContentView.h; sourceTree = "<group>"; };
		445C59FC1CD0AEB600256ED9 /* UDMessageContentView.m */ = {isa = PBXFileReference; fileEncoding = 4; lastKnownFileType = sourcecode.c.objc; path = UDMessageContentView.m; sourceTree = "<group>"; };
		445C59FD1CD0AEB600256ED9 /* UDMessageTableView.h */ = {isa = PBXFileReference; fileEncoding = 4; lastKnownFileType = sourcecode.c.h; path = UDMessageTableView.h; sourceTree = "<group>"; };
		445C59FE1CD0AEB600256ED9 /* UDMessageTableView.m */ = {isa = PBXFileReference; fileEncoding = 4; lastKnownFileType = sourcecode.c.objc; path = UDMessageTableView.m; sourceTree = "<group>"; };
		445C59FF1CD0AEB600256ED9 /* UDMessageTableViewCell.h */ = {isa = PBXFileReference; fileEncoding = 4; lastKnownFileType = sourcecode.c.h; path = UDMessageTableViewCell.h; sourceTree = "<group>"; };
		445C5A001CD0AEB600256ED9 /* UDMessageTableViewCell.m */ = {isa = PBXFileReference; fileEncoding = 4; lastKnownFileType = sourcecode.c.objc; path = UDMessageTableViewCell.m; sourceTree = "<group>"; };
		445C5A021CD0AEB600256ED9 /* UDEmotionManagerView.h */ = {isa = PBXFileReference; fileEncoding = 4; lastKnownFileType = sourcecode.c.h; path = UDEmotionManagerView.h; sourceTree = "<group>"; };
		445C5A031CD0AEB600256ED9 /* UDEmotionManagerView.m */ = {isa = PBXFileReference; fileEncoding = 4; lastKnownFileType = sourcecode.c.objc; path = UDEmotionManagerView.m; sourceTree = "<group>"; };
		445C5A051CD0AEB600256ED9 /* UDMessageInputView.h */ = {isa = PBXFileReference; fileEncoding = 4; lastKnownFileType = sourcecode.c.h; path = UDMessageInputView.h; sourceTree = "<group>"; };
		445C5A061CD0AEB600256ED9 /* UDMessageInputView.m */ = {isa = PBXFileReference; fileEncoding = 4; lastKnownFileType = sourcecode.c.objc; path = UDMessageInputView.m; sourceTree = "<group>"; };
		445C5A071CD0AEB600256ED9 /* UDMessageTextView.h */ = {isa = PBXFileReference; fileEncoding = 4; lastKnownFileType = sourcecode.c.h; path = UDMessageTextView.h; sourceTree = "<group>"; };
		445C5A081CD0AEB600256ED9 /* UDMessageTextView.m */ = {isa = PBXFileReference; fileEncoding = 4; lastKnownFileType = sourcecode.c.objc; path = UDMessageTextView.m; sourceTree = "<group>"; };
		445C5A091CD0AEB600256ED9 /* UDVoiceRecordHUD.h */ = {isa = PBXFileReference; fileEncoding = 4; lastKnownFileType = sourcecode.c.h; path = UDVoiceRecordHUD.h; sourceTree = "<group>"; };
		445C5A0A1CD0AEB600256ED9 /* UDVoiceRecordHUD.m */ = {isa = PBXFileReference; fileEncoding = 4; lastKnownFileType = sourcecode.c.objc; path = UDVoiceRecordHUD.m; sourceTree = "<group>"; };
		445C5A0E1CD0AEB600256ED9 /* NSArray+UDMessage.h */ = {isa = PBXFileReference; fileEncoding = 4; lastKnownFileType = sourcecode.c.h; path = "NSArray+UDMessage.h"; sourceTree = "<group>"; };
		445C5A0F1CD0AEB600256ED9 /* NSArray+UDMessage.m */ = {isa = PBXFileReference; fileEncoding = 4; lastKnownFileType = sourcecode.c.objc; path = "NSArray+UDMessage.m"; sourceTree = "<group>"; };
		445C5A111CD0AEB600256ED9 /* NSDictionary+UDMessage.h */ = {isa = PBXFileReference; fileEncoding = 4; lastKnownFileType = sourcecode.c.h; path = "NSDictionary+UDMessage.h"; sourceTree = "<group>"; };
		445C5A121CD0AEB600256ED9 /* NSDictionary+UDMessage.m */ = {isa = PBXFileReference; fileEncoding = 4; lastKnownFileType = sourcecode.c.objc; path = "NSDictionary+UDMessage.m"; sourceTree = "<group>"; };
		445C5A141CD0AEB600256ED9 /* NSTimer+UDMessage.h */ = {isa = PBXFileReference; fileEncoding = 4; lastKnownFileType = sourcecode.c.h; path = "NSTimer+UDMessage.h"; sourceTree = "<group>"; };
		445C5A151CD0AEB600256ED9 /* NSTimer+UDMessage.m */ = {isa = PBXFileReference; fileEncoding = 4; lastKnownFileType = sourcecode.c.objc; path = "NSTimer+UDMessage.m"; sourceTree = "<group>"; };
		445C5A171CD0AEB600256ED9 /* UIImage+UDMessage.h */ = {isa = PBXFileReference; fileEncoding = 4; lastKnownFileType = sourcecode.c.h; path = "UIImage+UDMessage.h"; sourceTree = "<group>"; };
		445C5A181CD0AEB600256ED9 /* UIImage+UDMessage.m */ = {isa = PBXFileReference; fileEncoding = 4; lastKnownFileType = sourcecode.c.objc; path = "UIImage+UDMessage.m"; sourceTree = "<group>"; };
		445C5A1B1CD0AEB600256ED9 /* UIViewController+UDKeyboardAnimation.h */ = {isa = PBXFileReference; fileEncoding = 4; lastKnownFileType = sourcecode.c.h; path = "UIViewController+UDKeyboardAnimation.h"; sourceTree = "<group>"; };
		445C5A1C1CD0AEB600256ED9 /* UIViewController+UDKeyboardAnimation.m */ = {isa = PBXFileReference; fileEncoding = 4; lastKnownFileType = sourcecode.c.objc; path = "UIViewController+UDKeyboardAnimation.m"; sourceTree = "<group>"; };
		445C5A1E1CD0AEB600256ED9 /* UDAudioPlayerHelper.h */ = {isa = PBXFileReference; fileEncoding = 4; lastKnownFileType = sourcecode.c.h; path = UDAudioPlayerHelper.h; sourceTree = "<group>"; };
		445C5A1F1CD0AEB600256ED9 /* UDAudioPlayerHelper.m */ = {isa = PBXFileReference; fileEncoding = 4; lastKnownFileType = sourcecode.c.objc; path = UDAudioPlayerHelper.m; sourceTree = "<group>"; };
		445C5A201CD0AEB600256ED9 /* UDBaseModel.h */ = {isa = PBXFileReference; fileEncoding = 4; lastKnownFileType = sourcecode.c.h; path = UDBaseModel.h; sourceTree = "<group>"; };
		445C5A211CD0AEB600256ED9 /* UDBaseModel.m */ = {isa = PBXFileReference; fileEncoding = 4; lastKnownFileType = sourcecode.c.objc; path = UDBaseModel.m; sourceTree = "<group>"; };
		445C5A221CD0AEB600256ED9 /* UDConfig.h */ = {isa = PBXFileReference; fileEncoding = 4; lastKnownFileType = sourcecode.c.h; path = UDConfig.h; sourceTree = "<group>"; };
		445C5A231CD0AEB600256ED9 /* UDConfig.m */ = {isa = PBXFileReference; fileEncoding = 4; lastKnownFileType = sourcecode.c.objc; path = UDConfig.m; sourceTree = "<group>"; };
		445C5A241CD0AEB600256ED9 /* UDConfigurationHelper.h */ = {isa = PBXFileReference; fileEncoding = 4; lastKnownFileType = sourcecode.c.h; path = UDConfigurationHelper.h; sourceTree = "<group>"; };
		445C5A251CD0AEB600256ED9 /* UDConfigurationHelper.m */ = {isa = PBXFileReference; fileEncoding = 4; lastKnownFileType = sourcecode.c.objc; path = UDConfigurationHelper.m; sourceTree = "<group>"; };
		445C5A261CD0AEB600256ED9 /* UdeskUtils.h */ = {isa = PBXFileReference; fileEncoding = 4; lastKnownFileType = sourcecode.c.h; path = UdeskUtils.h; sourceTree = "<group>"; };
		445C5A271CD0AEB600256ED9 /* UdeskUtils.m */ = {isa = PBXFileReference; fileEncoding = 4; lastKnownFileType = sourcecode.c.objc; path = UdeskUtils.m; sourceTree = "<group>"; };
		445C5A281CD0AEB600256ED9 /* UDFoundationMacro.h */ = {isa = PBXFileReference; fileEncoding = 4; lastKnownFileType = sourcecode.c.h; path = UDFoundationMacro.h; sourceTree = "<group>"; };
		445C5A291CD0AEB600256ED9 /* UDGeneral.h */ = {isa = PBXFileReference; fileEncoding = 4; lastKnownFileType = sourcecode.c.h; path = UDGeneral.h; sourceTree = "<group>"; };
		445C5A2A1CD0AEB600256ED9 /* UDGeneral.m */ = {isa = PBXFileReference; fileEncoding = 4; lastKnownFileType = sourcecode.c.objc; path = UDGeneral.m; sourceTree = "<group>"; };
		445C5A2B1CD0AEB600256ED9 /* UDKeywordRegularParser.h */ = {isa = PBXFileReference; fileEncoding = 4; lastKnownFileType = sourcecode.c.h; path = UDKeywordRegularParser.h; sourceTree = "<group>"; };
		445C5A2C1CD0AEB600256ED9 /* UDKeywordRegularParser.m */ = {isa = PBXFileReference; fileEncoding = 4; lastKnownFileType = sourcecode.c.objc; path = UDKeywordRegularParser.m; sourceTree = "<group>"; };
		445C5A2D1CD0AEB600256ED9 /* UDLabel.h */ = {isa = PBXFileReference; fileEncoding = 4; lastKnownFileType = sourcecode.c.h; path = UDLabel.h; sourceTree = "<group>"; };
		445C5A2E1CD0AEB600256ED9 /* UDLabel.m */ = {isa = PBXFileReference; fileEncoding = 4; lastKnownFileType = sourcecode.c.objc; path = UDLabel.m; sourceTree = "<group>"; };
		445C5A2F1CD0AEB600256ED9 /* UDPaserdKeyword.h */ = {isa = PBXFileReference; fileEncoding = 4; lastKnownFileType = sourcecode.c.h; path = UDPaserdKeyword.h; sourceTree = "<group>"; };
		445C5A301CD0AEB600256ED9 /* UDPaserdKeyword.m */ = {isa = PBXFileReference; fileEncoding = 4; lastKnownFileType = sourcecode.c.objc; path = UDPaserdKeyword.m; sourceTree = "<group>"; };
		445C5A311CD0AEB600256ED9 /* UDPhotographyHelper.h */ = {isa = PBXFileReference; fileEncoding = 4; lastKnownFileType = sourcecode.c.h; path = UDPhotographyHelper.h; sourceTree = "<group>"; };
		445C5A321CD0AEB600256ED9 /* UDPhotographyHelper.m */ = {isa = PBXFileReference; fileEncoding = 4; lastKnownFileType = sourcecode.c.objc; path = UDPhotographyHelper.m; sourceTree = "<group>"; };
		445C5A331CD0AEB600256ED9 /* UDReachability.h */ = {isa = PBXFileReference; fileEncoding = 4; lastKnownFileType = sourcecode.c.h; path = UDReachability.h; sourceTree = "<group>"; };
		445C5A341CD0AEB600256ED9 /* UDReachability.m */ = {isa = PBXFileReference; fileEncoding = 4; lastKnownFileType = sourcecode.c.objc; path = UDReachability.m; sourceTree = "<group>"; };
		445C5A351CD0AEB600256ED9 /* UDTools.h */ = {isa = PBXFileReference; fileEncoding = 4; lastKnownFileType = sourcecode.c.h; path = UDTools.h; sourceTree = "<group>"; };
		445C5A361CD0AEB600256ED9 /* UDTools.m */ = {isa = PBXFileReference; fileEncoding = 4; lastKnownFileType = sourcecode.c.objc; path = UDTools.m; sourceTree = "<group>"; };
		445C5A371CD0AEB600256ED9 /* UDTopAlertView.h */ = {isa = PBXFileReference; fileEncoding = 4; lastKnownFileType = sourcecode.c.h; path = UDTopAlertView.h; sourceTree = "<group>"; };
		445C5A381CD0AEB600256ED9 /* UDTopAlertView.m */ = {isa = PBXFileReference; fileEncoding = 4; lastKnownFileType = sourcecode.c.objc; path = UDTopAlertView.m; sourceTree = "<group>"; };
		445C5A391CD0AEB600256ED9 /* UDViewExt.h */ = {isa = PBXFileReference; fileEncoding = 4; lastKnownFileType = sourcecode.c.h; path = UDViewExt.h; sourceTree = "<group>"; };
		445C5A3A1CD0AEB600256ED9 /* UDViewExt.m */ = {isa = PBXFileReference; fileEncoding = 4; lastKnownFileType = sourcecode.c.objc; path = UDViewExt.m; sourceTree = "<group>"; };
		445C5A3B1CD0AEB600256ED9 /* UDVoiceRecordHelper.h */ = {isa = PBXFileReference; fileEncoding = 4; lastKnownFileType = sourcecode.c.h; path = UDVoiceRecordHelper.h; sourceTree = "<group>"; };
		445C5A3C1CD0AEB600256ED9 /* UDVoiceRecordHelper.m */ = {isa = PBXFileReference; fileEncoding = 4; lastKnownFileType = sourcecode.c.objc; path = UDVoiceRecordHelper.m; sourceTree = "<group>"; };
		445C5A3E1CD0AEB600256ED9 /* UDMessageBubbleFactory.h */ = {isa = PBXFileReference; fileEncoding = 4; lastKnownFileType = sourcecode.c.h; path = UDMessageBubbleFactory.h; sourceTree = "<group>"; };
		445C5A3F1CD0AEB600256ED9 /* UDMessageBubbleFactory.m */ = {isa = PBXFileReference; fileEncoding = 4; lastKnownFileType = sourcecode.c.objc; path = UDMessageBubbleFactory.m; sourceTree = "<group>"; };
		445C5A401CD0AEB600256ED9 /* UDMessageVoiceFactory.h */ = {isa = PBXFileReference; fileEncoding = 4; lastKnownFileType = sourcecode.c.h; path = UDMessageVoiceFactory.h; sourceTree = "<group>"; };
		445C5A411CD0AEB600256ED9 /* UDMessageVoiceFactory.m */ = {isa = PBXFileReference; fileEncoding = 4; lastKnownFileType = sourcecode.c.objc; path = UDMessageVoiceFactory.m; sourceTree = "<group>"; };
		445C5A441CD0AEB600256ED9 /* UDAlertController.h */ = {isa = PBXFileReference; fileEncoding = 4; lastKnownFileType = sourcecode.c.h; path = UDAlertController.h; sourceTree = "<group>"; };
		445C5A451CD0AEB600256ED9 /* UDAlertController.m */ = {isa = PBXFileReference; fileEncoding = 4; lastKnownFileType = sourcecode.c.objc; path = UDAlertController.m; sourceTree = "<group>"; };
		445C5A471CD0AEB600256ED9 /* UDCache.h */ = {isa = PBXFileReference; fileEncoding = 4; lastKnownFileType = sourcecode.c.h; path = UDCache.h; sourceTree = "<group>"; };
		445C5A481CD0AEB600256ED9 /* UDCache.m */ = {isa = PBXFileReference; fileEncoding = 4; lastKnownFileType = sourcecode.c.objc; path = UDCache.m; sourceTree = "<group>"; };
		445C5A491CD0AEB600256ED9 /* UDImageCompat.h */ = {isa = PBXFileReference; fileEncoding = 4; lastKnownFileType = sourcecode.c.h; path = UDImageCompat.h; sourceTree = "<group>"; };
		445C5A4A1CD0AEB600256ED9 /* UDImageCompat.m */ = {isa = PBXFileReference; fileEncoding = 4; lastKnownFileType = sourcecode.c.objc; path = UDImageCompat.m; sourceTree = "<group>"; };
		445C5A4B1CD0AEB600256ED9 /* UDImageDecoder.h */ = {isa = PBXFileReference; fileEncoding = 4; lastKnownFileType = sourcecode.c.h; path = UDImageDecoder.h; sourceTree = "<group>"; };
		445C5A4C1CD0AEB600256ED9 /* UDImageDecoder.m */ = {isa = PBXFileReference; fileEncoding = 4; lastKnownFileType = sourcecode.c.objc; path = UDImageDecoder.m; sourceTree = "<group>"; };
		445C5A4D1CD0AEB600256ED9 /* UIImage+UDMultiFormat.h */ = {isa = PBXFileReference; fileEncoding = 4; lastKnownFileType = sourcecode.c.h; path = "UIImage+UDMultiFormat.h"; sourceTree = "<group>"; };
		445C5A4E1CD0AEB600256ED9 /* UIImage+UDMultiFormat.m */ = {isa = PBXFileReference; fileEncoding = 4; lastKnownFileType = sourcecode.c.objc; path = "UIImage+UDMultiFormat.m"; sourceTree = "<group>"; };
		445C5A501CD0AEB600256ED9 /* UDHpple.h */ = {isa = PBXFileReference; fileEncoding = 4; lastKnownFileType = sourcecode.c.h; path = UDHpple.h; sourceTree = "<group>"; };
		445C5A511CD0AEB600256ED9 /* UDHpple.m */ = {isa = PBXFileReference; fileEncoding = 4; lastKnownFileType = sourcecode.c.objc; path = UDHpple.m; sourceTree = "<group>"; };
		445C5A521CD0AEB600256ED9 /* UDHppleElement.h */ = {isa = PBXFileReference; fileEncoding = 4; lastKnownFileType = sourcecode.c.h; path = UDHppleElement.h; sourceTree = "<group>"; };
		445C5A531CD0AEB600256ED9 /* UDHppleElement.m */ = {isa = PBXFileReference; fileEncoding = 4; lastKnownFileType = sourcecode.c.objc; path = UDHppleElement.m; sourceTree = "<group>"; };
		445C5A541CD0AEB600256ED9 /* UDXPathQuery.h */ = {isa = PBXFileReference; fileEncoding = 4; lastKnownFileType = sourcecode.c.h; path = UDXPathQuery.h; sourceTree = "<group>"; };
		445C5A551CD0AEB600256ED9 /* UDXPathQuery.m */ = {isa = PBXFileReference; fileEncoding = 4; lastKnownFileType = sourcecode.c.objc; path = UDXPathQuery.m; sourceTree = "<group>"; };
		445C5A571CD0AEB600256ED9 /* UDOneScrollView.h */ = {isa = PBXFileReference; fileEncoding = 4; lastKnownFileType = sourcecode.c.h; path = UDOneScrollView.h; sourceTree = "<group>"; };
		445C5A581CD0AEB600256ED9 /* UDOneScrollView.m */ = {isa = PBXFileReference; fileEncoding = 4; lastKnownFileType = sourcecode.c.objc; path = UDOneScrollView.m; sourceTree = "<group>"; };
		445C5A591CD0AEB600256ED9 /* UDPhotoManeger.h */ = {isa = PBXFileReference; fileEncoding = 4; lastKnownFileType = sourcecode.c.h; path = UDPhotoManeger.h; sourceTree = "<group>"; };
		445C5A5A1CD0AEB600256ED9 /* UDPhotoManeger.m */ = {isa = PBXFileReference; fileEncoding = 4; lastKnownFileType = sourcecode.c.objc; path = UDPhotoManeger.m; sourceTree = "<group>"; };
		445C5A5B1CD0AEB600256ED9 /* UDPhotoView.h */ = {isa = PBXFileReference; fileEncoding = 4; lastKnownFileType = sourcecode.c.h; path = UDPhotoView.h; sourceTree = "<group>"; };
		445C5A5C1CD0AEB600256ED9 /* UDPhotoView.m */ = {isa = PBXFileReference; fileEncoding = 4; lastKnownFileType = sourcecode.c.objc; path = UDPhotoView.m; sourceTree = "<group>"; };
		445C5A961CD0AEEC00256ED9 /* UDManager.h */ = {isa = PBXFileReference; lastKnownFileType = sourcecode.c.h; path = UDManager.h; sourceTree = "<group>"; };
		445C5A971CD0B09B00256ED9 /* libUdesk.a */ = {isa = PBXFileReference; lastKnownFileType = archive.ar; path = libUdesk.a; sourceTree = "<group>"; };
		448CD8911C979EE40049DE3F /* libxml2.tbd */ = {isa = PBXFileReference; lastKnownFileType = "sourcecode.text-based-dylib-definition"; name = libxml2.tbd; path = usr/lib/libxml2.tbd; sourceTree = SDKROOT; };
		44C3A05C1C93ADCE004BDB2B /* UdeskSDKExample.app */ = {isa = PBXFileReference; explicitFileType = wrapper.application; includeInIndex = 0; path = UdeskSDKExample.app; sourceTree = BUILT_PRODUCTS_DIR; };
		44C3A0601C93ADCE004BDB2B /* main.m */ = {isa = PBXFileReference; lastKnownFileType = sourcecode.c.objc; path = main.m; sourceTree = "<group>"; };
		44C3A0621C93ADCE004BDB2B /* AppDelegate.h */ = {isa = PBXFileReference; lastKnownFileType = sourcecode.c.h; path = AppDelegate.h; sourceTree = "<group>"; };
		44C3A0631C93ADCE004BDB2B /* AppDelegate.m */ = {isa = PBXFileReference; lastKnownFileType = sourcecode.c.objc; path = AppDelegate.m; sourceTree = "<group>"; };
		44C3A0651C93ADCE004BDB2B /* ViewController.h */ = {isa = PBXFileReference; lastKnownFileType = sourcecode.c.h; path = ViewController.h; sourceTree = "<group>"; };
		44C3A0661C93ADCE004BDB2B /* ViewController.m */ = {isa = PBXFileReference; lastKnownFileType = sourcecode.c.objc; path = ViewController.m; sourceTree = "<group>"; };
		44C3A0691C93ADCE004BDB2B /* Base */ = {isa = PBXFileReference; lastKnownFileType = file.storyboard; name = Base; path = Base.lproj/Main.storyboard; sourceTree = "<group>"; };
		44C3A06B1C93ADCE004BDB2B /* Assets.xcassets */ = {isa = PBXFileReference; lastKnownFileType = folder.assetcatalog; path = Assets.xcassets; sourceTree = "<group>"; };
		44C3A06E1C93ADCE004BDB2B /* Base */ = {isa = PBXFileReference; lastKnownFileType = file.storyboard; name = Base; path = Base.lproj/LaunchScreen.storyboard; sourceTree = "<group>"; };
		44C3A0701C93ADCE004BDB2B /* Info.plist */ = {isa = PBXFileReference; lastKnownFileType = text.plist.xml; path = Info.plist; sourceTree = "<group>"; };
		44C3A0761C93ADFF004BDB2B /* libsqlite3.tbd */ = {isa = PBXFileReference; lastKnownFileType = "sourcecode.text-based-dylib-definition"; name = libsqlite3.tbd; path = usr/lib/libsqlite3.tbd; sourceTree = SDKROOT; };
		44C3A0781C93AE05004BDB2B /* libresolv.tbd */ = {isa = PBXFileReference; lastKnownFileType = "sourcecode.text-based-dylib-definition"; name = libresolv.tbd; path = usr/lib/libresolv.tbd; sourceTree = SDKROOT; };
		44C3A07C1C93AE11004BDB2B /* libz.tbd */ = {isa = PBXFileReference; lastKnownFileType = "sourcecode.text-based-dylib-definition"; name = libz.tbd; path = usr/lib/libz.tbd; sourceTree = SDKROOT; };
		44C3A1BD1C93AF51004BDB2B /* UdeskBundle.bundle */ = {isa = PBXFileReference; lastKnownFileType = "wrapper.plug-in"; path = UdeskBundle.bundle; sourceTree = "<group>"; };
		44C3A2731C93AF7E004BDB2B /* UdeskSDKPrefixHeader.pch */ = {isa = PBXFileReference; lastKnownFileType = sourcecode.c.h; path = UdeskSDKPrefixHeader.pch; sourceTree = "<group>"; };
/* End PBXFileReference section */

/* Begin PBXFrameworksBuildPhase section */
		44C3A0591C93ADCE004BDB2B /* Frameworks */ = {
			isa = PBXFrameworksBuildPhase;
			buildActionMask = 2147483647;
			files = (
				44C3A07D1C93AE11004BDB2B /* libz.tbd in Frameworks */,
				445C5A981CD0B09B00256ED9 /* libUdesk.a in Frameworks */,
				448CD8921C979EE40049DE3F /* libxml2.tbd in Frameworks */,
				44C3A0791C93AE05004BDB2B /* libresolv.tbd in Frameworks */,
				44C3A0771C93ADFF004BDB2B /* libsqlite3.tbd in Frameworks */,
			);
			runOnlyForDeploymentPostprocessing = 0;
		};
/* End PBXFrameworksBuildPhase section */

/* Begin PBXGroup section */
		445C59CD1CD0AEB600256ED9 /* UDChatMessage */ = {
			isa = PBXGroup;
			children = (
				445C59CE1CD0AEB600256ED9 /* FAQ */,
				445C59D91CD0AEB600256ED9 /* IM */,
				445C5A0B1CD0AEB600256ED9 /* Tools */,
			);
			path = UDChatMessage;
			sourceTree = "<group>";
		};
		445C59CE1CD0AEB600256ED9 /* FAQ */ = {
			isa = PBXGroup;
			children = (
				445C59CF1CD0AEB600256ED9 /* Controller */,
				445C59D61CD0AEB600256ED9 /* Models */,
			);
			path = FAQ;
			sourceTree = "<group>";
		};
		445C59CF1CD0AEB600256ED9 /* Controller */ = {
			isa = PBXGroup;
			children = (
				445C59D01CD0AEB600256ED9 /* UDContentController.h */,
				445C59D11CD0AEB600256ED9 /* UDContentController.m */,
				445C59D21CD0AEB600256ED9 /* UDFaqController.h */,
				445C59D31CD0AEB600256ED9 /* UDFaqController.m */,
				445C59D41CD0AEB600256ED9 /* UDSearchController.h */,
				445C59D51CD0AEB600256ED9 /* UDSearchController.m */,
			);
			path = Controller;
			sourceTree = "<group>";
		};
		445C59D61CD0AEB600256ED9 /* Models */ = {
			isa = PBXGroup;
			children = (
				445C59D71CD0AEB600256ED9 /* UDProblemModel.h */,
				445C59D81CD0AEB600256ED9 /* UDProblemModel.m */,
			);
			path = Models;
			sourceTree = "<group>";
		};
		445C59D91CD0AEB600256ED9 /* IM */ = {
			isa = PBXGroup;
			children = (
				445C59DA1CD0AEB600256ED9 /* Controller */,
				445C59E31CD0AEB600256ED9 /* DataController */,
				445C59E61CD0AEB600256ED9 /* Models */,
				445C59EF1CD0AEB600256ED9 /* ViewModel */,
				445C59F61CD0AEB600256ED9 /* Views */,
			);
			path = IM;
			sourceTree = "<group>";
		};
		445C59DA1CD0AEB600256ED9 /* Controller */ = {
			isa = PBXGroup;
			children = (
				445C59DB1CD0AEB600256ED9 /* UDAgentNavigationMenu.h */,
				445C59DC1CD0AEB600256ED9 /* UDAgentNavigationMenu.m */,
				445C59DD1CD0AEB600256ED9 /* UDChatViewController.h */,
				445C59DE1CD0AEB600256ED9 /* UDChatViewController.m */,
				445C59DF1CD0AEB600256ED9 /* UDRobotIMViewController.h */,
				445C59E01CD0AEB600256ED9 /* UDRobotIMViewController.m */,
				445C59E11CD0AEB600256ED9 /* UDTicketViewController.h */,
				445C59E21CD0AEB600256ED9 /* UDTicketViewController.m */,
			);
			path = Controller;
			sourceTree = "<group>";
		};
		445C59E31CD0AEB600256ED9 /* DataController */ = {
			isa = PBXGroup;
			children = (
				445C59E41CD0AEB600256ED9 /* UDChatDataController.h */,
				445C59E51CD0AEB600256ED9 /* UDChatDataController.m */,
			);
			path = DataController;
			sourceTree = "<group>";
		};
		445C59E61CD0AEB600256ED9 /* Models */ = {
			isa = PBXGroup;
			children = (
				445C59E71CD0AEB600256ED9 /* UDAgentMenuModel.h */,
				445C59E81CD0AEB600256ED9 /* UDAgentMenuModel.m */,
				445C59E91CD0AEB600256ED9 /* UDAgentModel.h */,
				445C59EA1CD0AEB600256ED9 /* UDAgentModel.m */,
				445C59EB1CD0AEB600256ED9 /* UDMessage.h */,
				445C59EC1CD0AEB600256ED9 /* UDMessage.m */,
				445C59ED1CD0AEB600256ED9 /* UDReceiveMessage.h */,
				445C59EE1CD0AEB600256ED9 /* UDReceiveMessage.m */,
			);
			path = Models;
			sourceTree = "<group>";
		};
		445C59EF1CD0AEB600256ED9 /* ViewModel */ = {
			isa = PBXGroup;
			children = (
				445C59F01CD0AEB600256ED9 /* UDAgentViewModel.h */,
				445C59F11CD0AEB600256ED9 /* UDAgentViewModel.m */,
				445C59F21CD0AEB600256ED9 /* UDChatCellViewModel.h */,
				445C59F31CD0AEB600256ED9 /* UDChatCellViewModel.m */,
				445C59F41CD0AEB600256ED9 /* UDChatViewModel.h */,
				445C59F51CD0AEB600256ED9 /* UDChatViewModel.m */,
			);
			path = ViewModel;
			sourceTree = "<group>";
		};
		445C59F61CD0AEB600256ED9 /* Views */ = {
			isa = PBXGroup;
			children = (
				445C59F71CD0AEB600256ED9 /* AgentView */,
				445C59FA1CD0AEB600256ED9 /* MessageContentViews */,
				445C5A011CD0AEB600256ED9 /* MessageEmotionViews */,
				445C5A041CD0AEB600256ED9 /* MessageInputView */,
			);
			path = Views;
			sourceTree = "<group>";
		};
		445C59F71CD0AEB600256ED9 /* AgentView */ = {
			isa = PBXGroup;
			children = (
				445C59F81CD0AEB600256ED9 /* UDAgentStatusView.h */,
				445C59F91CD0AEB600256ED9 /* UDAgentStatusView.m */,
			);
			path = AgentView;
			sourceTree = "<group>";
		};
		445C59FA1CD0AEB600256ED9 /* MessageContentViews */ = {
			isa = PBXGroup;
			children = (
				445C59FB1CD0AEB600256ED9 /* UDMessageContentView.h */,
				445C59FC1CD0AEB600256ED9 /* UDMessageContentView.m */,
				445C59FD1CD0AEB600256ED9 /* UDMessageTableView.h */,
				445C59FE1CD0AEB600256ED9 /* UDMessageTableView.m */,
				445C59FF1CD0AEB600256ED9 /* UDMessageTableViewCell.h */,
				445C5A001CD0AEB600256ED9 /* UDMessageTableViewCell.m */,
			);
			path = MessageContentViews;
			sourceTree = "<group>";
		};
		445C5A011CD0AEB600256ED9 /* MessageEmotionViews */ = {
			isa = PBXGroup;
			children = (
				445C5A021CD0AEB600256ED9 /* UDEmotionManagerView.h */,
				445C5A031CD0AEB600256ED9 /* UDEmotionManagerView.m */,
			);
			path = MessageEmotionViews;
			sourceTree = "<group>";
		};
		445C5A041CD0AEB600256ED9 /* MessageInputView */ = {
			isa = PBXGroup;
			children = (
				445C5A051CD0AEB600256ED9 /* UDMessageInputView.h */,
				445C5A061CD0AEB600256ED9 /* UDMessageInputView.m */,
				445C5A071CD0AEB600256ED9 /* UDMessageTextView.h */,
				445C5A081CD0AEB600256ED9 /* UDMessageTextView.m */,
				445C5A091CD0AEB600256ED9 /* UDVoiceRecordHUD.h */,
				445C5A0A1CD0AEB600256ED9 /* UDVoiceRecordHUD.m */,
			);
			path = MessageInputView;
			sourceTree = "<group>";
		};
		445C5A0B1CD0AEB600256ED9 /* Tools */ = {
			isa = PBXGroup;
			children = (
				445C5A0C1CD0AEB600256ED9 /* Category */,
				445C5A1D1CD0AEB600256ED9 /* Common */,
				445C5A3D1CD0AEB600256ED9 /* Factorys */,
				445C5A421CD0AEB600256ED9 /* Vendor */,
			);
			path = Tools;
			sourceTree = "<group>";
		};
		445C5A0C1CD0AEB600256ED9 /* Category */ = {
			isa = PBXGroup;
			children = (
				445C5A0D1CD0AEB600256ED9 /* NSArray */,
				445C5A101CD0AEB600256ED9 /* NSDictionary */,
				445C5A131CD0AEB600256ED9 /* NSTimer */,
				445C5A161CD0AEB600256ED9 /* UIImage */,
				445C5A191CD0AEB600256ED9 /* UITableView */,
				445C5A1A1CD0AEB600256ED9 /* UIViewController */,
			);
			path = Category;
			sourceTree = "<group>";
		};
		445C5A0D1CD0AEB600256ED9 /* NSArray */ = {
			isa = PBXGroup;
			children = (
				445C5A0E1CD0AEB600256ED9 /* NSArray+UDMessage.h */,
				445C5A0F1CD0AEB600256ED9 /* NSArray+UDMessage.m */,
			);
			path = NSArray;
			sourceTree = "<group>";
		};
		445C5A101CD0AEB600256ED9 /* NSDictionary */ = {
			isa = PBXGroup;
			children = (
				445C5A111CD0AEB600256ED9 /* NSDictionary+UDMessage.h */,
				445C5A121CD0AEB600256ED9 /* NSDictionary+UDMessage.m */,
			);
			path = NSDictionary;
			sourceTree = "<group>";
		};
		445C5A131CD0AEB600256ED9 /* NSTimer */ = {
			isa = PBXGroup;
			children = (
				445C5A141CD0AEB600256ED9 /* NSTimer+UDMessage.h */,
				445C5A151CD0AEB600256ED9 /* NSTimer+UDMessage.m */,
			);
			path = NSTimer;
			sourceTree = "<group>";
		};
		445C5A161CD0AEB600256ED9 /* UIImage */ = {
			isa = PBXGroup;
			children = (
				445C5A171CD0AEB600256ED9 /* UIImage+UDMessage.h */,
				445C5A181CD0AEB600256ED9 /* UIImage+UDMessage.m */,
			);
			path = UIImage;
			sourceTree = "<group>";
		};
		445C5A191CD0AEB600256ED9 /* UITableView */ = {
			isa = PBXGroup;
			children = (
			);
			path = UITableView;
			sourceTree = "<group>";
		};
		445C5A1A1CD0AEB600256ED9 /* UIViewController */ = {
			isa = PBXGroup;
			children = (
				445C5A1B1CD0AEB600256ED9 /* UIViewController+UDKeyboardAnimation.h */,
				445C5A1C1CD0AEB600256ED9 /* UIViewController+UDKeyboardAnimation.m */,
			);
			path = UIViewController;
			sourceTree = "<group>";
		};
		445C5A1D1CD0AEB600256ED9 /* Common */ = {
			isa = PBXGroup;
			children = (
				445C5A1E1CD0AEB600256ED9 /* UDAudioPlayerHelper.h */,
				445C5A1F1CD0AEB600256ED9 /* UDAudioPlayerHelper.m */,
				445C5A201CD0AEB600256ED9 /* UDBaseModel.h */,
				445C5A211CD0AEB600256ED9 /* UDBaseModel.m */,
				445C5A221CD0AEB600256ED9 /* UDConfig.h */,
				445C5A231CD0AEB600256ED9 /* UDConfig.m */,
				445C5A241CD0AEB600256ED9 /* UDConfigurationHelper.h */,
				445C5A251CD0AEB600256ED9 /* UDConfigurationHelper.m */,
				445C5A261CD0AEB600256ED9 /* UdeskUtils.h */,
				445C5A271CD0AEB600256ED9 /* UdeskUtils.m */,
				445C5A281CD0AEB600256ED9 /* UDFoundationMacro.h */,
				445C5A291CD0AEB600256ED9 /* UDGeneral.h */,
				445C5A2A1CD0AEB600256ED9 /* UDGeneral.m */,
				445C5A2B1CD0AEB600256ED9 /* UDKeywordRegularParser.h */,
				445C5A2C1CD0AEB600256ED9 /* UDKeywordRegularParser.m */,
				445C5A2D1CD0AEB600256ED9 /* UDLabel.h */,
				445C5A2E1CD0AEB600256ED9 /* UDLabel.m */,
				445C5A2F1CD0AEB600256ED9 /* UDPaserdKeyword.h */,
				445C5A301CD0AEB600256ED9 /* UDPaserdKeyword.m */,
				445C5A311CD0AEB600256ED9 /* UDPhotographyHelper.h */,
				445C5A321CD0AEB600256ED9 /* UDPhotographyHelper.m */,
				445C5A331CD0AEB600256ED9 /* UDReachability.h */,
				445C5A341CD0AEB600256ED9 /* UDReachability.m */,
				445C5A351CD0AEB600256ED9 /* UDTools.h */,
				445C5A361CD0AEB600256ED9 /* UDTools.m */,
				445C5A371CD0AEB600256ED9 /* UDTopAlertView.h */,
				445C5A381CD0AEB600256ED9 /* UDTopAlertView.m */,
				445C5A391CD0AEB600256ED9 /* UDViewExt.h */,
				445C5A3A1CD0AEB600256ED9 /* UDViewExt.m */,
				445C5A3B1CD0AEB600256ED9 /* UDVoiceRecordHelper.h */,
				445C5A3C1CD0AEB600256ED9 /* UDVoiceRecordHelper.m */,
			);
			path = Common;
			sourceTree = "<group>";
		};
		445C5A3D1CD0AEB600256ED9 /* Factorys */ = {
			isa = PBXGroup;
			children = (
				445C5A3E1CD0AEB600256ED9 /* UDMessageBubbleFactory.h */,
				445C5A3F1CD0AEB600256ED9 /* UDMessageBubbleFactory.m */,
				445C5A401CD0AEB600256ED9 /* UDMessageVoiceFactory.h */,
				445C5A411CD0AEB600256ED9 /* UDMessageVoiceFactory.m */,
			);
			path = Factorys;
			sourceTree = "<group>";
		};
		445C5A421CD0AEB600256ED9 /* Vendor */ = {
			isa = PBXGroup;
			children = (
				445C5A431CD0AEB600256ED9 /* UDAlertController */,
				445C5A461CD0AEB600256ED9 /* UDCache */,
				445C5A4F1CD0AEB600256ED9 /* UDHpple */,
				445C5A561CD0AEB600256ED9 /* UDPhotoViewer */,
			);
			path = Vendor;
			sourceTree = "<group>";
		};
		445C5A431CD0AEB600256ED9 /* UDAlertController */ = {
			isa = PBXGroup;
			children = (
				445C5A441CD0AEB600256ED9 /* UDAlertController.h */,
				445C5A451CD0AEB600256ED9 /* UDAlertController.m */,
			);
			path = UDAlertController;
			sourceTree = "<group>";
		};
		445C5A461CD0AEB600256ED9 /* UDCache */ = {
			isa = PBXGroup;
			children = (
				445C5A471CD0AEB600256ED9 /* UDCache.h */,
				445C5A481CD0AEB600256ED9 /* UDCache.m */,
				445C5A491CD0AEB600256ED9 /* UDImageCompat.h */,
				445C5A4A1CD0AEB600256ED9 /* UDImageCompat.m */,
				445C5A4B1CD0AEB600256ED9 /* UDImageDecoder.h */,
				445C5A4C1CD0AEB600256ED9 /* UDImageDecoder.m */,
				445C5A4D1CD0AEB600256ED9 /* UIImage+UDMultiFormat.h */,
				445C5A4E1CD0AEB600256ED9 /* UIImage+UDMultiFormat.m */,
			);
			path = UDCache;
			sourceTree = "<group>";
		};
		445C5A4F1CD0AEB600256ED9 /* UDHpple */ = {
			isa = PBXGroup;
			children = (
				445C5A501CD0AEB600256ED9 /* UDHpple.h */,
				445C5A511CD0AEB600256ED9 /* UDHpple.m */,
				445C5A521CD0AEB600256ED9 /* UDHppleElement.h */,
				445C5A531CD0AEB600256ED9 /* UDHppleElement.m */,
				445C5A541CD0AEB600256ED9 /* UDXPathQuery.h */,
				445C5A551CD0AEB600256ED9 /* UDXPathQuery.m */,
			);
			path = UDHpple;
			sourceTree = "<group>";
		};
		445C5A561CD0AEB600256ED9 /* UDPhotoViewer */ = {
			isa = PBXGroup;
			children = (
				445C5A571CD0AEB600256ED9 /* UDOneScrollView.h */,
				445C5A581CD0AEB600256ED9 /* UDOneScrollView.m */,
				445C5A591CD0AEB600256ED9 /* UDPhotoManeger.h */,
				445C5A5A1CD0AEB600256ED9 /* UDPhotoManeger.m */,
				445C5A5B1CD0AEB600256ED9 /* UDPhotoView.h */,
				445C5A5C1CD0AEB600256ED9 /* UDPhotoView.m */,
			);
			path = UDPhotoViewer;
			sourceTree = "<group>";
		};
		44C3A0531C93ADCE004BDB2B = {
			isa = PBXGroup;
			children = (
				44C3A07C1C93AE11004BDB2B /* libz.tbd */,
				448CD8911C979EE40049DE3F /* libxml2.tbd */,
				44C3A0781C93AE05004BDB2B /* libresolv.tbd */,
				44C3A0761C93ADFF004BDB2B /* libsqlite3.tbd */,
				44C3A1BB1C93AF51004BDB2B /* UdeskSDK */,
				44C3A05E1C93ADCE004BDB2B /* UdeskSDKExample */,
				44C3A05D1C93ADCE004BDB2B /* Products */,
			);
			sourceTree = "<group>";
		};
		44C3A05D1C93ADCE004BDB2B /* Products */ = {
			isa = PBXGroup;
			children = (
				44C3A05C1C93ADCE004BDB2B /* UdeskSDKExample.app */,
			);
			name = Products;
			sourceTree = "<group>";
		};
		44C3A05E1C93ADCE004BDB2B /* UdeskSDKExample */ = {
			isa = PBXGroup;
			children = (
				4440A1AC1C9A8DD400610BA8 /* udesk.jpg */,
				44C3A0621C93ADCE004BDB2B /* AppDelegate.h */,
				44C3A0631C93ADCE004BDB2B /* AppDelegate.m */,
				44C3A0651C93ADCE004BDB2B /* ViewController.h */,
				44C3A0661C93ADCE004BDB2B /* ViewController.m */,
				4450AC841CA50AAC004CBE2C /* DomainKeyViewController.h */,
				4450AC851CA50AAC004CBE2C /* DomainKeyViewController.m */,
				4440A1A91C9A829400610BA8 /* UDTableViewController.h */,
				4440A1AA1C9A829400610BA8 /* UDTableViewController.m */,
				44C3A0681C93ADCE004BDB2B /* Main.storyboard */,
				44C3A06B1C93ADCE004BDB2B /* Assets.xcassets */,
				44C3A06D1C93ADCE004BDB2B /* LaunchScreen.storyboard */,
				44C3A0701C93ADCE004BDB2B /* Info.plist */,
				44C3A05F1C93ADCE004BDB2B /* Supporting Files */,
			);
			path = UdeskSDKExample;
			sourceTree = "<group>";
		};
		44C3A05F1C93ADCE004BDB2B /* Supporting Files */ = {
			isa = PBXGroup;
			children = (
				44C3A0601C93ADCE004BDB2B /* main.m */,
				44C3A2731C93AF7E004BDB2B /* UdeskSDKPrefixHeader.pch */,
			);
			name = "Supporting Files";
			sourceTree = "<group>";
		};
		44C3A1BB1C93AF51004BDB2B /* UdeskSDK */ = {
			isa = PBXGroup;
			children = (
				445C59CD1CD0AEB600256ED9 /* UDChatMessage */,
				44C3A1BC1C93AF51004BDB2B /* Resource */,
				44C3A1BE1C93AF51004BDB2B /* SDK */,
			);
			name = UdeskSDK;
			path = ../UdeskSDK;
			sourceTree = "<group>";
		};
		44C3A1BC1C93AF51004BDB2B /* Resource */ = {
			isa = PBXGroup;
			children = (
				44C3A1BD1C93AF51004BDB2B /* UdeskBundle.bundle */,
			);
			path = Resource;
			sourceTree = "<group>";
		};
		44C3A1BE1C93AF51004BDB2B /* SDK */ = {
			isa = PBXGroup;
			children = (
				445C5A971CD0B09B00256ED9 /* libUdesk.a */,
				445C5A961CD0AEEC00256ED9 /* UDManager.h */,
			);
			path = SDK;
			sourceTree = "<group>";
		};
/* End PBXGroup section */

/* Begin PBXNativeTarget section */
		44C3A05B1C93ADCE004BDB2B /* UdeskSDKExample */ = {
			isa = PBXNativeTarget;
			buildConfigurationList = 44C3A0731C93ADCE004BDB2B /* Build configuration list for PBXNativeTarget "UdeskSDKExample" */;
			buildPhases = (
				44C3A0581C93ADCE004BDB2B /* Sources */,
				44C3A0591C93ADCE004BDB2B /* Frameworks */,
				44C3A05A1C93ADCE004BDB2B /* Resources */,
			);
			buildRules = (
			);
			dependencies = (
			);
			name = UdeskSDKExample;
			productName = UdeskSDKExample;
			productReference = 44C3A05C1C93ADCE004BDB2B /* UdeskSDKExample.app */;
			productType = "com.apple.product-type.application";
		};
/* End PBXNativeTarget section */

/* Begin PBXProject section */
		44C3A0541C93ADCE004BDB2B /* Project object */ = {
			isa = PBXProject;
			attributes = {
				LastUpgradeCheck = 0720;
				ORGANIZATIONNAME = xuchen;
				TargetAttributes = {
					44C3A05B1C93ADCE004BDB2B = {
						CreatedOnToolsVersion = 7.2.1;
						DevelopmentTeam = 3DAML2Y2PL;
					};
				};
			};
			buildConfigurationList = 44C3A0571C93ADCE004BDB2B /* Build configuration list for PBXProject "UdeskSDKExample" */;
			compatibilityVersion = "Xcode 3.2";
			developmentRegion = English;
			hasScannedForEncodings = 0;
			knownRegions = (
				en,
				Base,
			);
			mainGroup = 44C3A0531C93ADCE004BDB2B;
			productRefGroup = 44C3A05D1C93ADCE004BDB2B /* Products */;
			projectDirPath = "";
			projectRoot = "";
			targets = (
				44C3A05B1C93ADCE004BDB2B /* UdeskSDKExample */,
			);
		};
/* End PBXProject section */

/* Begin PBXResourcesBuildPhase section */
		44C3A05A1C93ADCE004BDB2B /* Resources */ = {
			isa = PBXResourcesBuildPhase;
			buildActionMask = 2147483647;
			files = (
				44C3A2401C93AF51004BDB2B /* UdeskBundle.bundle in Resources */,
				44C3A06F1C93ADCE004BDB2B /* LaunchScreen.storyboard in Resources */,
				44C3A06C1C93ADCE004BDB2B /* Assets.xcassets in Resources */,
				44C3A06A1C93ADCE004BDB2B /* Main.storyboard in Resources */,
				4440A1AD1C9A8DD400610BA8 /* udesk.jpg in Resources */,
			);
			runOnlyForDeploymentPostprocessing = 0;
		};
/* End PBXResourcesBuildPhase section */

/* Begin PBXSourcesBuildPhase section */
		44C3A0581C93ADCE004BDB2B /* Sources */ = {
			isa = PBXSourcesBuildPhase;
			buildActionMask = 2147483647;
			files = (
				445C5A651CD0AEB600256ED9 /* UDChatDataController.m in Sources */,
				445C5A5D1CD0AEB600256ED9 /* UDContentController.m in Sources */,
				445C5A831CD0AEB600256ED9 /* UDPhotographyHelper.m in Sources */,
				445C5A671CD0AEB600256ED9 /* UDAgentModel.m in Sources */,
				445C5A6C1CD0AEB600256ED9 /* UDChatViewModel.m in Sources */,
				445C5A6E1CD0AEB600256ED9 /* UDMessageContentView.m in Sources */,
				445C5A711CD0AEB600256ED9 /* UDEmotionManagerView.m in Sources */,
				445C5A781CD0AEB600256ED9 /* UIImage+UDMessage.m in Sources */,
				445C5A7D1CD0AEB600256ED9 /* UDConfigurationHelper.m in Sources */,
				445C5A931CD0AEB600256ED9 /* UDOneScrollView.m in Sources */,
				4450AC861CA50AAC004CBE2C /* DomainKeyViewController.m in Sources */,
				445C5A801CD0AEB600256ED9 /* UDKeywordRegularParser.m in Sources */,
				445C5A6D1CD0AEB600256ED9 /* UDAgentStatusView.m in Sources */,
				445C5A811CD0AEB600256ED9 /* UDLabel.m in Sources */,
				445C5A5F1CD0AEB600256ED9 /* UDSearchController.m in Sources */,
				445C5A941CD0AEB600256ED9 /* UDPhotoManeger.m in Sources */,
				4440A1AB1C9A829400610BA8 /* UDTableViewController.m in Sources */,
				445C5A6A1CD0AEB600256ED9 /* UDAgentViewModel.m in Sources */,
				445C5A641CD0AEB600256ED9 /* UDTicketViewController.m in Sources */,
				445C5A661CD0AEB600256ED9 /* UDAgentMenuModel.m in Sources */,
				445C5A7E1CD0AEB600256ED9 /* UdeskUtils.m in Sources */,
				445C5A691CD0AEB600256ED9 /* UDReceiveMessage.m in Sources */,
				445C5A631CD0AEB600256ED9 /* UDRobotIMViewController.m in Sources */,
				445C5A911CD0AEB600256ED9 /* UDHppleElement.m in Sources */,
				445C5A891CD0AEB600256ED9 /* UDMessageBubbleFactory.m in Sources */,
				445C5A681CD0AEB600256ED9 /* UDMessage.m in Sources */,
				445C5A8A1CD0AEB600256ED9 /* UDMessageVoiceFactory.m in Sources */,
				445C5A8E1CD0AEB600256ED9 /* UDImageDecoder.m in Sources */,
				445C5A921CD0AEB600256ED9 /* UDXPathQuery.m in Sources */,
				445C5A721CD0AEB600256ED9 /* UDMessageInputView.m in Sources */,
				445C5A621CD0AEB600256ED9 /* UDChatViewController.m in Sources */,
				445C5A7F1CD0AEB600256ED9 /* UDGeneral.m in Sources */,
				445C5A861CD0AEB600256ED9 /* UDTopAlertView.m in Sources */,
				445C5A6F1CD0AEB600256ED9 /* UDMessageTableView.m in Sources */,
				445C5A871CD0AEB600256ED9 /* UDViewExt.m in Sources */,
				445C5A751CD0AEB600256ED9 /* NSArray+UDMessage.m in Sources */,
				445C5A701CD0AEB600256ED9 /* UDMessageTableViewCell.m in Sources */,
				445C5A731CD0AEB600256ED9 /* UDMessageTextView.m in Sources */,
				44C3A0671C93ADCE004BDB2B /* ViewController.m in Sources */,
				445C5A8F1CD0AEB600256ED9 /* UIImage+UDMultiFormat.m in Sources */,
				445C5A611CD0AEB600256ED9 /* UDAgentNavigationMenu.m in Sources */,
				445C5A7C1CD0AEB600256ED9 /* UDConfig.m in Sources */,
				445C5A851CD0AEB600256ED9 /* UDTools.m in Sources */,
				445C5A821CD0AEB600256ED9 /* UDPaserdKeyword.m in Sources */,
				445C5A7B1CD0AEB600256ED9 /* UDBaseModel.m in Sources */,
				445C5A791CD0AEB600256ED9 /* UIViewController+UDKeyboardAnimation.m in Sources */,
				44C3A0641C93ADCE004BDB2B /* AppDelegate.m in Sources */,
				445C5A8C1CD0AEB600256ED9 /* UDCache.m in Sources */,
				445C5A901CD0AEB600256ED9 /* UDHpple.m in Sources */,
				445C5A771CD0AEB600256ED9 /* NSTimer+UDMessage.m in Sources */,
				44C3A0611C93ADCE004BDB2B /* main.m in Sources */,
				445C5A8B1CD0AEB600256ED9 /* UDAlertController.m in Sources */,
				445C5A951CD0AEB600256ED9 /* UDPhotoView.m in Sources */,
				445C5A7A1CD0AEB600256ED9 /* UDAudioPlayerHelper.m in Sources */,
				445C5A6B1CD0AEB600256ED9 /* UDChatCellViewModel.m in Sources */,
				445C5A5E1CD0AEB600256ED9 /* UDFaqController.m in Sources */,
				445C5A601CD0AEB600256ED9 /* UDProblemModel.m in Sources */,
				445C5A881CD0AEB600256ED9 /* UDVoiceRecordHelper.m in Sources */,
				445C5A8D1CD0AEB600256ED9 /* UDImageCompat.m in Sources */,
				445C5A741CD0AEB600256ED9 /* UDVoiceRecordHUD.m in Sources */,
				445C5A761CD0AEB600256ED9 /* NSDictionary+UDMessage.m in Sources */,
				445C5A841CD0AEB600256ED9 /* UDReachability.m in Sources */,
			);
			runOnlyForDeploymentPostprocessing = 0;
		};
/* End PBXSourcesBuildPhase section */

/* Begin PBXVariantGroup section */
		44C3A0681C93ADCE004BDB2B /* Main.storyboard */ = {
			isa = PBXVariantGroup;
			children = (
				44C3A0691C93ADCE004BDB2B /* Base */,
			);
			name = Main.storyboard;
			sourceTree = "<group>";
		};
		44C3A06D1C93ADCE004BDB2B /* LaunchScreen.storyboard */ = {
			isa = PBXVariantGroup;
			children = (
				44C3A06E1C93ADCE004BDB2B /* Base */,
			);
			name = LaunchScreen.storyboard;
			sourceTree = "<group>";
		};
/* End PBXVariantGroup section */

/* Begin XCBuildConfiguration section */
		44C3A0711C93ADCE004BDB2B /* Debug */ = {
			isa = XCBuildConfiguration;
			buildSettings = {
				ALWAYS_SEARCH_USER_PATHS = NO;
				CLANG_CXX_LANGUAGE_STANDARD = "gnu++0x";
				CLANG_CXX_LIBRARY = "libc++";
				CLANG_ENABLE_MODULES = YES;
				CLANG_ENABLE_OBJC_ARC = YES;
				CLANG_WARN_BOOL_CONVERSION = YES;
				CLANG_WARN_CONSTANT_CONVERSION = YES;
				CLANG_WARN_DIRECT_OBJC_ISA_USAGE = YES_ERROR;
				CLANG_WARN_EMPTY_BODY = YES;
				CLANG_WARN_ENUM_CONVERSION = YES;
				CLANG_WARN_INT_CONVERSION = YES;
				CLANG_WARN_OBJC_ROOT_CLASS = YES_ERROR;
				CLANG_WARN_UNREACHABLE_CODE = YES;
				CLANG_WARN__DUPLICATE_METHOD_MATCH = YES;
				CODE_SIGN_IDENTITY = "iPhone Developer: Lipeng Xiao (ZWGRWPKARH)";
				"CODE_SIGN_IDENTITY[sdk=iphoneos*]" = "iPhone Developer: Lipeng Xiao (ZWGRWPKARH)";
				COPY_PHASE_STRIP = NO;
				DEBUG_INFORMATION_FORMAT = dwarf;
				ENABLE_STRICT_OBJC_MSGSEND = YES;
				ENABLE_TESTABILITY = YES;
				GCC_C_LANGUAGE_STANDARD = gnu99;
				GCC_DYNAMIC_NO_PIC = NO;
				GCC_NO_COMMON_BLOCKS = YES;
				GCC_OPTIMIZATION_LEVEL = 0;
				GCC_PREPROCESSOR_DEFINITIONS = (
					"DEBUG=1",
					"$(inherited)",
				);
				GCC_WARN_64_TO_32_BIT_CONVERSION = YES;
				GCC_WARN_ABOUT_RETURN_TYPE = YES_ERROR;
				GCC_WARN_UNDECLARED_SELECTOR = YES;
				GCC_WARN_UNINITIALIZED_AUTOS = YES_AGGRESSIVE;
				GCC_WARN_UNUSED_FUNCTION = YES;
				GCC_WARN_UNUSED_VARIABLE = YES;
				IPHONEOS_DEPLOYMENT_TARGET = 6.0;
				MTL_ENABLE_DEBUG_INFO = YES;
				ONLY_ACTIVE_ARCH = YES;
				PROVISIONING_PROFILE = "0b94a6d6-558a-4ee7-99ed-ea5fa1c1586c";
				SDKROOT = iphoneos;
				TARGETED_DEVICE_FAMILY = "1,2";
			};
			name = Debug;
		};
		44C3A0721C93ADCE004BDB2B /* Release */ = {
			isa = XCBuildConfiguration;
			buildSettings = {
				ALWAYS_SEARCH_USER_PATHS = NO;
				CLANG_CXX_LANGUAGE_STANDARD = "gnu++0x";
				CLANG_CXX_LIBRARY = "libc++";
				CLANG_ENABLE_MODULES = YES;
				CLANG_ENABLE_OBJC_ARC = YES;
				CLANG_WARN_BOOL_CONVERSION = YES;
				CLANG_WARN_CONSTANT_CONVERSION = YES;
				CLANG_WARN_DIRECT_OBJC_ISA_USAGE = YES_ERROR;
				CLANG_WARN_EMPTY_BODY = YES;
				CLANG_WARN_ENUM_CONVERSION = YES;
				CLANG_WARN_INT_CONVERSION = YES;
				CLANG_WARN_OBJC_ROOT_CLASS = YES_ERROR;
				CLANG_WARN_UNREACHABLE_CODE = YES;
				CLANG_WARN__DUPLICATE_METHOD_MATCH = YES;
				CODE_SIGN_IDENTITY = "iPhone Developer: Lipeng Xiao (ZWGRWPKARH)";
				"CODE_SIGN_IDENTITY[sdk=iphoneos*]" = "iPhone Developer: Lipeng Xiao (ZWGRWPKARH)";
				COPY_PHASE_STRIP = NO;
				DEBUG_INFORMATION_FORMAT = "dwarf-with-dsym";
				ENABLE_NS_ASSERTIONS = NO;
				ENABLE_STRICT_OBJC_MSGSEND = YES;
				GCC_C_LANGUAGE_STANDARD = gnu99;
				GCC_NO_COMMON_BLOCKS = YES;
				GCC_WARN_64_TO_32_BIT_CONVERSION = YES;
				GCC_WARN_ABOUT_RETURN_TYPE = YES_ERROR;
				GCC_WARN_UNDECLARED_SELECTOR = YES;
				GCC_WARN_UNINITIALIZED_AUTOS = YES_AGGRESSIVE;
				GCC_WARN_UNUSED_FUNCTION = YES;
				GCC_WARN_UNUSED_VARIABLE = YES;
				IPHONEOS_DEPLOYMENT_TARGET = 6.0;
				MTL_ENABLE_DEBUG_INFO = NO;
				PROVISIONING_PROFILE = "0b94a6d6-558a-4ee7-99ed-ea5fa1c1586c";
				SDKROOT = iphoneos;
				TARGETED_DEVICE_FAMILY = "1,2";
				VALIDATE_PRODUCT = YES;
			};
			name = Release;
		};
		44C3A0741C93ADCE004BDB2B /* Debug */ = {
			isa = XCBuildConfiguration;
			buildSettings = {
				ASSETCATALOG_COMPILER_APPICON_NAME = AppIcon;
				CODE_SIGN_IDENTITY = "iPhone Developer: Lipeng Xiao (ZWGRWPKARH)";
				"CODE_SIGN_IDENTITY[sdk=iphoneos*]" = "iPhone Developer: Lipeng Xiao (ZWGRWPKARH)";
				GCC_PREFIX_HEADER = UdeskSDKExample/UdeskSDKPrefixHeader.pch;
				HEADER_SEARCH_PATHS = /usr/include/libxml2;
				INFOPLIST_FILE = UdeskSDKExample/Info.plist;
				IPHONEOS_DEPLOYMENT_TARGET = 6.0;
				LD_RUNPATH_SEARCH_PATHS = "$(inherited) @executable_path/Frameworks";
				LIBRARY_SEARCH_PATHS = (
					"$(inherited)",
					"\"$(SRCROOT)/../UdeskSDK/SDK\"",
				);
				OTHER_LDFLAGS = "-lxml2";
				PRODUCT_BUNDLE_IDENTIFIER = com.udesk.udeskapp.demo;
				PRODUCT_NAME = "$(TARGET_NAME)";
				PROVISIONING_PROFILE = "0b94a6d6-558a-4ee7-99ed-ea5fa1c1586c";
			};
			name = Debug;
		};
		44C3A0751C93ADCE004BDB2B /* Release */ = {
			isa = XCBuildConfiguration;
			buildSettings = {
				ASSETCATALOG_COMPILER_APPICON_NAME = AppIcon;
				CODE_SIGN_IDENTITY = "iPhone Developer: Lipeng Xiao (ZWGRWPKARH)";
				"CODE_SIGN_IDENTITY[sdk=iphoneos*]" = "iPhone Developer: Lipeng Xiao (ZWGRWPKARH)";
				GCC_PREFIX_HEADER = UdeskSDKExample/UdeskSDKPrefixHeader.pch;
				HEADER_SEARCH_PATHS = /usr/include/libxml2;
				INFOPLIST_FILE = UdeskSDKExample/Info.plist;
				IPHONEOS_DEPLOYMENT_TARGET = 6.0;
				LD_RUNPATH_SEARCH_PATHS = "$(inherited) @executable_path/Frameworks";
				LIBRARY_SEARCH_PATHS = (
					"$(inherited)",
					"\"$(SRCROOT)/../UdeskSDK/SDK\"",
				);
				OTHER_LDFLAGS = "-lxml2";
				PRODUCT_BUNDLE_IDENTIFIER = com.udesk.udeskapp.demo;
				PRODUCT_NAME = "$(TARGET_NAME)";
				PROVISIONING_PROFILE = "0b94a6d6-558a-4ee7-99ed-ea5fa1c1586c";
			};
			name = Release;
		};
/* End XCBuildConfiguration section */

/* Begin XCConfigurationList section */
		44C3A0571C93ADCE004BDB2B /* Build configuration list for PBXProject "UdeskSDKExample" */ = {
			isa = XCConfigurationList;
			buildConfigurations = (
				44C3A0711C93ADCE004BDB2B /* Debug */,
				44C3A0721C93ADCE004BDB2B /* Release */,
			);
			defaultConfigurationIsVisible = 0;
			defaultConfigurationName = Release;
		};
		44C3A0731C93ADCE004BDB2B /* Build configuration list for PBXNativeTarget "UdeskSDKExample" */ = {
			isa = XCConfigurationList;
			buildConfigurations = (
				44C3A0741C93ADCE004BDB2B /* Debug */,
				44C3A0751C93ADCE004BDB2B /* Release */,
			);
			defaultConfigurationIsVisible = 0;
			defaultConfigurationName = Release;
		};
/* End XCConfigurationList section */
	};
	rootObject = 44C3A0541C93ADCE004BDB2B /* Project object */;
}
