// !$*UTF8*$!
{
	archiveVersion = 1;
	classes = {
	};
	objectVersion = 46;
	objects = {

/* Begin PBXBuildFile section */
		4440A1AB1C9A829400610BA8 /* UdeskTableViewController.m in Sources */ = {isa = PBXBuildFile; fileRef = 4440A1AA1C9A829400610BA8 /* UdeskTableViewController.m */; };
		4440A1AD1C9A8DD400610BA8 /* udesk.jpg in Resources */ = {isa = PBXBuildFile; fileRef = 4440A1AC1C9A8DD400610BA8 /* udesk.jpg */; };
		448CD8921C979EE40049DE3F /* libxml2.tbd in Frameworks */ = {isa = PBXBuildFile; fileRef = 448CD8911C979EE40049DE3F /* libxml2.tbd */; };
		44A550061D3C75B7007BB08A /* UdeskBaseViewController.m in Sources */ = {isa = PBXBuildFile; fileRef = 44A54F811D3C75B7007BB08A /* UdeskBaseViewController.m */; };
		44A550071D3C75B7007BB08A /* UdeskNavigationView.m in Sources */ = {isa = PBXBuildFile; fileRef = 44A54F831D3C75B7007BB08A /* UdeskNavigationView.m */; };
		44A550081D3C75B7007BB08A /* UdeskContentController.m in Sources */ = {isa = PBXBuildFile; fileRef = 44A54F871D3C75B7007BB08A /* UdeskContentController.m */; };
		44A550091D3C75B7007BB08A /* UdeskFAQViewController.m in Sources */ = {isa = PBXBuildFile; fileRef = 44A54F891D3C75B7007BB08A /* UdeskFAQViewController.m */; };
		44A5500A1D3C75B7007BB08A /* UdeskSearchController.m in Sources */ = {isa = PBXBuildFile; fileRef = 44A54F8B1D3C75B7007BB08A /* UdeskSearchController.m */; };
		44A5500B1D3C75B7007BB08A /* UdeskProblemModel.m in Sources */ = {isa = PBXBuildFile; fileRef = 44A54F8E1D3C75B7007BB08A /* UdeskProblemModel.m */; };
		44A5500C1D3C75B7007BB08A /* UdeskAgentNavigationMenu.m in Sources */ = {isa = PBXBuildFile; fileRef = 44A54F921D3C75B7007BB08A /* UdeskAgentNavigationMenu.m */; };
		44A5500D1D3C75B7007BB08A /* UdeskChatViewController.m in Sources */ = {isa = PBXBuildFile; fileRef = 44A54F941D3C75B7007BB08A /* UdeskChatViewController.m */; };
		44A5500E1D3C75B7007BB08A /* UdeskRobotIMViewController.m in Sources */ = {isa = PBXBuildFile; fileRef = 44A54F961D3C75B7007BB08A /* UdeskRobotIMViewController.m */; };
		44A5500F1D3C75B7007BB08A /* UdeskTicketViewController.m in Sources */ = {isa = PBXBuildFile; fileRef = 44A54F981D3C75B7007BB08A /* UdeskTicketViewController.m */; };
		44A550101D3C75B7007BB08A /* UdeskAgentHttpData.m in Sources */ = {isa = PBXBuildFile; fileRef = 44A54F9B1D3C75B7007BB08A /* UdeskAgentHttpData.m */; };
		44A550111D3C75B7007BB08A /* UdeskAgentMenuModel.m in Sources */ = {isa = PBXBuildFile; fileRef = 44A54F9D1D3C75B7007BB08A /* UdeskAgentMenuModel.m */; };
		44A550121D3C75B7007BB08A /* UdeskAgentModel.m in Sources */ = {isa = PBXBuildFile; fileRef = 44A54F9F1D3C75B7007BB08A /* UdeskAgentModel.m */; };
		44A550141D3C75B7007BB08A /* UdeskChatViewModel.m in Sources */ = {isa = PBXBuildFile; fileRef = 44A54FA31D3C75B7007BB08A /* UdeskChatViewModel.m */; };
		44A550151D3C75B7007BB08A /* UdeskAgentStatusView.m in Sources */ = {isa = PBXBuildFile; fileRef = 44A54FA71D3C75B7007BB08A /* UdeskAgentStatusView.m */; };
		44A550161D3C75B7007BB08A /* UdeskMessageContentView.m in Sources */ = {isa = PBXBuildFile; fileRef = 44A54FAA1D3C75B7007BB08A /* UdeskMessageContentView.m */; };
		44A550171D3C75B7007BB08A /* UdeskMessageTableView.m in Sources */ = {isa = PBXBuildFile; fileRef = 44A54FAC1D3C75B7007BB08A /* UdeskMessageTableView.m */; };
		44A550181D3C75B7007BB08A /* UdeskMessageTableViewCell.m in Sources */ = {isa = PBXBuildFile; fileRef = 44A54FAE1D3C75B7007BB08A /* UdeskMessageTableViewCell.m */; };
		44A550191D3C75B7007BB08A /* UdeskEmotionManagerView.m in Sources */ = {isa = PBXBuildFile; fileRef = 44A54FB11D3C75B7007BB08A /* UdeskEmotionManagerView.m */; };
		44A5501A1D3C75B7007BB08A /* UdeskMessageInputView.m in Sources */ = {isa = PBXBuildFile; fileRef = 44A54FB41D3C75B7007BB08A /* UdeskMessageInputView.m */; };
		44A5501B1D3C75B7007BB08A /* UdeskMessageTextView.m in Sources */ = {isa = PBXBuildFile; fileRef = 44A54FB61D3C75B7007BB08A /* UdeskMessageTextView.m */; };
		44A5501C1D3C75B7007BB08A /* UdeskVoiceRecordHUD.m in Sources */ = {isa = PBXBuildFile; fileRef = 44A54FB81D3C75B7007BB08A /* UdeskVoiceRecordHUD.m */; };
		44A5501D1D3C75B7007BB08A /* UdeskProductView.m in Sources */ = {isa = PBXBuildFile; fileRef = 44A54FBB1D3C75B7007BB08A /* UdeskProductView.m */; };
		44A5501E1D3C75B7007BB08A /* NSArray+UdeskSDK.m in Sources */ = {isa = PBXBuildFile; fileRef = 44A54FC01D3C75B7007BB08A /* NSArray+UdeskSDK.m */; };
		44A5501F1D3C75B7007BB08A /* NSTimer+UdeskSDK.m in Sources */ = {isa = PBXBuildFile; fileRef = 44A54FC31D3C75B7007BB08A /* NSTimer+UdeskSDK.m */; };
		44A550201D3C75B7007BB08A /* UIImage+UdeskSDK.m in Sources */ = {isa = PBXBuildFile; fileRef = 44A54FC61D3C75B7007BB08A /* UIImage+UdeskSDK.m */; };
		44A550211D3C75B7007BB08A /* UIViewController+UdeskBackButtonHandler.m in Sources */ = {isa = PBXBuildFile; fileRef = 44A54FC91D3C75B7007BB08A /* UIViewController+UdeskBackButtonHandler.m */; };
		44A550221D3C75B7007BB08A /* UIViewController+UdeskKeyboardAnimation.m in Sources */ = {isa = PBXBuildFile; fileRef = 44A54FCB1D3C75B7007BB08A /* UIViewController+UdeskKeyboardAnimation.m */; };
		44A550231D3C75B7007BB08A /* UdeskAudioPlayerHelper.m in Sources */ = {isa = PBXBuildFile; fileRef = 44A54FCE1D3C75B7007BB08A /* UdeskAudioPlayerHelper.m */; };
		44A550241D3C75B7007BB08A /* UdeskBaseModel.m in Sources */ = {isa = PBXBuildFile; fileRef = 44A54FD01D3C75B7007BB08A /* UdeskBaseModel.m */; };
		44A550251D3C75B7007BB08A /* UdeskConfig.m in Sources */ = {isa = PBXBuildFile; fileRef = 44A54FD21D3C75B7007BB08A /* UdeskConfig.m */; };
		44A550261D3C75B7007BB08A /* UdeskConfigurationHelper.m in Sources */ = {isa = PBXBuildFile; fileRef = 44A54FD41D3C75B7007BB08A /* UdeskConfigurationHelper.m */; };
		44A550271D3C75B7007BB08A /* UdeskDateFormatter.m in Sources */ = {isa = PBXBuildFile; fileRef = 44A54FD61D3C75B7007BB08A /* UdeskDateFormatter.m */; };
		44A550281D3C75B7007BB08A /* UdeskGeneral.m in Sources */ = {isa = PBXBuildFile; fileRef = 44A54FD91D3C75B7007BB08A /* UdeskGeneral.m */; };
		44A550291D3C75B7007BB08A /* UdeskKeywordRegularParser.m in Sources */ = {isa = PBXBuildFile; fileRef = 44A54FDB1D3C75B7007BB08A /* UdeskKeywordRegularParser.m */; };
		44A5502A1D3C75B7007BB08A /* UdeskLabel.m in Sources */ = {isa = PBXBuildFile; fileRef = 44A54FDD1D3C75B7007BB08A /* UdeskLabel.m */; };
		44A5502B1D3C75B7007BB08A /* UdeskPaserdKeyword.m in Sources */ = {isa = PBXBuildFile; fileRef = 44A54FDF1D3C75B7007BB08A /* UdeskPaserdKeyword.m */; };
		44A5502C1D3C75B7007BB08A /* UdeskPhotographyHelper.m in Sources */ = {isa = PBXBuildFile; fileRef = 44A54FE11D3C75B7007BB08A /* UdeskPhotographyHelper.m */; };
		44A5502D1D3C75B7007BB08A /* UdeskReachability.m in Sources */ = {isa = PBXBuildFile; fileRef = 44A54FE31D3C75B7007BB08A /* UdeskReachability.m */; };
		44A5502E1D3C75B7007BB08A /* UdeskTools.m in Sources */ = {isa = PBXBuildFile; fileRef = 44A54FE51D3C75B7007BB08A /* UdeskTools.m */; };
		44A5502F1D3C75B7007BB08A /* UdeskTopAlertView.m in Sources */ = {isa = PBXBuildFile; fileRef = 44A54FE71D3C75B7007BB08A /* UdeskTopAlertView.m */; };
		44A550301D3C75B7007BB08A /* UdeskUtils.m in Sources */ = {isa = PBXBuildFile; fileRef = 44A54FE91D3C75B7007BB08A /* UdeskUtils.m */; };
		44A550311D3C75B7007BB08A /* UdeskViewExt.m in Sources */ = {isa = PBXBuildFile; fileRef = 44A54FEB1D3C75B7007BB08A /* UdeskViewExt.m */; };
		44A550321D3C75B7007BB08A /* UdeskVoiceRecordHelper.m in Sources */ = {isa = PBXBuildFile; fileRef = 44A54FED1D3C75B7007BB08A /* UdeskVoiceRecordHelper.m */; };
		44A550331D3C75B7007BB08A /* UdeskMessageBubbleFactory.m in Sources */ = {isa = PBXBuildFile; fileRef = 44A54FF01D3C75B7007BB08A /* UdeskMessageBubbleFactory.m */; };
		44A550341D3C75B7007BB08A /* UdeskMessageVoiceFactory.m in Sources */ = {isa = PBXBuildFile; fileRef = 44A54FF21D3C75B7007BB08A /* UdeskMessageVoiceFactory.m */; };
		44A550351D3C75B7007BB08A /* UdeskAlertController.m in Sources */ = {isa = PBXBuildFile; fileRef = 44A54FF61D3C75B7007BB08A /* UdeskAlertController.m */; };
		44A550361D3C75B7007BB08A /* UdeskHpple.m in Sources */ = {isa = PBXBuildFile; fileRef = 44A54FF91D3C75B7007BB08A /* UdeskHpple.m */; };
		44A550371D3C75B7007BB08A /* UdeskHppleElement.m in Sources */ = {isa = PBXBuildFile; fileRef = 44A54FFB1D3C75B7007BB08A /* UdeskHppleElement.m */; };
		44A550381D3C75B7007BB08A /* UdeskXPathQuery.m in Sources */ = {isa = PBXBuildFile; fileRef = 44A54FFD1D3C75B7007BB08A /* UdeskXPathQuery.m */; };
		44A550391D3C75B7007BB08A /* UdeskOneScrollView.m in Sources */ = {isa = PBXBuildFile; fileRef = 44A550001D3C75B7007BB08A /* UdeskOneScrollView.m */; };
		44A5503A1D3C75B7007BB08A /* UdeskPhotoManeger.m in Sources */ = {isa = PBXBuildFile; fileRef = 44A550021D3C75B7007BB08A /* UdeskPhotoManeger.m */; };
		44A5503B1D3C75B7007BB08A /* UdeskPhotoView.m in Sources */ = {isa = PBXBuildFile; fileRef = 44A550041D3C75B7007BB08A /* UdeskPhotoView.m */; };
		44A5503D1D3C761D007BB08A /* libUdesk.a in Frameworks */ = {isa = PBXBuildFile; fileRef = 44A5503C1D3C761D007BB08A /* libUdesk.a */; };
		44C3A0611C93ADCE004BDB2B /* main.m in Sources */ = {isa = PBXBuildFile; fileRef = 44C3A0601C93ADCE004BDB2B /* main.m */; };
		44C3A0641C93ADCE004BDB2B /* AppDelegate.m in Sources */ = {isa = PBXBuildFile; fileRef = 44C3A0631C93ADCE004BDB2B /* AppDelegate.m */; };
		44C3A0671C93ADCE004BDB2B /* ViewController.m in Sources */ = {isa = PBXBuildFile; fileRef = 44C3A0661C93ADCE004BDB2B /* ViewController.m */; };
		44C3A06A1C93ADCE004BDB2B /* Main.storyboard in Resources */ = {isa = PBXBuildFile; fileRef = 44C3A0681C93ADCE004BDB2B /* Main.storyboard */; };
		44C3A06C1C93ADCE004BDB2B /* Assets.xcassets in Resources */ = {isa = PBXBuildFile; fileRef = 44C3A06B1C93ADCE004BDB2B /* Assets.xcassets */; };
		44C3A06F1C93ADCE004BDB2B /* LaunchScreen.storyboard in Resources */ = {isa = PBXBuildFile; fileRef = 44C3A06D1C93ADCE004BDB2B /* LaunchScreen.storyboard */; };
		44C3A0771C93ADFF004BDB2B /* libsqlite3.tbd in Frameworks */ = {isa = PBXBuildFile; fileRef = 44C3A0761C93ADFF004BDB2B /* libsqlite3.tbd */; };
		44C3A0791C93AE05004BDB2B /* libresolv.tbd in Frameworks */ = {isa = PBXBuildFile; fileRef = 44C3A0781C93AE05004BDB2B /* libresolv.tbd */; };
		44C3A07D1C93AE11004BDB2B /* libz.tbd in Frameworks */ = {isa = PBXBuildFile; fileRef = 44C3A07C1C93AE11004BDB2B /* libz.tbd */; };
		44CE926B1D2A0648000790F2 /* UdeskBundle.bundle in Resources */ = {isa = PBXBuildFile; fileRef = 44CE926A1D2A0648000790F2 /* UdeskBundle.bundle */; };
/* End PBXBuildFile section */

/* Begin PBXFileReference section */
		4440A1A91C9A829400610BA8 /* UdeskTableViewController.h */ = {isa = PBXFileReference; fileEncoding = 4; lastKnownFileType = sourcecode.c.h; path = UdeskTableViewController.h; sourceTree = "<group>"; };
		4440A1AA1C9A829400610BA8 /* UdeskTableViewController.m */ = {isa = PBXFileReference; fileEncoding = 4; lastKnownFileType = sourcecode.c.objc; path = UdeskTableViewController.m; sourceTree = "<group>"; };
		4440A1AC1C9A8DD400610BA8 /* udesk.jpg */ = {isa = PBXFileReference; lastKnownFileType = image.jpeg; path = udesk.jpg; sourceTree = "<group>"; };
		448CD8911C979EE40049DE3F /* libxml2.tbd */ = {isa = PBXFileReference; lastKnownFileType = "sourcecode.text-based-dylib-definition"; name = libxml2.tbd; path = usr/lib/libxml2.tbd; sourceTree = SDKROOT; };
		44A54F801D3C75B7007BB08A /* UdeskBaseViewController.h */ = {isa = PBXFileReference; fileEncoding = 4; lastKnownFileType = sourcecode.c.h; path = UdeskBaseViewController.h; sourceTree = "<group>"; };
		44A54F811D3C75B7007BB08A /* UdeskBaseViewController.m */ = {isa = PBXFileReference; fileEncoding = 4; lastKnownFileType = sourcecode.c.objc; path = UdeskBaseViewController.m; sourceTree = "<group>"; };
		44A54F821D3C75B7007BB08A /* UdeskNavigationView.h */ = {isa = PBXFileReference; fileEncoding = 4; lastKnownFileType = sourcecode.c.h; path = UdeskNavigationView.h; sourceTree = "<group>"; };
		44A54F831D3C75B7007BB08A /* UdeskNavigationView.m */ = {isa = PBXFileReference; fileEncoding = 4; lastKnownFileType = sourcecode.c.objc; path = UdeskNavigationView.m; sourceTree = "<group>"; };
		44A54F861D3C75B7007BB08A /* UdeskContentController.h */ = {isa = PBXFileReference; fileEncoding = 4; lastKnownFileType = sourcecode.c.h; path = UdeskContentController.h; sourceTree = "<group>"; };
		44A54F871D3C75B7007BB08A /* UdeskContentController.m */ = {isa = PBXFileReference; fileEncoding = 4; lastKnownFileType = sourcecode.c.objc; path = UdeskContentController.m; sourceTree = "<group>"; };
		44A54F881D3C75B7007BB08A /* UdeskFAQViewController.h */ = {isa = PBXFileReference; fileEncoding = 4; lastKnownFileType = sourcecode.c.h; path = UdeskFAQViewController.h; sourceTree = "<group>"; };
		44A54F891D3C75B7007BB08A /* UdeskFAQViewController.m */ = {isa = PBXFileReference; fileEncoding = 4; lastKnownFileType = sourcecode.c.objc; path = UdeskFAQViewController.m; sourceTree = "<group>"; };
		44A54F8A1D3C75B7007BB08A /* UdeskSearchController.h */ = {isa = PBXFileReference; fileEncoding = 4; lastKnownFileType = sourcecode.c.h; path = UdeskSearchController.h; sourceTree = "<group>"; };
		44A54F8B1D3C75B7007BB08A /* UdeskSearchController.m */ = {isa = PBXFileReference; fileEncoding = 4; lastKnownFileType = sourcecode.c.objc; path = UdeskSearchController.m; sourceTree = "<group>"; };
		44A54F8D1D3C75B7007BB08A /* UdeskProblemModel.h */ = {isa = PBXFileReference; fileEncoding = 4; lastKnownFileType = sourcecode.c.h; path = UdeskProblemModel.h; sourceTree = "<group>"; };
		44A54F8E1D3C75B7007BB08A /* UdeskProblemModel.m */ = {isa = PBXFileReference; fileEncoding = 4; lastKnownFileType = sourcecode.c.objc; path = UdeskProblemModel.m; sourceTree = "<group>"; };
		44A54F911D3C75B7007BB08A /* UdeskAgentNavigationMenu.h */ = {isa = PBXFileReference; fileEncoding = 4; lastKnownFileType = sourcecode.c.h; path = UdeskAgentNavigationMenu.h; sourceTree = "<group>"; };
		44A54F921D3C75B7007BB08A /* UdeskAgentNavigationMenu.m */ = {isa = PBXFileReference; fileEncoding = 4; lastKnownFileType = sourcecode.c.objc; path = UdeskAgentNavigationMenu.m; sourceTree = "<group>"; };
		44A54F931D3C75B7007BB08A /* UdeskChatViewController.h */ = {isa = PBXFileReference; fileEncoding = 4; lastKnownFileType = sourcecode.c.h; path = UdeskChatViewController.h; sourceTree = "<group>"; };
		44A54F941D3C75B7007BB08A /* UdeskChatViewController.m */ = {isa = PBXFileReference; fileEncoding = 4; lastKnownFileType = sourcecode.c.objc; path = UdeskChatViewController.m; sourceTree = "<group>"; };
		44A54F951D3C75B7007BB08A /* UdeskRobotIMViewController.h */ = {isa = PBXFileReference; fileEncoding = 4; lastKnownFileType = sourcecode.c.h; path = UdeskRobotIMViewController.h; sourceTree = "<group>"; };
		44A54F961D3C75B7007BB08A /* UdeskRobotIMViewController.m */ = {isa = PBXFileReference; fileEncoding = 4; lastKnownFileType = sourcecode.c.objc; path = UdeskRobotIMViewController.m; sourceTree = "<group>"; };
		44A54F971D3C75B7007BB08A /* UdeskTicketViewController.h */ = {isa = PBXFileReference; fileEncoding = 4; lastKnownFileType = sourcecode.c.h; path = UdeskTicketViewController.h; sourceTree = "<group>"; };
		44A54F981D3C75B7007BB08A /* UdeskTicketViewController.m */ = {isa = PBXFileReference; fileEncoding = 4; lastKnownFileType = sourcecode.c.objc; path = UdeskTicketViewController.m; sourceTree = "<group>"; };
		44A54F9A1D3C75B7007BB08A /* UdeskAgentHttpData.h */ = {isa = PBXFileReference; fileEncoding = 4; lastKnownFileType = sourcecode.c.h; path = UdeskAgentHttpData.h; sourceTree = "<group>"; };
		44A54F9B1D3C75B7007BB08A /* UdeskAgentHttpData.m */ = {isa = PBXFileReference; fileEncoding = 4; lastKnownFileType = sourcecode.c.objc; path = UdeskAgentHttpData.m; sourceTree = "<group>"; };
		44A54F9C1D3C75B7007BB08A /* UdeskAgentMenuModel.h */ = {isa = PBXFileReference; fileEncoding = 4; lastKnownFileType = sourcecode.c.h; path = UdeskAgentMenuModel.h; sourceTree = "<group>"; };
		44A54F9D1D3C75B7007BB08A /* UdeskAgentMenuModel.m */ = {isa = PBXFileReference; fileEncoding = 4; lastKnownFileType = sourcecode.c.objc; path = UdeskAgentMenuModel.m; sourceTree = "<group>"; };
		44A54F9E1D3C75B7007BB08A /* UdeskAgentModel.h */ = {isa = PBXFileReference; fileEncoding = 4; lastKnownFileType = sourcecode.c.h; path = UdeskAgentModel.h; sourceTree = "<group>"; };
		44A54F9F1D3C75B7007BB08A /* UdeskAgentModel.m */ = {isa = PBXFileReference; fileEncoding = 4; lastKnownFileType = sourcecode.c.objc; path = UdeskAgentModel.m; sourceTree = "<group>"; };
		44A54FA21D3C75B7007BB08A /* UdeskChatViewModel.h */ = {isa = PBXFileReference; fileEncoding = 4; lastKnownFileType = sourcecode.c.h; path = UdeskChatViewModel.h; sourceTree = "<group>"; };
		44A54FA31D3C75B7007BB08A /* UdeskChatViewModel.m */ = {isa = PBXFileReference; fileEncoding = 4; lastKnownFileType = sourcecode.c.objc; path = UdeskChatViewModel.m; sourceTree = "<group>"; };
		44A54FA61D3C75B7007BB08A /* UdeskAgentStatusView.h */ = {isa = PBXFileReference; fileEncoding = 4; lastKnownFileType = sourcecode.c.h; path = UdeskAgentStatusView.h; sourceTree = "<group>"; };
		44A54FA71D3C75B7007BB08A /* UdeskAgentStatusView.m */ = {isa = PBXFileReference; fileEncoding = 4; lastKnownFileType = sourcecode.c.objc; path = UdeskAgentStatusView.m; sourceTree = "<group>"; };
		44A54FA91D3C75B7007BB08A /* UdeskMessageContentView.h */ = {isa = PBXFileReference; fileEncoding = 4; lastKnownFileType = sourcecode.c.h; path = UdeskMessageContentView.h; sourceTree = "<group>"; };
		44A54FAA1D3C75B7007BB08A /* UdeskMessageContentView.m */ = {isa = PBXFileReference; fileEncoding = 4; lastKnownFileType = sourcecode.c.objc; path = UdeskMessageContentView.m; sourceTree = "<group>"; };
		44A54FAB1D3C75B7007BB08A /* UdeskMessageTableView.h */ = {isa = PBXFileReference; fileEncoding = 4; lastKnownFileType = sourcecode.c.h; path = UdeskMessageTableView.h; sourceTree = "<group>"; };
		44A54FAC1D3C75B7007BB08A /* UdeskMessageTableView.m */ = {isa = PBXFileReference; fileEncoding = 4; lastKnownFileType = sourcecode.c.objc; path = UdeskMessageTableView.m; sourceTree = "<group>"; };
		44A54FAD1D3C75B7007BB08A /* UdeskMessageTableViewCell.h */ = {isa = PBXFileReference; fileEncoding = 4; lastKnownFileType = sourcecode.c.h; path = UdeskMessageTableViewCell.h; sourceTree = "<group>"; };
		44A54FAE1D3C75B7007BB08A /* UdeskMessageTableViewCell.m */ = {isa = PBXFileReference; fileEncoding = 4; lastKnownFileType = sourcecode.c.objc; path = UdeskMessageTableViewCell.m; sourceTree = "<group>"; };
		44A54FB01D3C75B7007BB08A /* UdeskEmotionManagerView.h */ = {isa = PBXFileReference; fileEncoding = 4; lastKnownFileType = sourcecode.c.h; path = UdeskEmotionManagerView.h; sourceTree = "<group>"; };
		44A54FB11D3C75B7007BB08A /* UdeskEmotionManagerView.m */ = {isa = PBXFileReference; fileEncoding = 4; lastKnownFileType = sourcecode.c.objc; path = UdeskEmotionManagerView.m; sourceTree = "<group>"; };
		44A54FB31D3C75B7007BB08A /* UdeskMessageInputView.h */ = {isa = PBXFileReference; fileEncoding = 4; lastKnownFileType = sourcecode.c.h; path = UdeskMessageInputView.h; sourceTree = "<group>"; };
		44A54FB41D3C75B7007BB08A /* UdeskMessageInputView.m */ = {isa = PBXFileReference; fileEncoding = 4; lastKnownFileType = sourcecode.c.objc; path = UdeskMessageInputView.m; sourceTree = "<group>"; };
		44A54FB51D3C75B7007BB08A /* UdeskMessageTextView.h */ = {isa = PBXFileReference; fileEncoding = 4; lastKnownFileType = sourcecode.c.h; path = UdeskMessageTextView.h; sourceTree = "<group>"; };
		44A54FB61D3C75B7007BB08A /* UdeskMessageTextView.m */ = {isa = PBXFileReference; fileEncoding = 4; lastKnownFileType = sourcecode.c.objc; path = UdeskMessageTextView.m; sourceTree = "<group>"; };
		44A54FB71D3C75B7007BB08A /* UdeskVoiceRecordHUD.h */ = {isa = PBXFileReference; fileEncoding = 4; lastKnownFileType = sourcecode.c.h; path = UdeskVoiceRecordHUD.h; sourceTree = "<group>"; };
		44A54FB81D3C75B7007BB08A /* UdeskVoiceRecordHUD.m */ = {isa = PBXFileReference; fileEncoding = 4; lastKnownFileType = sourcecode.c.objc; path = UdeskVoiceRecordHUD.m; sourceTree = "<group>"; };
		44A54FBA1D3C75B7007BB08A /* UdeskProductView.h */ = {isa = PBXFileReference; fileEncoding = 4; lastKnownFileType = sourcecode.c.h; path = UdeskProductView.h; sourceTree = "<group>"; };
		44A54FBB1D3C75B7007BB08A /* UdeskProductView.m */ = {isa = PBXFileReference; fileEncoding = 4; lastKnownFileType = sourcecode.c.objc; path = UdeskProductView.m; sourceTree = "<group>"; };
		44A54FBF1D3C75B7007BB08A /* NSArray+UdeskSDK.h */ = {isa = PBXFileReference; fileEncoding = 4; lastKnownFileType = sourcecode.c.h; path = "NSArray+UdeskSDK.h"; sourceTree = "<group>"; };
		44A54FC01D3C75B7007BB08A /* NSArray+UdeskSDK.m */ = {isa = PBXFileReference; fileEncoding = 4; lastKnownFileType = sourcecode.c.objc; path = "NSArray+UdeskSDK.m"; sourceTree = "<group>"; };
		44A54FC21D3C75B7007BB08A /* NSTimer+UdeskSDK.h */ = {isa = PBXFileReference; fileEncoding = 4; lastKnownFileType = sourcecode.c.h; path = "NSTimer+UdeskSDK.h"; sourceTree = "<group>"; };
		44A54FC31D3C75B7007BB08A /* NSTimer+UdeskSDK.m */ = {isa = PBXFileReference; fileEncoding = 4; lastKnownFileType = sourcecode.c.objc; path = "NSTimer+UdeskSDK.m"; sourceTree = "<group>"; };
		44A54FC51D3C75B7007BB08A /* UIImage+UdeskSDK.h */ = {isa = PBXFileReference; fileEncoding = 4; lastKnownFileType = sourcecode.c.h; path = "UIImage+UdeskSDK.h"; sourceTree = "<group>"; };
		44A54FC61D3C75B7007BB08A /* UIImage+UdeskSDK.m */ = {isa = PBXFileReference; fileEncoding = 4; lastKnownFileType = sourcecode.c.objc; path = "UIImage+UdeskSDK.m"; sourceTree = "<group>"; };
		44A54FC81D3C75B7007BB08A /* UIViewController+UdeskBackButtonHandler.h */ = {isa = PBXFileReference; fileEncoding = 4; lastKnownFileType = sourcecode.c.h; path = "UIViewController+UdeskBackButtonHandler.h"; sourceTree = "<group>"; };
		44A54FC91D3C75B7007BB08A /* UIViewController+UdeskBackButtonHandler.m */ = {isa = PBXFileReference; fileEncoding = 4; lastKnownFileType = sourcecode.c.objc; path = "UIViewController+UdeskBackButtonHandler.m"; sourceTree = "<group>"; };
		44A54FCA1D3C75B7007BB08A /* UIViewController+UdeskKeyboardAnimation.h */ = {isa = PBXFileReference; fileEncoding = 4; lastKnownFileType = sourcecode.c.h; path = "UIViewController+UdeskKeyboardAnimation.h"; sourceTree = "<group>"; };
		44A54FCB1D3C75B7007BB08A /* UIViewController+UdeskKeyboardAnimation.m */ = {isa = PBXFileReference; fileEncoding = 4; lastKnownFileType = sourcecode.c.objc; path = "UIViewController+UdeskKeyboardAnimation.m"; sourceTree = "<group>"; };
		44A54FCD1D3C75B7007BB08A /* UdeskAudioPlayerHelper.h */ = {isa = PBXFileReference; fileEncoding = 4; lastKnownFileType = sourcecode.c.h; path = UdeskAudioPlayerHelper.h; sourceTree = "<group>"; };
		44A54FCE1D3C75B7007BB08A /* UdeskAudioPlayerHelper.m */ = {isa = PBXFileReference; fileEncoding = 4; lastKnownFileType = sourcecode.c.objc; path = UdeskAudioPlayerHelper.m; sourceTree = "<group>"; };
		44A54FCF1D3C75B7007BB08A /* UdeskBaseModel.h */ = {isa = PBXFileReference; fileEncoding = 4; lastKnownFileType = sourcecode.c.h; path = UdeskBaseModel.h; sourceTree = "<group>"; };
		44A54FD01D3C75B7007BB08A /* UdeskBaseModel.m */ = {isa = PBXFileReference; fileEncoding = 4; lastKnownFileType = sourcecode.c.objc; path = UdeskBaseModel.m; sourceTree = "<group>"; };
		44A54FD11D3C75B7007BB08A /* UdeskConfig.h */ = {isa = PBXFileReference; fileEncoding = 4; lastKnownFileType = sourcecode.c.h; path = UdeskConfig.h; sourceTree = "<group>"; };
		44A54FD21D3C75B7007BB08A /* UdeskConfig.m */ = {isa = PBXFileReference; fileEncoding = 4; lastKnownFileType = sourcecode.c.objc; path = UdeskConfig.m; sourceTree = "<group>"; };
		44A54FD31D3C75B7007BB08A /* UdeskConfigurationHelper.h */ = {isa = PBXFileReference; fileEncoding = 4; lastKnownFileType = sourcecode.c.h; path = UdeskConfigurationHelper.h; sourceTree = "<group>"; };
		44A54FD41D3C75B7007BB08A /* UdeskConfigurationHelper.m */ = {isa = PBXFileReference; fileEncoding = 4; lastKnownFileType = sourcecode.c.objc; path = UdeskConfigurationHelper.m; sourceTree = "<group>"; };
		44A54FD51D3C75B7007BB08A /* UdeskDateFormatter.h */ = {isa = PBXFileReference; fileEncoding = 4; lastKnownFileType = sourcecode.c.h; path = UdeskDateFormatter.h; sourceTree = "<group>"; };
		44A54FD61D3C75B7007BB08A /* UdeskDateFormatter.m */ = {isa = PBXFileReference; fileEncoding = 4; lastKnownFileType = sourcecode.c.objc; path = UdeskDateFormatter.m; sourceTree = "<group>"; };
		44A54FD71D3C75B7007BB08A /* UdeskFoundationMacro.h */ = {isa = PBXFileReference; fileEncoding = 4; lastKnownFileType = sourcecode.c.h; path = UdeskFoundationMacro.h; sourceTree = "<group>"; };
		44A54FD81D3C75B7007BB08A /* UdeskGeneral.h */ = {isa = PBXFileReference; fileEncoding = 4; lastKnownFileType = sourcecode.c.h; path = UdeskGeneral.h; sourceTree = "<group>"; };
		44A54FD91D3C75B7007BB08A /* UdeskGeneral.m */ = {isa = PBXFileReference; fileEncoding = 4; lastKnownFileType = sourcecode.c.objc; path = UdeskGeneral.m; sourceTree = "<group>"; };
		44A54FDA1D3C75B7007BB08A /* UdeskKeywordRegularParser.h */ = {isa = PBXFileReference; fileEncoding = 4; lastKnownFileType = sourcecode.c.h; path = UdeskKeywordRegularParser.h; sourceTree = "<group>"; };
		44A54FDB1D3C75B7007BB08A /* UdeskKeywordRegularParser.m */ = {isa = PBXFileReference; fileEncoding = 4; lastKnownFileType = sourcecode.c.objc; path = UdeskKeywordRegularParser.m; sourceTree = "<group>"; };
		44A54FDC1D3C75B7007BB08A /* UdeskLabel.h */ = {isa = PBXFileReference; fileEncoding = 4; lastKnownFileType = sourcecode.c.h; path = UdeskLabel.h; sourceTree = "<group>"; };
		44A54FDD1D3C75B7007BB08A /* UdeskLabel.m */ = {isa = PBXFileReference; fileEncoding = 4; lastKnownFileType = sourcecode.c.objc; path = UdeskLabel.m; sourceTree = "<group>"; };
		44A54FDE1D3C75B7007BB08A /* UdeskPaserdKeyword.h */ = {isa = PBXFileReference; fileEncoding = 4; lastKnownFileType = sourcecode.c.h; path = UdeskPaserdKeyword.h; sourceTree = "<group>"; };
		44A54FDF1D3C75B7007BB08A /* UdeskPaserdKeyword.m */ = {isa = PBXFileReference; fileEncoding = 4; lastKnownFileType = sourcecode.c.objc; path = UdeskPaserdKeyword.m; sourceTree = "<group>"; };
		44A54FE01D3C75B7007BB08A /* UdeskPhotographyHelper.h */ = {isa = PBXFileReference; fileEncoding = 4; lastKnownFileType = sourcecode.c.h; path = UdeskPhotographyHelper.h; sourceTree = "<group>"; };
		44A54FE11D3C75B7007BB08A /* UdeskPhotographyHelper.m */ = {isa = PBXFileReference; fileEncoding = 4; lastKnownFileType = sourcecode.c.objc; path = UdeskPhotographyHelper.m; sourceTree = "<group>"; };
		44A54FE21D3C75B7007BB08A /* UdeskReachability.h */ = {isa = PBXFileReference; fileEncoding = 4; lastKnownFileType = sourcecode.c.h; path = UdeskReachability.h; sourceTree = "<group>"; };
		44A54FE31D3C75B7007BB08A /* UdeskReachability.m */ = {isa = PBXFileReference; fileEncoding = 4; lastKnownFileType = sourcecode.c.objc; path = UdeskReachability.m; sourceTree = "<group>"; };
		44A54FE41D3C75B7007BB08A /* UdeskTools.h */ = {isa = PBXFileReference; fileEncoding = 4; lastKnownFileType = sourcecode.c.h; path = UdeskTools.h; sourceTree = "<group>"; };
		44A54FE51D3C75B7007BB08A /* UdeskTools.m */ = {isa = PBXFileReference; fileEncoding = 4; lastKnownFileType = sourcecode.c.objc; path = UdeskTools.m; sourceTree = "<group>"; };
		44A54FE61D3C75B7007BB08A /* UdeskTopAlertView.h */ = {isa = PBXFileReference; fileEncoding = 4; lastKnownFileType = sourcecode.c.h; path = UdeskTopAlertView.h; sourceTree = "<group>"; };
		44A54FE71D3C75B7007BB08A /* UdeskTopAlertView.m */ = {isa = PBXFileReference; fileEncoding = 4; lastKnownFileType = sourcecode.c.objc; path = UdeskTopAlertView.m; sourceTree = "<group>"; };
		44A54FE81D3C75B7007BB08A /* UdeskUtils.h */ = {isa = PBXFileReference; fileEncoding = 4; lastKnownFileType = sourcecode.c.h; path = UdeskUtils.h; sourceTree = "<group>"; };
		44A54FE91D3C75B7007BB08A /* UdeskUtils.m */ = {isa = PBXFileReference; fileEncoding = 4; lastKnownFileType = sourcecode.c.objc; path = UdeskUtils.m; sourceTree = "<group>"; };
		44A54FEA1D3C75B7007BB08A /* UdeskViewExt.h */ = {isa = PBXFileReference; fileEncoding = 4; lastKnownFileType = sourcecode.c.h; path = UdeskViewExt.h; sourceTree = "<group>"; };
		44A54FEB1D3C75B7007BB08A /* UdeskViewExt.m */ = {isa = PBXFileReference; fileEncoding = 4; lastKnownFileType = sourcecode.c.objc; path = UdeskViewExt.m; sourceTree = "<group>"; };
		44A54FEC1D3C75B7007BB08A /* UdeskVoiceRecordHelper.h */ = {isa = PBXFileReference; fileEncoding = 4; lastKnownFileType = sourcecode.c.h; path = UdeskVoiceRecordHelper.h; sourceTree = "<group>"; };
		44A54FED1D3C75B7007BB08A /* UdeskVoiceRecordHelper.m */ = {isa = PBXFileReference; fileEncoding = 4; lastKnownFileType = sourcecode.c.objc; path = UdeskVoiceRecordHelper.m; sourceTree = "<group>"; };
		44A54FEF1D3C75B7007BB08A /* UdeskMessageBubbleFactory.h */ = {isa = PBXFileReference; fileEncoding = 4; lastKnownFileType = sourcecode.c.h; path = UdeskMessageBubbleFactory.h; sourceTree = "<group>"; };
		44A54FF01D3C75B7007BB08A /* UdeskMessageBubbleFactory.m */ = {isa = PBXFileReference; fileEncoding = 4; lastKnownFileType = sourcecode.c.objc; path = UdeskMessageBubbleFactory.m; sourceTree = "<group>"; };
		44A54FF11D3C75B7007BB08A /* UdeskMessageVoiceFactory.h */ = {isa = PBXFileReference; fileEncoding = 4; lastKnownFileType = sourcecode.c.h; path = UdeskMessageVoiceFactory.h; sourceTree = "<group>"; };
		44A54FF21D3C75B7007BB08A /* UdeskMessageVoiceFactory.m */ = {isa = PBXFileReference; fileEncoding = 4; lastKnownFileType = sourcecode.c.objc; path = UdeskMessageVoiceFactory.m; sourceTree = "<group>"; };
		44A54FF51D3C75B7007BB08A /* UdeskAlertController.h */ = {isa = PBXFileReference; fileEncoding = 4; lastKnownFileType = sourcecode.c.h; path = UdeskAlertController.h; sourceTree = "<group>"; };
		44A54FF61D3C75B7007BB08A /* UdeskAlertController.m */ = {isa = PBXFileReference; fileEncoding = 4; lastKnownFileType = sourcecode.c.objc; path = UdeskAlertController.m; sourceTree = "<group>"; };
		44A54FF81D3C75B7007BB08A /* UdeskHpple.h */ = {isa = PBXFileReference; fileEncoding = 4; lastKnownFileType = sourcecode.c.h; path = UdeskHpple.h; sourceTree = "<group>"; };
		44A54FF91D3C75B7007BB08A /* UdeskHpple.m */ = {isa = PBXFileReference; fileEncoding = 4; lastKnownFileType = sourcecode.c.objc; path = UdeskHpple.m; sourceTree = "<group>"; };
		44A54FFA1D3C75B7007BB08A /* UdeskHppleElement.h */ = {isa = PBXFileReference; fileEncoding = 4; lastKnownFileType = sourcecode.c.h; path = UdeskHppleElement.h; sourceTree = "<group>"; };
		44A54FFB1D3C75B7007BB08A /* UdeskHppleElement.m */ = {isa = PBXFileReference; fileEncoding = 4; lastKnownFileType = sourcecode.c.objc; path = UdeskHppleElement.m; sourceTree = "<group>"; };
		44A54FFC1D3C75B7007BB08A /* UdeskXPathQuery.h */ = {isa = PBXFileReference; fileEncoding = 4; lastKnownFileType = sourcecode.c.h; path = UdeskXPathQuery.h; sourceTree = "<group>"; };
		44A54FFD1D3C75B7007BB08A /* UdeskXPathQuery.m */ = {isa = PBXFileReference; fileEncoding = 4; lastKnownFileType = sourcecode.c.objc; path = UdeskXPathQuery.m; sourceTree = "<group>"; };
		44A54FFF1D3C75B7007BB08A /* UdeskOneScrollView.h */ = {isa = PBXFileReference; fileEncoding = 4; lastKnownFileType = sourcecode.c.h; path = UdeskOneScrollView.h; sourceTree = "<group>"; };
		44A550001D3C75B7007BB08A /* UdeskOneScrollView.m */ = {isa = PBXFileReference; fileEncoding = 4; lastKnownFileType = sourcecode.c.objc; path = UdeskOneScrollView.m; sourceTree = "<group>"; };
		44A550011D3C75B7007BB08A /* UdeskPhotoManeger.h */ = {isa = PBXFileReference; fileEncoding = 4; lastKnownFileType = sourcecode.c.h; path = UdeskPhotoManeger.h; sourceTree = "<group>"; };
		44A550021D3C75B7007BB08A /* UdeskPhotoManeger.m */ = {isa = PBXFileReference; fileEncoding = 4; lastKnownFileType = sourcecode.c.objc; path = UdeskPhotoManeger.m; sourceTree = "<group>"; };
		44A550031D3C75B7007BB08A /* UdeskPhotoView.h */ = {isa = PBXFileReference; fileEncoding = 4; lastKnownFileType = sourcecode.c.h; path = UdeskPhotoView.h; sourceTree = "<group>"; };
		44A550041D3C75B7007BB08A /* UdeskPhotoView.m */ = {isa = PBXFileReference; fileEncoding = 4; lastKnownFileType = sourcecode.c.objc; path = UdeskPhotoView.m; sourceTree = "<group>"; };
		44A550051D3C75B7007BB08A /* Udesk.h */ = {isa = PBXFileReference; fileEncoding = 4; lastKnownFileType = sourcecode.c.h; path = Udesk.h; sourceTree = "<group>"; };
		44A5503C1D3C761D007BB08A /* libUdesk.a */ = {isa = PBXFileReference; lastKnownFileType = archive.ar; path = libUdesk.a; sourceTree = "<group>"; };
		44C3A05C1C93ADCE004BDB2B /* UdeskSDKExample.app */ = {isa = PBXFileReference; explicitFileType = wrapper.application; includeInIndex = 0; path = UdeskSDKExample.app; sourceTree = BUILT_PRODUCTS_DIR; };
		44C3A0601C93ADCE004BDB2B /* main.m */ = {isa = PBXFileReference; lastKnownFileType = sourcecode.c.objc; path = main.m; sourceTree = "<group>"; };
		44C3A0621C93ADCE004BDB2B /* AppDelegate.h */ = {isa = PBXFileReference; lastKnownFileType = sourcecode.c.h; path = AppDelegate.h; sourceTree = "<group>"; };
		44C3A0631C93ADCE004BDB2B /* AppDelegate.m */ = {isa = PBXFileReference; lastKnownFileType = sourcecode.c.objc; path = AppDelegate.m; sourceTree = "<group>"; };
		44C3A0651C93ADCE004BDB2B /* ViewController.h */ = {isa = PBXFileReference; lastKnownFileType = sourcecode.c.h; path = ViewController.h; sourceTree = "<group>"; };
		44C3A0661C93ADCE004BDB2B /* ViewController.m */ = {isa = PBXFileReference; lastKnownFileType = sourcecode.c.objc; path = ViewController.m; sourceTree = "<group>"; };
		44C3A0691C93ADCE004BDB2B /* Base */ = {isa = PBXFileReference; lastKnownFileType = file.storyboard; name = Base; path = Base.lproj/Main.storyboard; sourceTree = "<group>"; };
		44C3A06B1C93ADCE004BDB2B /* Assets.xcassets */ = {isa = PBXFileReference; lastKnownFileType = folder.assetcatalog; path = Assets.xcassets; sourceTree = "<group>"; };
		44C3A06E1C93ADCE004BDB2B /* Base */ = {isa = PBXFileReference; lastKnownFileType = file.storyboard; name = Base; path = Base.lproj/LaunchScreen.storyboard; sourceTree = "<group>"; };
		44C3A0701C93ADCE004BDB2B /* Info.plist */ = {isa = PBXFileReference; lastKnownFileType = text.plist.xml; path = Info.plist; sourceTree = "<group>"; };
		44C3A0761C93ADFF004BDB2B /* libsqlite3.tbd */ = {isa = PBXFileReference; lastKnownFileType = "sourcecode.text-based-dylib-definition"; name = libsqlite3.tbd; path = usr/lib/libsqlite3.tbd; sourceTree = SDKROOT; };
		44C3A0781C93AE05004BDB2B /* libresolv.tbd */ = {isa = PBXFileReference; lastKnownFileType = "sourcecode.text-based-dylib-definition"; name = libresolv.tbd; path = usr/lib/libresolv.tbd; sourceTree = SDKROOT; };
		44C3A07C1C93AE11004BDB2B /* libz.tbd */ = {isa = PBXFileReference; lastKnownFileType = "sourcecode.text-based-dylib-definition"; name = libz.tbd; path = usr/lib/libz.tbd; sourceTree = SDKROOT; };
		44CE919D1D29FF50000790F2 /* UdeskManager.h */ = {isa = PBXFileReference; lastKnownFileType = sourcecode.c.h; path = UdeskManager.h; sourceTree = "<group>"; };
		44CE919E1D29FF50000790F2 /* UdeskMessage.h */ = {isa = PBXFileReference; lastKnownFileType = sourcecode.c.h; path = UdeskMessage.h; sourceTree = "<group>"; };
		44CE926A1D2A0648000790F2 /* UdeskBundle.bundle */ = {isa = PBXFileReference; lastKnownFileType = "wrapper.plug-in"; path = UdeskBundle.bundle; sourceTree = "<group>"; };
/* End PBXFileReference section */

/* Begin PBXFrameworksBuildPhase section */
		44C3A0591C93ADCE004BDB2B /* Frameworks */ = {
			isa = PBXFrameworksBuildPhase;
			buildActionMask = 2147483647;
			files = (
				44C3A07D1C93AE11004BDB2B /* libz.tbd in Frameworks */,
				44A5503D1D3C761D007BB08A /* libUdesk.a in Frameworks */,
				448CD8921C979EE40049DE3F /* libxml2.tbd in Frameworks */,
				44C3A0791C93AE05004BDB2B /* libresolv.tbd in Frameworks */,
				44C3A0771C93ADFF004BDB2B /* libsqlite3.tbd in Frameworks */,
			);
			runOnlyForDeploymentPostprocessing = 0;
		};
/* End PBXFrameworksBuildPhase section */

/* Begin PBXGroup section */
		4442982E1D029CFC003DD77B /* Resource */ = {
			isa = PBXGroup;
			children = (
				44CE926A1D2A0648000790F2 /* UdeskBundle.bundle */,
			);
			path = Resource;
			sourceTree = "<group>";
		};
		44A54F7E1D3C75B7007BB08A /* UDChatMessage */ = {
			isa = PBXGroup;
			children = (
				44A54F7F1D3C75B7007BB08A /* Base */,
				44A54F841D3C75B7007BB08A /* FAQ */,
				44A54F8F1D3C75B7007BB08A /* IM */,
				44A54FBC1D3C75B7007BB08A /* Tools */,
				44A550051D3C75B7007BB08A /* Udesk.h */,
			);
			path = UDChatMessage;
			sourceTree = "<group>";
		};
		44A54F7F1D3C75B7007BB08A /* Base */ = {
			isa = PBXGroup;
			children = (
				44A54F801D3C75B7007BB08A /* UdeskBaseViewController.h */,
				44A54F811D3C75B7007BB08A /* UdeskBaseViewController.m */,
				44A54F821D3C75B7007BB08A /* UdeskNavigationView.h */,
				44A54F831D3C75B7007BB08A /* UdeskNavigationView.m */,
			);
			path = Base;
			sourceTree = "<group>";
		};
		44A54F841D3C75B7007BB08A /* FAQ */ = {
			isa = PBXGroup;
			children = (
				44A54F851D3C75B7007BB08A /* Controller */,
				44A54F8C1D3C75B7007BB08A /* Models */,
			);
			path = FAQ;
			sourceTree = "<group>";
		};
		44A54F851D3C75B7007BB08A /* Controller */ = {
			isa = PBXGroup;
			children = (
				44A54F861D3C75B7007BB08A /* UdeskContentController.h */,
				44A54F871D3C75B7007BB08A /* UdeskContentController.m */,
				44A54F881D3C75B7007BB08A /* UdeskFAQViewController.h */,
				44A54F891D3C75B7007BB08A /* UdeskFAQViewController.m */,
				44A54F8A1D3C75B7007BB08A /* UdeskSearchController.h */,
				44A54F8B1D3C75B7007BB08A /* UdeskSearchController.m */,
			);
			path = Controller;
			sourceTree = "<group>";
		};
		44A54F8C1D3C75B7007BB08A /* Models */ = {
			isa = PBXGroup;
			children = (
				44A54F8D1D3C75B7007BB08A /* UdeskProblemModel.h */,
				44A54F8E1D3C75B7007BB08A /* UdeskProblemModel.m */,
			);
			path = Models;
			sourceTree = "<group>";
		};
		44A54F8F1D3C75B7007BB08A /* IM */ = {
			isa = PBXGroup;
			children = (
				44A54F901D3C75B7007BB08A /* Controller */,
				44A54F991D3C75B7007BB08A /* Models */,
				44A54FA01D3C75B7007BB08A /* ViewModel */,
				44A54FA41D3C75B7007BB08A /* Views */,
			);
			path = IM;
			sourceTree = "<group>";
		};
		44A54F901D3C75B7007BB08A /* Controller */ = {
			isa = PBXGroup;
			children = (
				44A54F911D3C75B7007BB08A /* UdeskAgentNavigationMenu.h */,
				44A54F921D3C75B7007BB08A /* UdeskAgentNavigationMenu.m */,
				44A54F931D3C75B7007BB08A /* UdeskChatViewController.h */,
				44A54F941D3C75B7007BB08A /* UdeskChatViewController.m */,
				44A54F951D3C75B7007BB08A /* UdeskRobotIMViewController.h */,
				44A54F961D3C75B7007BB08A /* UdeskRobotIMViewController.m */,
				44A54F971D3C75B7007BB08A /* UdeskTicketViewController.h */,
				44A54F981D3C75B7007BB08A /* UdeskTicketViewController.m */,
			);
			path = Controller;
			sourceTree = "<group>";
		};
		44A54F991D3C75B7007BB08A /* Models */ = {
			isa = PBXGroup;
			children = (
				44A54F9A1D3C75B7007BB08A /* UdeskAgentHttpData.h */,
				44A54F9B1D3C75B7007BB08A /* UdeskAgentHttpData.m */,
				44A54F9C1D3C75B7007BB08A /* UdeskAgentMenuModel.h */,
				44A54F9D1D3C75B7007BB08A /* UdeskAgentMenuModel.m */,
				44A54F9E1D3C75B7007BB08A /* UdeskAgentModel.h */,
				44A54F9F1D3C75B7007BB08A /* UdeskAgentModel.m */,
			);
			path = Models;
			sourceTree = "<group>";
		};
		44A54FA01D3C75B7007BB08A /* ViewModel */ = {
			isa = PBXGroup;
			children = (
				44A54FA21D3C75B7007BB08A /* UdeskChatViewModel.h */,
				44A54FA31D3C75B7007BB08A /* UdeskChatViewModel.m */,
			);
			path = ViewModel;
			sourceTree = "<group>";
		};
		44A54FA41D3C75B7007BB08A /* Views */ = {
			isa = PBXGroup;
			children = (
				44A54FA51D3C75B7007BB08A /* AgentView */,
				44A54FA81D3C75B7007BB08A /* MessageContentViews */,
				44A54FAF1D3C75B7007BB08A /* MessageEmotionViews */,
				44A54FB21D3C75B7007BB08A /* MessageInputView */,
				44A54FB91D3C75B7007BB08A /* ProductView */,
			);
			path = Views;
			sourceTree = "<group>";
		};
		44A54FA51D3C75B7007BB08A /* AgentView */ = {
			isa = PBXGroup;
			children = (
				44A54FA61D3C75B7007BB08A /* UdeskAgentStatusView.h */,
				44A54FA71D3C75B7007BB08A /* UdeskAgentStatusView.m */,
			);
			path = AgentView;
			sourceTree = "<group>";
		};
		44A54FA81D3C75B7007BB08A /* MessageContentViews */ = {
			isa = PBXGroup;
			children = (
				44A54FA91D3C75B7007BB08A /* UdeskMessageContentView.h */,
				44A54FAA1D3C75B7007BB08A /* UdeskMessageContentView.m */,
				44A54FAB1D3C75B7007BB08A /* UdeskMessageTableView.h */,
				44A54FAC1D3C75B7007BB08A /* UdeskMessageTableView.m */,
				44A54FAD1D3C75B7007BB08A /* UdeskMessageTableViewCell.h */,
				44A54FAE1D3C75B7007BB08A /* UdeskMessageTableViewCell.m */,
			);
			path = MessageContentViews;
			sourceTree = "<group>";
		};
		44A54FAF1D3C75B7007BB08A /* MessageEmotionViews */ = {
			isa = PBXGroup;
			children = (
				44A54FB01D3C75B7007BB08A /* UdeskEmotionManagerView.h */,
				44A54FB11D3C75B7007BB08A /* UdeskEmotionManagerView.m */,
			);
			path = MessageEmotionViews;
			sourceTree = "<group>";
		};
		44A54FB21D3C75B7007BB08A /* MessageInputView */ = {
			isa = PBXGroup;
			children = (
				44A54FB31D3C75B7007BB08A /* UdeskMessageInputView.h */,
				44A54FB41D3C75B7007BB08A /* UdeskMessageInputView.m */,
				44A54FB51D3C75B7007BB08A /* UdeskMessageTextView.h */,
				44A54FB61D3C75B7007BB08A /* UdeskMessageTextView.m */,
				44A54FB71D3C75B7007BB08A /* UdeskVoiceRecordHUD.h */,
				44A54FB81D3C75B7007BB08A /* UdeskVoiceRecordHUD.m */,
			);
			path = MessageInputView;
			sourceTree = "<group>";
		};
		44A54FB91D3C75B7007BB08A /* ProductView */ = {
			isa = PBXGroup;
			children = (
				44A54FBA1D3C75B7007BB08A /* UdeskProductView.h */,
				44A54FBB1D3C75B7007BB08A /* UdeskProductView.m */,
			);
			path = ProductView;
			sourceTree = "<group>";
		};
		44A54FBC1D3C75B7007BB08A /* Tools */ = {
			isa = PBXGroup;
			children = (
				44A54FBD1D3C75B7007BB08A /* Category */,
				44A54FCC1D3C75B7007BB08A /* Common */,
				44A54FEE1D3C75B7007BB08A /* Factorys */,
				44A54FF31D3C75B7007BB08A /* Vendor */,
			);
			path = Tools;
			sourceTree = "<group>";
		};
		44A54FBD1D3C75B7007BB08A /* Category */ = {
			isa = PBXGroup;
			children = (
				44A54FBE1D3C75B7007BB08A /* NSArray */,
				44A54FC11D3C75B7007BB08A /* NSTimer */,
				44A54FC41D3C75B7007BB08A /* UIImage */,
				44A54FC71D3C75B7007BB08A /* UIViewController */,
			);
			path = Category;
			sourceTree = "<group>";
		};
		44A54FBE1D3C75B7007BB08A /* NSArray */ = {
			isa = PBXGroup;
			children = (
				44A54FBF1D3C75B7007BB08A /* NSArray+UdeskSDK.h */,
				44A54FC01D3C75B7007BB08A /* NSArray+UdeskSDK.m */,
			);
			path = NSArray;
			sourceTree = "<group>";
		};
		44A54FC11D3C75B7007BB08A /* NSTimer */ = {
			isa = PBXGroup;
			children = (
				44A54FC21D3C75B7007BB08A /* NSTimer+UdeskSDK.h */,
				44A54FC31D3C75B7007BB08A /* NSTimer+UdeskSDK.m */,
			);
			path = NSTimer;
			sourceTree = "<group>";
		};
		44A54FC41D3C75B7007BB08A /* UIImage */ = {
			isa = PBXGroup;
			children = (
				44A54FC51D3C75B7007BB08A /* UIImage+UdeskSDK.h */,
				44A54FC61D3C75B7007BB08A /* UIImage+UdeskSDK.m */,
			);
			path = UIImage;
			sourceTree = "<group>";
		};
		44A54FC71D3C75B7007BB08A /* UIViewController */ = {
			isa = PBXGroup;
			children = (
				44A54FC81D3C75B7007BB08A /* UIViewController+UdeskBackButtonHandler.h */,
				44A54FC91D3C75B7007BB08A /* UIViewController+UdeskBackButtonHandler.m */,
				44A54FCA1D3C75B7007BB08A /* UIViewController+UdeskKeyboardAnimation.h */,
				44A54FCB1D3C75B7007BB08A /* UIViewController+UdeskKeyboardAnimation.m */,
			);
			path = UIViewController;
			sourceTree = "<group>";
		};
		44A54FCC1D3C75B7007BB08A /* Common */ = {
			isa = PBXGroup;
			children = (
				44A54FCD1D3C75B7007BB08A /* UdeskAudioPlayerHelper.h */,
				44A54FCE1D3C75B7007BB08A /* UdeskAudioPlayerHelper.m */,
				44A54FCF1D3C75B7007BB08A /* UdeskBaseModel.h */,
				44A54FD01D3C75B7007BB08A /* UdeskBaseModel.m */,
				44A54FD11D3C75B7007BB08A /* UdeskConfig.h */,
				44A54FD21D3C75B7007BB08A /* UdeskConfig.m */,
				44A54FD31D3C75B7007BB08A /* UdeskConfigurationHelper.h */,
				44A54FD41D3C75B7007BB08A /* UdeskConfigurationHelper.m */,
				44A54FD51D3C75B7007BB08A /* UdeskDateFormatter.h */,
				44A54FD61D3C75B7007BB08A /* UdeskDateFormatter.m */,
				44A54FD71D3C75B7007BB08A /* UdeskFoundationMacro.h */,
				44A54FD81D3C75B7007BB08A /* UdeskGeneral.h */,
				44A54FD91D3C75B7007BB08A /* UdeskGeneral.m */,
				44A54FDA1D3C75B7007BB08A /* UdeskKeywordRegularParser.h */,
				44A54FDB1D3C75B7007BB08A /* UdeskKeywordRegularParser.m */,
				44A54FDC1D3C75B7007BB08A /* UdeskLabel.h */,
				44A54FDD1D3C75B7007BB08A /* UdeskLabel.m */,
				44A54FDE1D3C75B7007BB08A /* UdeskPaserdKeyword.h */,
				44A54FDF1D3C75B7007BB08A /* UdeskPaserdKeyword.m */,
				44A54FE01D3C75B7007BB08A /* UdeskPhotographyHelper.h */,
				44A54FE11D3C75B7007BB08A /* UdeskPhotographyHelper.m */,
				44A54FE21D3C75B7007BB08A /* UdeskReachability.h */,
				44A54FE31D3C75B7007BB08A /* UdeskReachability.m */,
				44A54FE41D3C75B7007BB08A /* UdeskTools.h */,
				44A54FE51D3C75B7007BB08A /* UdeskTools.m */,
				44A54FE61D3C75B7007BB08A /* UdeskTopAlertView.h */,
				44A54FE71D3C75B7007BB08A /* UdeskTopAlertView.m */,
				44A54FE81D3C75B7007BB08A /* UdeskUtils.h */,
				44A54FE91D3C75B7007BB08A /* UdeskUtils.m */,
				44A54FEA1D3C75B7007BB08A /* UdeskViewExt.h */,
				44A54FEB1D3C75B7007BB08A /* UdeskViewExt.m */,
				44A54FEC1D3C75B7007BB08A /* UdeskVoiceRecordHelper.h */,
				44A54FED1D3C75B7007BB08A /* UdeskVoiceRecordHelper.m */,
			);
			path = Common;
			sourceTree = "<group>";
		};
		44A54FEE1D3C75B7007BB08A /* Factorys */ = {
			isa = PBXGroup;
			children = (
				44A54FEF1D3C75B7007BB08A /* UdeskMessageBubbleFactory.h */,
				44A54FF01D3C75B7007BB08A /* UdeskMessageBubbleFactory.m */,
				44A54FF11D3C75B7007BB08A /* UdeskMessageVoiceFactory.h */,
				44A54FF21D3C75B7007BB08A /* UdeskMessageVoiceFactory.m */,
			);
			path = Factorys;
			sourceTree = "<group>";
		};
		44A54FF31D3C75B7007BB08A /* Vendor */ = {
			isa = PBXGroup;
			children = (
				44A54FF41D3C75B7007BB08A /* UDAlertController */,
				44A54FF71D3C75B7007BB08A /* UDHpple */,
				44A54FFE1D3C75B7007BB08A /* UDPhotoViewer */,
			);
			path = Vendor;
			sourceTree = "<group>";
		};
		44A54FF41D3C75B7007BB08A /* UDAlertController */ = {
			isa = PBXGroup;
			children = (
				44A54FF51D3C75B7007BB08A /* UdeskAlertController.h */,
				44A54FF61D3C75B7007BB08A /* UdeskAlertController.m */,
			);
			path = UDAlertController;
			sourceTree = "<group>";
		};
		44A54FF71D3C75B7007BB08A /* UDHpple */ = {
			isa = PBXGroup;
			children = (
				44A54FF81D3C75B7007BB08A /* UdeskHpple.h */,
				44A54FF91D3C75B7007BB08A /* UdeskHpple.m */,
				44A54FFA1D3C75B7007BB08A /* UdeskHppleElement.h */,
				44A54FFB1D3C75B7007BB08A /* UdeskHppleElement.m */,
				44A54FFC1D3C75B7007BB08A /* UdeskXPathQuery.h */,
				44A54FFD1D3C75B7007BB08A /* UdeskXPathQuery.m */,
			);
			path = UDHpple;
			sourceTree = "<group>";
		};
		44A54FFE1D3C75B7007BB08A /* UDPhotoViewer */ = {
			isa = PBXGroup;
			children = (
				44A54FFF1D3C75B7007BB08A /* UdeskOneScrollView.h */,
				44A550001D3C75B7007BB08A /* UdeskOneScrollView.m */,
				44A550011D3C75B7007BB08A /* UdeskPhotoManeger.h */,
				44A550021D3C75B7007BB08A /* UdeskPhotoManeger.m */,
				44A550031D3C75B7007BB08A /* UdeskPhotoView.h */,
				44A550041D3C75B7007BB08A /* UdeskPhotoView.m */,
			);
			path = UDPhotoViewer;
			sourceTree = "<group>";
		};
		44C3A0531C93ADCE004BDB2B = {
			isa = PBXGroup;
			children = (
				44C3A07C1C93AE11004BDB2B /* libz.tbd */,
				448CD8911C979EE40049DE3F /* libxml2.tbd */,
				44C3A0781C93AE05004BDB2B /* libresolv.tbd */,
				44C3A0761C93ADFF004BDB2B /* libsqlite3.tbd */,
				44C3A1BB1C93AF51004BDB2B /* UdeskSDK */,
				44C3A05E1C93ADCE004BDB2B /* UdeskSDKExample */,
				44C3A05D1C93ADCE004BDB2B /* Products */,
			);
			sourceTree = "<group>";
		};
		44C3A05D1C93ADCE004BDB2B /* Products */ = {
			isa = PBXGroup;
			children = (
				44C3A05C1C93ADCE004BDB2B /* UdeskSDKExample.app */,
			);
			name = Products;
			sourceTree = "<group>";
		};
		44C3A05E1C93ADCE004BDB2B /* UdeskSDKExample */ = {
			isa = PBXGroup;
			children = (
				4440A1AC1C9A8DD400610BA8 /* udesk.jpg */,
				44C3A0621C93ADCE004BDB2B /* AppDelegate.h */,
				44C3A0631C93ADCE004BDB2B /* AppDelegate.m */,
				44C3A0651C93ADCE004BDB2B /* ViewController.h */,
				44C3A0661C93ADCE004BDB2B /* ViewController.m */,
				4440A1A91C9A829400610BA8 /* UdeskTableViewController.h */,
				4440A1AA1C9A829400610BA8 /* UdeskTableViewController.m */,
				44C3A0681C93ADCE004BDB2B /* Main.storyboard */,
				44C3A06B1C93ADCE004BDB2B /* Assets.xcassets */,
				44C3A06D1C93ADCE004BDB2B /* LaunchScreen.storyboard */,
				44C3A0701C93ADCE004BDB2B /* Info.plist */,
				44C3A05F1C93ADCE004BDB2B /* Supporting Files */,
			);
			path = UdeskSDKExample;
			sourceTree = "<group>";
		};
		44C3A05F1C93ADCE004BDB2B /* Supporting Files */ = {
			isa = PBXGroup;
			children = (
				44C3A0601C93ADCE004BDB2B /* main.m */,
			);
			name = "Supporting Files";
			sourceTree = "<group>";
		};
		44C3A1BB1C93AF51004BDB2B /* UdeskSDK */ = {
			isa = PBXGroup;
			children = (
				44A54F7E1D3C75B7007BB08A /* UDChatMessage */,
				4442982E1D029CFC003DD77B /* Resource */,
				44C3A1BE1C93AF51004BDB2B /* SDK */,
			);
			name = UdeskSDK;
			path = ../UdeskSDK;
			sourceTree = "<group>";
		};
		44C3A1BE1C93AF51004BDB2B /* SDK */ = {
			isa = PBXGroup;
			children = (
				44A5503C1D3C761D007BB08A /* libUdesk.a */,
				44CE919D1D29FF50000790F2 /* UdeskManager.h */,
				44CE919E1D29FF50000790F2 /* UdeskMessage.h */,
			);
			path = SDK;
			sourceTree = "<group>";
		};
/* End PBXGroup section */

/* Begin PBXNativeTarget section */
		44C3A05B1C93ADCE004BDB2B /* UdeskSDKExample */ = {
			isa = PBXNativeTarget;
			buildConfigurationList = 44C3A0731C93ADCE004BDB2B /* Build configuration list for PBXNativeTarget "UdeskSDKExample" */;
			buildPhases = (
				44C3A0581C93ADCE004BDB2B /* Sources */,
				44C3A0591C93ADCE004BDB2B /* Frameworks */,
				44C3A05A1C93ADCE004BDB2B /* Resources */,
			);
			buildRules = (
			);
			dependencies = (
			);
			name = UdeskSDKExample;
			productName = UdeskSDKExample;
			productReference = 44C3A05C1C93ADCE004BDB2B /* UdeskSDKExample.app */;
			productType = "com.apple.product-type.application";
		};
/* End PBXNativeTarget section */

/* Begin PBXProject section */
		44C3A0541C93ADCE004BDB2B /* Project object */ = {
			isa = PBXProject;
			attributes = {
				LastUpgradeCheck = 0720;
				ORGANIZATIONNAME = xuchen;
				TargetAttributes = {
					44C3A05B1C93ADCE004BDB2B = {
						CreatedOnToolsVersion = 7.2.1;
						DevelopmentTeam = 3DAML2Y2PL;
					};
				};
			};
			buildConfigurationList = 44C3A0571C93ADCE004BDB2B /* Build configuration list for PBXProject "UdeskSDKExample" */;
			compatibilityVersion = "Xcode 3.2";
			developmentRegion = English;
			hasScannedForEncodings = 0;
			knownRegions = (
				en,
				Base,
			);
			mainGroup = 44C3A0531C93ADCE004BDB2B;
			productRefGroup = 44C3A05D1C93ADCE004BDB2B /* Products */;
			projectDirPath = "";
			projectRoot = "";
			targets = (
				44C3A05B1C93ADCE004BDB2B /* UdeskSDKExample */,
			);
		};
/* End PBXProject section */

/* Begin PBXResourcesBuildPhase section */
		44C3A05A1C93ADCE004BDB2B /* Resources */ = {
			isa = PBXResourcesBuildPhase;
			buildActionMask = 2147483647;
			files = (
				44C3A06F1C93ADCE004BDB2B /* LaunchScreen.storyboard in Resources */,
				44C3A06C1C93ADCE004BDB2B /* Assets.xcassets in Resources */,
				44CE926B1D2A0648000790F2 /* UdeskBundle.bundle in Resources */,
				44C3A06A1C93ADCE004BDB2B /* Main.storyboard in Resources */,
				4440A1AD1C9A8DD400610BA8 /* udesk.jpg in Resources */,
			);
			runOnlyForDeploymentPostprocessing = 0;
		};
/* End PBXResourcesBuildPhase section */

/* Begin PBXSourcesBuildPhase section */
		44C3A0581C93ADCE004BDB2B /* Sources */ = {
			isa = PBXSourcesBuildPhase;
			buildActionMask = 2147483647;
			files = (
				44A550201D3C75B7007BB08A /* UIImage+UdeskSDK.m in Sources */,
				44A5500E1D3C75B7007BB08A /* UdeskRobotIMViewController.m in Sources */,
				44A550111D3C75B7007BB08A /* UdeskAgentMenuModel.m in Sources */,
				44A550221D3C75B7007BB08A /* UIViewController+UdeskKeyboardAnimation.m in Sources */,
				44A550241D3C75B7007BB08A /* UdeskBaseModel.m in Sources */,
				44A5501A1D3C75B7007BB08A /* UdeskMessageInputView.m in Sources */,
				44A5500B1D3C75B7007BB08A /* UdeskProblemModel.m in Sources */,
				44A5503A1D3C75B7007BB08A /* UdeskPhotoManeger.m in Sources */,
				44A550151D3C75B7007BB08A /* UdeskAgentStatusView.m in Sources */,
				44A5500C1D3C75B7007BB08A /* UdeskAgentNavigationMenu.m in Sources */,
				44A550381D3C75B7007BB08A /* UdeskXPathQuery.m in Sources */,
				44A5500F1D3C75B7007BB08A /* UdeskTicketViewController.m in Sources */,
				44A550321D3C75B7007BB08A /* UdeskVoiceRecordHelper.m in Sources */,
				44A550281D3C75B7007BB08A /* UdeskGeneral.m in Sources */,
				44A5502D1D3C75B7007BB08A /* UdeskReachability.m in Sources */,
				44A550101D3C75B7007BB08A /* UdeskAgentHttpData.m in Sources */,
				44A550161D3C75B7007BB08A /* UdeskMessageContentView.m in Sources */,
				44A5500A1D3C75B7007BB08A /* UdeskSearchController.m in Sources */,
				44A5501B1D3C75B7007BB08A /* UdeskMessageTextView.m in Sources */,
				44A5500D1D3C75B7007BB08A /* UdeskChatViewController.m in Sources */,
				44A5501F1D3C75B7007BB08A /* NSTimer+UdeskSDK.m in Sources */,
				44A5502F1D3C75B7007BB08A /* UdeskTopAlertView.m in Sources */,
				44A550341D3C75B7007BB08A /* UdeskMessageVoiceFactory.m in Sources */,
				44A550171D3C75B7007BB08A /* UdeskMessageTableView.m in Sources */,
				44A550081D3C75B7007BB08A /* UdeskContentController.m in Sources */,
				44A550371D3C75B7007BB08A /* UdeskHppleElement.m in Sources */,
				4440A1AB1C9A829400610BA8 /* UdeskTableViewController.m in Sources */,
				44A5503B1D3C75B7007BB08A /* UdeskPhotoView.m in Sources */,
				44A550261D3C75B7007BB08A /* UdeskConfigurationHelper.m in Sources */,
				44A5502A1D3C75B7007BB08A /* UdeskLabel.m in Sources */,
				44C3A0671C93ADCE004BDB2B /* ViewController.m in Sources */,
				44A550301D3C75B7007BB08A /* UdeskUtils.m in Sources */,
				44A550391D3C75B7007BB08A /* UdeskOneScrollView.m in Sources */,
				44A550211D3C75B7007BB08A /* UIViewController+UdeskBackButtonHandler.m in Sources */,
				44A550271D3C75B7007BB08A /* UdeskDateFormatter.m in Sources */,
				44A5501E1D3C75B7007BB08A /* NSArray+UdeskSDK.m in Sources */,
				44A550331D3C75B7007BB08A /* UdeskMessageBubbleFactory.m in Sources */,
				44A550231D3C75B7007BB08A /* UdeskAudioPlayerHelper.m in Sources */,
				44A550121D3C75B7007BB08A /* UdeskAgentModel.m in Sources */,
				44A5502E1D3C75B7007BB08A /* UdeskTools.m in Sources */,
				44A550311D3C75B7007BB08A /* UdeskViewExt.m in Sources */,
				44C3A0641C93ADCE004BDB2B /* AppDelegate.m in Sources */,
				44A550191D3C75B7007BB08A /* UdeskEmotionManagerView.m in Sources */,
				44A550071D3C75B7007BB08A /* UdeskNavigationView.m in Sources */,
				44A5501D1D3C75B7007BB08A /* UdeskProductView.m in Sources */,
				44A550181D3C75B7007BB08A /* UdeskMessageTableViewCell.m in Sources */,
				44A550251D3C75B7007BB08A /* UdeskConfig.m in Sources */,
				44C3A0611C93ADCE004BDB2B /* main.m in Sources */,
				44A550091D3C75B7007BB08A /* UdeskFAQViewController.m in Sources */,
				44A550061D3C75B7007BB08A /* UdeskBaseViewController.m in Sources */,
				44A5501C1D3C75B7007BB08A /* UdeskVoiceRecordHUD.m in Sources */,
				44A550361D3C75B7007BB08A /* UdeskHpple.m in Sources */,
				44A550291D3C75B7007BB08A /* UdeskKeywordRegularParser.m in Sources */,
				44A550141D3C75B7007BB08A /* UdeskChatViewModel.m in Sources */,
				44A550351D3C75B7007BB08A /* UdeskAlertController.m in Sources */,
				44A5502B1D3C75B7007BB08A /* UdeskPaserdKeyword.m in Sources */,
				44A5502C1D3C75B7007BB08A /* UdeskPhotographyHelper.m in Sources */,
			);
			runOnlyForDeploymentPostprocessing = 0;
		};
/* End PBXSourcesBuildPhase section */

/* Begin PBXVariantGroup section */
		44C3A0681C93ADCE004BDB2B /* Main.storyboard */ = {
			isa = PBXVariantGroup;
			children = (
				44C3A0691C93ADCE004BDB2B /* Base */,
			);
			name = Main.storyboard;
			sourceTree = "<group>";
		};
		44C3A06D1C93ADCE004BDB2B /* LaunchScreen.storyboard */ = {
			isa = PBXVariantGroup;
			children = (
				44C3A06E1C93ADCE004BDB2B /* Base */,
			);
			name = LaunchScreen.storyboard;
			sourceTree = "<group>";
		};
/* End PBXVariantGroup section */

/* Begin XCBuildConfiguration section */
		44C3A0711C93ADCE004BDB2B /* Debug */ = {
			isa = XCBuildConfiguration;
			buildSettings = {
				ALWAYS_SEARCH_USER_PATHS = NO;
				CLANG_CXX_LANGUAGE_STANDARD = "gnu++0x";
				CLANG_CXX_LIBRARY = "libc++";
				CLANG_ENABLE_MODULES = YES;
				CLANG_ENABLE_OBJC_ARC = YES;
				CLANG_WARN_BOOL_CONVERSION = YES;
				CLANG_WARN_CONSTANT_CONVERSION = YES;
				CLANG_WARN_DIRECT_OBJC_ISA_USAGE = YES_ERROR;
				CLANG_WARN_EMPTY_BODY = YES;
				CLANG_WARN_ENUM_CONVERSION = YES;
				CLANG_WARN_INT_CONVERSION = YES;
				CLANG_WARN_OBJC_ROOT_CLASS = YES_ERROR;
				CLANG_WARN_UNREACHABLE_CODE = YES;
				CLANG_WARN__DUPLICATE_METHOD_MATCH = YES;
				CODE_SIGN_IDENTITY = "iPhone Developer: Lipeng Xiao (ZWGRWPKARH)";
				"CODE_SIGN_IDENTITY[sdk=iphoneos*]" = "iPhone Developer: Lipeng Xiao (ZWGRWPKARH)";
				COPY_PHASE_STRIP = NO;
				DEBUG_INFORMATION_FORMAT = dwarf;
				ENABLE_STRICT_OBJC_MSGSEND = YES;
				ENABLE_TESTABILITY = YES;
				GCC_C_LANGUAGE_STANDARD = gnu99;
				GCC_DYNAMIC_NO_PIC = NO;
				GCC_NO_COMMON_BLOCKS = YES;
				GCC_OPTIMIZATION_LEVEL = 0;
				GCC_PREPROCESSOR_DEFINITIONS = (
					"DEBUG=1",
					"$(inherited)",
				);
				GCC_WARN_64_TO_32_BIT_CONVERSION = YES;
				GCC_WARN_ABOUT_RETURN_TYPE = YES_ERROR;
				GCC_WARN_UNDECLARED_SELECTOR = YES;
				GCC_WARN_UNINITIALIZED_AUTOS = YES_AGGRESSIVE;
				GCC_WARN_UNUSED_FUNCTION = YES;
				GCC_WARN_UNUSED_VARIABLE = YES;
				IPHONEOS_DEPLOYMENT_TARGET = 6.0;
				MTL_ENABLE_DEBUG_INFO = YES;
				ONLY_ACTIVE_ARCH = YES;
				PROVISIONING_PROFILE = "0b94a6d6-558a-4ee7-99ed-ea5fa1c1586c";
				SDKROOT = iphoneos;
				TARGETED_DEVICE_FAMILY = "1,2";
			};
			name = Debug;
		};
		44C3A0721C93ADCE004BDB2B /* Release */ = {
			isa = XCBuildConfiguration;
			buildSettings = {
				ALWAYS_SEARCH_USER_PATHS = NO;
				CLANG_CXX_LANGUAGE_STANDARD = "gnu++0x";
				CLANG_CXX_LIBRARY = "libc++";
				CLANG_ENABLE_MODULES = YES;
				CLANG_ENABLE_OBJC_ARC = YES;
				CLANG_WARN_BOOL_CONVERSION = YES;
				CLANG_WARN_CONSTANT_CONVERSION = YES;
				CLANG_WARN_DIRECT_OBJC_ISA_USAGE = YES_ERROR;
				CLANG_WARN_EMPTY_BODY = YES;
				CLANG_WARN_ENUM_CONVERSION = YES;
				CLANG_WARN_INT_CONVERSION = YES;
				CLANG_WARN_OBJC_ROOT_CLASS = YES_ERROR;
				CLANG_WARN_UNREACHABLE_CODE = YES;
				CLANG_WARN__DUPLICATE_METHOD_MATCH = YES;
				CODE_SIGN_IDENTITY = "iPhone Developer: Lipeng Xiao (ZWGRWPKARH)";
				"CODE_SIGN_IDENTITY[sdk=iphoneos*]" = "iPhone Developer: Lipeng Xiao (ZWGRWPKARH)";
				COPY_PHASE_STRIP = NO;
				DEBUG_INFORMATION_FORMAT = "dwarf-with-dsym";
				ENABLE_NS_ASSERTIONS = NO;
				ENABLE_STRICT_OBJC_MSGSEND = YES;
				GCC_C_LANGUAGE_STANDARD = gnu99;
				GCC_NO_COMMON_BLOCKS = YES;
				GCC_WARN_64_TO_32_BIT_CONVERSION = YES;
				GCC_WARN_ABOUT_RETURN_TYPE = YES_ERROR;
				GCC_WARN_UNDECLARED_SELECTOR = YES;
				GCC_WARN_UNINITIALIZED_AUTOS = YES_AGGRESSIVE;
				GCC_WARN_UNUSED_FUNCTION = YES;
				GCC_WARN_UNUSED_VARIABLE = YES;
				IPHONEOS_DEPLOYMENT_TARGET = 6.0;
				MTL_ENABLE_DEBUG_INFO = NO;
				PROVISIONING_PROFILE = "0b94a6d6-558a-4ee7-99ed-ea5fa1c1586c";
				SDKROOT = iphoneos;
				TARGETED_DEVICE_FAMILY = "1,2";
				VALIDATE_PRODUCT = YES;
			};
			name = Release;
		};
		44C3A0741C93ADCE004BDB2B /* Debug */ = {
			isa = XCBuildConfiguration;
			buildSettings = {
				ASSETCATALOG_COMPILER_APPICON_NAME = AppIcon;
				CLANG_ENABLE_OBJC_ARC = YES;
				CODE_SIGN_IDENTITY = "iPhone Developer: Lipeng Xiao (ZWGRWPKARH)";
				"CODE_SIGN_IDENTITY[sdk=iphoneos*]" = "iPhone Developer: Lipeng Xiao (ZWGRWPKARH)";
				GCC_PREFIX_HEADER = "";
				HEADER_SEARCH_PATHS = /usr/include/libxml2;
				INFOPLIST_FILE = UdeskSDKExample/Info.plist;
				IPHONEOS_DEPLOYMENT_TARGET = 6.0;
				LD_RUNPATH_SEARCH_PATHS = "$(inherited) @executable_path/Frameworks";
				LIBRARY_SEARCH_PATHS = (
					"$(inherited)",
					"\"$(SRCROOT)/../UdeskSDK/SDK\"",
				);
				OTHER_LDFLAGS = (
					"-lxml2",
					"-ObjC",
				);
				PRODUCT_BUNDLE_IDENTIFIER = com.udesk.udeskapp.demo;
				PRODUCT_NAME = "$(TARGET_NAME)";
				PROVISIONING_PROFILE = "0b94a6d6-558a-4ee7-99ed-ea5fa1c1586c";
			};
			name = Debug;
		};
		44C3A0751C93ADCE004BDB2B /* Release */ = {
			isa = XCBuildConfiguration;
			buildSettings = {
				ASSETCATALOG_COMPILER_APPICON_NAME = AppIcon;
				CLANG_ENABLE_OBJC_ARC = YES;
				CODE_SIGN_IDENTITY = "iPhone Developer: Lipeng Xiao (ZWGRWPKARH)";
				"CODE_SIGN_IDENTITY[sdk=iphoneos*]" = "iPhone Developer: Lipeng Xiao (ZWGRWPKARH)";
				GCC_PREFIX_HEADER = "";
				HEADER_SEARCH_PATHS = /usr/include/libxml2;
				INFOPLIST_FILE = UdeskSDKExample/Info.plist;
				IPHONEOS_DEPLOYMENT_TARGET = 6.0;
				LD_RUNPATH_SEARCH_PATHS = "$(inherited) @executable_path/Frameworks";
				LIBRARY_SEARCH_PATHS = (
					"$(inherited)",
					"\"$(SRCROOT)/../UdeskSDK/SDK\"",
				);
				OTHER_LDFLAGS = (
					"-lxml2",
					"-ObjC",
				);
				PRODUCT_BUNDLE_IDENTIFIER = com.udesk.udeskapp.demo;
				PRODUCT_NAME = "$(TARGET_NAME)";
				PROVISIONING_PROFILE = "0b94a6d6-558a-4ee7-99ed-ea5fa1c1586c";
			};
			name = Release;
		};
/* End XCBuildConfiguration section */

/* Begin XCConfigurationList section */
		44C3A0571C93ADCE004BDB2B /* Build configuration list for PBXProject "UdeskSDKExample" */ = {
			isa = XCConfigurationList;
			buildConfigurations = (
				44C3A0711C93ADCE004BDB2B /* Debug */,
				44C3A0721C93ADCE004BDB2B /* Release */,
			);
			defaultConfigurationIsVisible = 0;
			defaultConfigurationName = Release;
		};
		44C3A0731C93ADCE004BDB2B /* Build configuration list for PBXNativeTarget "UdeskSDKExample" */ = {
			isa = XCConfigurationList;
			buildConfigurations = (
				44C3A0741C93ADCE004BDB2B /* Debug */,
				44C3A0751C93ADCE004BDB2B /* Release */,
			);
			defaultConfigurationIsVisible = 0;
			defaultConfigurationName = Release;
		};
/* End XCConfigurationList section */
	};
	rootObject = 44C3A0541C93ADCE004BDB2B /* Project object */;
}
